// !$*UTF8*$!
{
	archiveVersion = 1;
	classes = {
	};
	objectVersion = 46;
	objects = {

/* Begin PBXAggregateTarget section */
		19D5F1812E6F4684B6B5AFB3 /* ZERO_CHECK */ = {
			isa = PBXAggregateTarget;
			buildConfigurationList = 9C06A2FFFD7B41D09109A20D /* Build configuration list for PBXAggregateTarget "ZERO_CHECK" */;
			buildPhases = (
				D6FB35DDAE44AFC785D8C16D /* Generate CMakeFiles/ZERO_CHECK */,
			);
			dependencies = (
			);
			name = ZERO_CHECK;
			productName = ZERO_CHECK;
		};
		22F9D2B71F734E09A1883DD3 /* install */ = {
			isa = PBXAggregateTarget;
			buildConfigurationList = 4B981EC783394F3092E4E390 /* Build configuration list for PBXAggregateTarget "install" */;
			buildPhases = (
				93426DA6A4AC2C2AC9CE883C /* CMake PostBuild Rules */,
			);
			dependencies = (
				E02CB36A799B443086536EB8 /* PBXTargetDependency */,
			);
			name = install;
			productName = install;
		};
		B305C428D5674034BB1C385B /* ALL_BUILD */ = {
			isa = PBXAggregateTarget;
			buildConfigurationList = D6F130C6904B4FDCAE1C2C3E /* Build configuration list for PBXAggregateTarget "ALL_BUILD" */;
			buildPhases = (
				4684D8BE08F5E8B650054912 /* Generate CMakeFiles/ALL_BUILD */,
			);
			dependencies = (
				5911D58ED20148A78C210B4F /* PBXTargetDependency */,
				4DA9EFD34737408B91ED0DE2 /* PBXTargetDependency */,
				8D3B8E2246584AF995AEDDA9 /* PBXTargetDependency */,
				99EC22EC29304AA990170960 /* PBXTargetDependency */,
				6E01A131B42749D8ADCA03F7 /* PBXTargetDependency */,
			);
			name = ALL_BUILD;
			productName = ALL_BUILD;
		};
/* End PBXAggregateTarget section */

/* Begin PBXBuildFile section */
		1DFA8AE7D0634904968CDBBE /* /Users/liloualidor/Documents/IMAC/annee_2/C++/S3/Projet_prog_S3/googletest/googlemock/CMakeLists.txt */ = {isa = PBXBuildFile; fileRef = 44EE0293B2BF4D91B273946A /* /Users/liloualidor/Documents/IMAC/annee_2/C++/S3/Projet_prog_S3/googletest/googlemock/CMakeLists.txt */; };
		3CDDDB97ABF940C99AB7C611 /* /Users/liloualidor/Documents/IMAC/annee_2/C++/S3/Projet_prog_S3/googletest/googletest/CMakeLists.txt */ = {isa = PBXBuildFile; fileRef = 47C340E3B4B74898A0C70C65 /* /Users/liloualidor/Documents/IMAC/annee_2/C++/S3/Projet_prog_S3/googletest/googletest/CMakeLists.txt */; };
		3E8D2E5361C040F8879167AD /* /Users/liloualidor/Documents/IMAC/annee_2/C++/S3/Projet_prog_S3/googletest/googlemock/CMakeLists.txt */ = {isa = PBXBuildFile; fileRef = E180A2BE0E924ED091088183 /* /Users/liloualidor/Documents/IMAC/annee_2/C++/S3/Projet_prog_S3/googletest/googlemock/CMakeLists.txt */; };
		675642D6F030459ABA3135E2 /* /Users/liloualidor/Documents/IMAC/annee_2/C++/S3/Projet_prog_S3/googletest/googletest/CMakeLists.txt */ = {isa = PBXBuildFile; fileRef = 9F3894E86FF742CB993FC0FA /* /Users/liloualidor/Documents/IMAC/annee_2/C++/S3/Projet_prog_S3/googletest/googletest/CMakeLists.txt */; };
		B72D4B8EF55342E99BA7110F /* /Users/liloualidor/Documents/IMAC/annee_2/C++/S3/Projet_prog_S3/googletest/googlemock/src/gmock-all.cc */ = {isa = PBXBuildFile; fileRef = B84606DBD0C446AA8ECC9B22 /* /Users/liloualidor/Documents/IMAC/annee_2/C++/S3/Projet_prog_S3/googletest/googlemock/src/gmock-all.cc */; };
		BE88B7BFB4FA409D8E7490A0 /* /Users/liloualidor/Documents/IMAC/annee_2/C++/S3/Projet_prog_S3/googletest/googlemock/src/gmock_main.cc */ = {isa = PBXBuildFile; fileRef = C41B36B26E8D43E2B3DD8973 /* /Users/liloualidor/Documents/IMAC/annee_2/C++/S3/Projet_prog_S3/googletest/googlemock/src/gmock_main.cc */; };
		D1FD96A4CFC74C708010FB0B /* /Users/liloualidor/Documents/IMAC/annee_2/C++/S3/Projet_prog_S3/googletest/googletest/src/gtest-all.cc */ = {isa = PBXBuildFile; fileRef = 894F9228B0B5468BB7EAF22C /* /Users/liloualidor/Documents/IMAC/annee_2/C++/S3/Projet_prog_S3/googletest/googletest/src/gtest-all.cc */; };
		D2AC170A03D14F2F8B31B5F9 /* /Users/liloualidor/Documents/IMAC/annee_2/C++/S3/Projet_prog_S3/googletest/googletest/src/gtest_main.cc */ = {isa = PBXBuildFile; fileRef = 489ED1B7D8FF4EE1BCD2BB7A /* /Users/liloualidor/Documents/IMAC/annee_2/C++/S3/Projet_prog_S3/googletest/googletest/src/gtest_main.cc */; };
/* End PBXBuildFile section */

/* Begin PBXBuildStyle section */
		0151D3AE45C246068AE6814C /* Debug */ = {
			isa = PBXBuildStyle;
			buildSettings = {
				COPY_PHASE_STRIP = NO;
			};
			name = Debug;
		};
		1C97706CEE7A4E21BA4BD9C0 /* Release */ = {
			isa = PBXBuildStyle;
			buildSettings = {
				COPY_PHASE_STRIP = NO;
			};
			name = Release;
		};
		88B5BB9DAD254330AB9C2908 /* RelWithDebInfo */ = {
			isa = PBXBuildStyle;
			buildSettings = {
				COPY_PHASE_STRIP = NO;
			};
			name = RelWithDebInfo;
		};
		BE08B80277094176804C507B /* MinSizeRel */ = {
			isa = PBXBuildStyle;
			buildSettings = {
				COPY_PHASE_STRIP = NO;
			};
			name = MinSizeRel;
		};
/* End PBXBuildStyle section */

/* Begin PBXContainerItemProxy section */
		1230D8A6FA1949DFB4BCAC5F /* PBXContainerItemProxy */ = {
			isa = PBXContainerItemProxy;
			containerPortal = 998D4F05D31047D38A1A4F85 /* Project object */;
			proxyType = 1;
			remoteGlobalIDString = B305C428D5674034BB1C385B;
			remoteInfo = ALL_BUILD;
		};
		16E87A186E0D49DA981AB7F8 /* PBXContainerItemProxy */ = {
			isa = PBXContainerItemProxy;
			containerPortal = 998D4F05D31047D38A1A4F85 /* Project object */;
			proxyType = 1;
			remoteGlobalIDString = 545C2757DA884E39A3478345;
			remoteInfo = gtest;
		};
		3A0308298EB44345BCDE93E2 /* PBXContainerItemProxy */ = {
			isa = PBXContainerItemProxy;
			containerPortal = 998D4F05D31047D38A1A4F85 /* Project object */;
			proxyType = 1;
			remoteGlobalIDString = 545C2757DA884E39A3478345;
			remoteInfo = gtest;
		};
		557AB62937494C178810FED4 /* PBXContainerItemProxy */ = {
			isa = PBXContainerItemProxy;
			containerPortal = 998D4F05D31047D38A1A4F85 /* Project object */;
			proxyType = 1;
			remoteGlobalIDString = 545C2757DA884E39A3478345;
			remoteInfo = gtest;
		};
		5A5209602C934C32B7374BF2 /* PBXContainerItemProxy */ = {
			isa = PBXContainerItemProxy;
			containerPortal = 998D4F05D31047D38A1A4F85 /* Project object */;
			proxyType = 1;
			remoteGlobalIDString = C6619341921D4EA092DFB018;
			remoteInfo = gtest_main;
		};
		5FAADD930E7F40ECAC9DF2DB /* PBXContainerItemProxy */ = {
			isa = PBXContainerItemProxy;
			containerPortal = 998D4F05D31047D38A1A4F85 /* Project object */;
			proxyType = 1;
			remoteGlobalIDString = BEDF61EE96F246FF84C8890C;
			remoteInfo = gmock;
		};
		66D395B25B04445AACEED7BA /* PBXContainerItemProxy */ = {
			isa = PBXContainerItemProxy;
			containerPortal = 998D4F05D31047D38A1A4F85 /* Project object */;
			proxyType = 1;
			remoteGlobalIDString = 19D5F1812E6F4684B6B5AFB3;
			remoteInfo = ZERO_CHECK;
		};
		699EF48A92C6460DAC2C7B0E /* PBXContainerItemProxy */ = {
			isa = PBXContainerItemProxy;
			containerPortal = 998D4F05D31047D38A1A4F85 /* Project object */;
			proxyType = 1;
			remoteGlobalIDString = A6996AAD2EE84FBD909A9FEA;
			remoteInfo = gmock_main;
		};
		D175EF7C1DA844FB9B827B22 /* PBXContainerItemProxy */ = {
			isa = PBXContainerItemProxy;
			containerPortal = 998D4F05D31047D38A1A4F85 /* Project object */;
			proxyType = 1;
			remoteGlobalIDString = 19D5F1812E6F4684B6B5AFB3;
			remoteInfo = ZERO_CHECK;
		};
		EA37342518EC43948187EE5E /* PBXContainerItemProxy */ = {
			isa = PBXContainerItemProxy;
			containerPortal = 998D4F05D31047D38A1A4F85 /* Project object */;
			proxyType = 1;
			remoteGlobalIDString = 19D5F1812E6F4684B6B5AFB3;
			remoteInfo = ZERO_CHECK;
		};
		ED3497BACE934C9CB362B818 /* PBXContainerItemProxy */ = {
			isa = PBXContainerItemProxy;
			containerPortal = 998D4F05D31047D38A1A4F85 /* Project object */;
			proxyType = 1;
			remoteGlobalIDString = 545C2757DA884E39A3478345;
			remoteInfo = gtest;
		};
		FF44164FFA79405B884DB7BE /* PBXContainerItemProxy */ = {
			isa = PBXContainerItemProxy;
			containerPortal = 998D4F05D31047D38A1A4F85 /* Project object */;
			proxyType = 1;
			remoteGlobalIDString = BEDF61EE96F246FF84C8890C;
			remoteInfo = gmock;
		};
/* End PBXContainerItemProxy section */

/* Begin PBXFileReference section */
		077AD4350A774436988C2289 /* gtest_main */ = {isa = PBXFileReference; explicitFileType = archive.ar; path = libgtest_maind.a; sourceTree = BUILT_PRODUCTS_DIR; };
		3C5CE551D94C46258C5ABD35 /* gmock_main */ = {isa = PBXFileReference; explicitFileType = archive.ar; path = libgmock_maind.a; sourceTree = BUILT_PRODUCTS_DIR; };
		44EE0293B2BF4D91B273946A /* /Users/liloualidor/Documents/IMAC/annee_2/C++/S3/Projet_prog_S3/googletest/googlemock/CMakeLists.txt */ = {isa = PBXFileReference; explicitFileType = sourcecode.text; fileEncoding = 4; name = CMakeLists.txt; path = CMakeLists.txt; sourceTree = SOURCE_ROOT; };
		47C340E3B4B74898A0C70C65 /* /Users/liloualidor/Documents/IMAC/annee_2/C++/S3/Projet_prog_S3/googletest/googletest/CMakeLists.txt */ = {isa = PBXFileReference; explicitFileType = sourcecode.text; fileEncoding = 4; name = CMakeLists.txt; path = "/Users/liloualidor/Documents/IMAC/annee_2/C++/S3/Projet_prog_S3/googletest/googletest/CMakeLists.txt"; sourceTree = "<absolute>"; };
		489ED1B7D8FF4EE1BCD2BB7A /* /Users/liloualidor/Documents/IMAC/annee_2/C++/S3/Projet_prog_S3/googletest/googletest/src/gtest_main.cc */ = {isa = PBXFileReference; explicitFileType = sourcecode.cpp.cpp; fileEncoding = 4; name = gtest_main.cc; path = "/Users/liloualidor/Documents/IMAC/annee_2/C++/S3/Projet_prog_S3/googletest/googletest/src/gtest_main.cc"; sourceTree = "<absolute>"; };
		868D82F453FA4D61BFCF0774 /* gmock */ = {isa = PBXFileReference; explicitFileType = archive.ar; path = libgmockd.a; sourceTree = BUILT_PRODUCTS_DIR; };
		894F9228B0B5468BB7EAF22C /* /Users/liloualidor/Documents/IMAC/annee_2/C++/S3/Projet_prog_S3/googletest/googletest/src/gtest-all.cc */ = {isa = PBXFileReference; explicitFileType = sourcecode.cpp.cpp; fileEncoding = 4; name = "gtest-all.cc"; path = "/Users/liloualidor/Documents/IMAC/annee_2/C++/S3/Projet_prog_S3/googletest/googletest/src/gtest-all.cc"; sourceTree = "<absolute>"; };
		9F3894E86FF742CB993FC0FA /* /Users/liloualidor/Documents/IMAC/annee_2/C++/S3/Projet_prog_S3/googletest/googletest/CMakeLists.txt */ = {isa = PBXFileReference; explicitFileType = sourcecode.text; fileEncoding = 4; name = CMakeLists.txt; path = "/Users/liloualidor/Documents/IMAC/annee_2/C++/S3/Projet_prog_S3/googletest/googletest/CMakeLists.txt"; sourceTree = "<absolute>"; };
		B84606DBD0C446AA8ECC9B22 /* /Users/liloualidor/Documents/IMAC/annee_2/C++/S3/Projet_prog_S3/googletest/googlemock/src/gmock-all.cc */ = {isa = PBXFileReference; explicitFileType = sourcecode.cpp.cpp; fileEncoding = 4; name = "gmock-all.cc"; path = "src/gmock-all.cc"; sourceTree = SOURCE_ROOT; };
		C41B36B26E8D43E2B3DD8973 /* /Users/liloualidor/Documents/IMAC/annee_2/C++/S3/Projet_prog_S3/googletest/googlemock/src/gmock_main.cc */ = {isa = PBXFileReference; explicitFileType = sourcecode.cpp.cpp; fileEncoding = 4; name = gmock_main.cc; path = src/gmock_main.cc; sourceTree = SOURCE_ROOT; };
		D2A2EE3653F34E9F8329E062 /* /Users/liloualidor/Documents/IMAC/annee_2/C++/S3/Projet_prog_S3/googletest/googlemock/CMakeLists.txt */ = {isa = PBXFileReference; explicitFileType = sourcecode.text; fileEncoding = 4; name = CMakeLists.txt; path = CMakeLists.txt; sourceTree = SOURCE_ROOT; };
		DF51D59702BC4F70A4E9F220 /* gtest */ = {isa = PBXFileReference; explicitFileType = archive.ar; path = libgtestd.a; sourceTree = BUILT_PRODUCTS_DIR; };
		E180A2BE0E924ED091088183 /* /Users/liloualidor/Documents/IMAC/annee_2/C++/S3/Projet_prog_S3/googletest/googlemock/CMakeLists.txt */ = {isa = PBXFileReference; explicitFileType = sourcecode.text; fileEncoding = 4; name = CMakeLists.txt; path = CMakeLists.txt; sourceTree = SOURCE_ROOT; };
/* End PBXFileReference section */

/* Begin PBXFrameworksBuildPhase section */
		67BE7C98EB894EAEBEDB997A /* Frameworks */ = {
			isa = PBXFrameworksBuildPhase;
			buildActionMask = 2147483647;
			files = (
			);
			runOnlyForDeploymentPostprocessing = 0;
		};
		85C620E7FBAB4C91B45A1C00 /* Frameworks */ = {
			isa = PBXFrameworksBuildPhase;
			buildActionMask = 2147483647;
			files = (
			);
			runOnlyForDeploymentPostprocessing = 0;
		};
		8F874E5D878D4C5CB3F03D11 /* Frameworks */ = {
			isa = PBXFrameworksBuildPhase;
			buildActionMask = 2147483647;
			files = (
			);
			runOnlyForDeploymentPostprocessing = 0;
		};
		E59AA188FFE14F2D951E4964 /* Frameworks */ = {
			isa = PBXFrameworksBuildPhase;
			buildActionMask = 2147483647;
			files = (
			);
			runOnlyForDeploymentPostprocessing = 0;
		};
/* End PBXFrameworksBuildPhase section */

/* Begin PBXGroup section */
		24E0BA19EABB40A298F8E4AA /* Frameworks */ = {
			isa = PBXGroup;
			children = (
			);
			name = Frameworks;
			sourceTree = "<group>";
		};
		4607C2B691634F1CB0D5DE55 /* Products */ = {
			isa = PBXGroup;
			children = (
				868D82F453FA4D61BFCF0774 /* gmock */,
				3C5CE551D94C46258C5ABD35 /* gmock_main */,
				DF51D59702BC4F70A4E9F220 /* gtest */,
				077AD4350A774436988C2289 /* gtest_main */,
			);
			name = Products;
			sourceTree = "<group>";
		};
		667C964DC1E44ABEB9E20717 /* gtest_main */ = {
			isa = PBXGroup;
			children = (
				F9CE988FCD6A4C3AA95A1846 /* Source Files */,
				9F3894E86FF742CB993FC0FA /* /Users/liloualidor/Documents/IMAC/annee_2/C++/S3/Projet_prog_S3/googletest/googletest/CMakeLists.txt */,
			);
			name = gtest_main;
			sourceTree = "<group>";
		};
		6802C7632B40445AA25C8ACE /* Source Files */ = {
			isa = PBXGroup;
			children = (
				B84606DBD0C446AA8ECC9B22 /* /Users/liloualidor/Documents/IMAC/annee_2/C++/S3/Projet_prog_S3/googletest/googlemock/src/gmock-all.cc */,
			);
			name = "Source Files";
			sourceTree = "<group>";
		};
		8A03197E565047828ED066FB /* CMake Rules */ = {
			isa = PBXGroup;
			children = (
			);
			name = "CMake Rules";
			sourceTree = "<group>";
		};
		91E53A78CEC6490DB3B356E0 /* gmock */ = {
			isa = PBXGroup;
			children = (
				6802C7632B40445AA25C8ACE /* Source Files */,
				44EE0293B2BF4D91B273946A /* /Users/liloualidor/Documents/IMAC/annee_2/C++/S3/Projet_prog_S3/googletest/googlemock/CMakeLists.txt */,
			);
			name = gmock;
			sourceTree = "<group>";
		};
		AAE6E657B6924B489D184288 /* Source Files */ = {
			isa = PBXGroup;
			children = (
				894F9228B0B5468BB7EAF22C /* /Users/liloualidor/Documents/IMAC/annee_2/C++/S3/Projet_prog_S3/googletest/googletest/src/gtest-all.cc */,
			);
			name = "Source Files";
			sourceTree = "<group>";
		};
		E1639E5B1AD8481AABEB24A6 /* gmock_main */ = {
			isa = PBXGroup;
			children = (
				F663BD5006D14E0DB486EC12 /* Source Files */,
				E180A2BE0E924ED091088183 /* /Users/liloualidor/Documents/IMAC/annee_2/C++/S3/Projet_prog_S3/googletest/googlemock/CMakeLists.txt */,
			);
			name = gmock_main;
			sourceTree = "<group>";
		};
		E44B9E1527EC4A0A9CE25452 /* gtest */ = {
			isa = PBXGroup;
			children = (
				AAE6E657B6924B489D184288 /* Source Files */,
				47C340E3B4B74898A0C70C65 /* /Users/liloualidor/Documents/IMAC/annee_2/C++/S3/Projet_prog_S3/googletest/googletest/CMakeLists.txt */,
			);
			name = gtest;
			sourceTree = "<group>";
		};
		E48798C51C4442CAB5196F7F /* ALL_BUILD */ = {
			isa = PBXGroup;
			children = (
				8A03197E565047828ED066FB /* CMake Rules */,
				D2A2EE3653F34E9F8329E062 /* /Users/liloualidor/Documents/IMAC/annee_2/C++/S3/Projet_prog_S3/googletest/googlemock/CMakeLists.txt */,
			);
			name = ALL_BUILD;
			sourceTree = "<group>";
		};
		EC5514BA1454419A9AA7C958 = {
			isa = PBXGroup;
			children = (
				91E53A78CEC6490DB3B356E0 /* gmock */,
				E1639E5B1AD8481AABEB24A6 /* gmock_main */,
				E48798C51C4442CAB5196F7F /* ALL_BUILD */,
				E44B9E1527EC4A0A9CE25452 /* gtest */,
				667C964DC1E44ABEB9E20717 /* gtest_main */,
				4607C2B691634F1CB0D5DE55 /* Products */,
				24E0BA19EABB40A298F8E4AA /* Frameworks */,
			);
			sourceTree = "<group>";
		};
		F663BD5006D14E0DB486EC12 /* Source Files */ = {
			isa = PBXGroup;
			children = (
				C41B36B26E8D43E2B3DD8973 /* /Users/liloualidor/Documents/IMAC/annee_2/C++/S3/Projet_prog_S3/googletest/googlemock/src/gmock_main.cc */,
			);
			name = "Source Files";
			sourceTree = "<group>";
		};
		F9CE988FCD6A4C3AA95A1846 /* Source Files */ = {
			isa = PBXGroup;
			children = (
				489ED1B7D8FF4EE1BCD2BB7A /* /Users/liloualidor/Documents/IMAC/annee_2/C++/S3/Projet_prog_S3/googletest/googletest/src/gtest_main.cc */,
			);
			name = "Source Files";
			sourceTree = "<group>";
		};
/* End PBXGroup section */

/* Begin PBXNativeTarget section */
		545C2757DA884E39A3478345 /* gtest */ = {
			isa = PBXNativeTarget;
			buildConfigurationList = 7D5A51E5689A415394AB55D7 /* Build configuration list for PBXNativeTarget "gtest" */;
			buildPhases = (
				9D164F1B486D4ABFA67DF7CC /* Sources */,
				E59AA188FFE14F2D951E4964 /* Frameworks */,
			);
			buildRules = (
			);
			dependencies = (
			);
			name = gtest;
			productName = gtest;
			productReference = DF51D59702BC4F70A4E9F220 /* gtest */;
			productType = "com.apple.product-type.library.static";
		};
		A6996AAD2EE84FBD909A9FEA /* gmock_main */ = {
			isa = PBXNativeTarget;
			buildConfigurationList = 57AE081D684E4A04840A7A7B /* Build configuration list for PBXNativeTarget "gmock_main" */;
			buildPhases = (
				F981730235BD4EE09CFB1682 /* Sources */,
				67BE7C98EB894EAEBEDB997A /* Frameworks */,
			);
			buildRules = (
			);
			dependencies = (
				57FE3AAD581B4A318D9CAB79 /* PBXTargetDependency */,
				54E8C48CF872447695D70F09 /* PBXTargetDependency */,
				EA3E01D5FA20498DA9A9A18C /* PBXTargetDependency */,
			);
			name = gmock_main;
			productName = gmock_main;
			productReference = 3C5CE551D94C46258C5ABD35 /* gmock_main */;
			productType = "com.apple.product-type.library.static";
		};
		BEDF61EE96F246FF84C8890C /* gmock */ = {
			isa = PBXNativeTarget;
			buildConfigurationList = 05533E2033E9449790E41F15 /* Build configuration list for PBXNativeTarget "gmock" */;
			buildPhases = (
				6668ED72F9C449A68F1EF85A /* Sources */,
				8F874E5D878D4C5CB3F03D11 /* Frameworks */,
			);
			buildRules = (
			);
			dependencies = (
				390BEA75A77543BD9FC56273 /* PBXTargetDependency */,
				E2AD4CF7B2D441D0988074D5 /* PBXTargetDependency */,
			);
			name = gmock;
			productName = gmock;
			productReference = 868D82F453FA4D61BFCF0774 /* gmock */;
			productType = "com.apple.product-type.library.static";
		};
		C6619341921D4EA092DFB018 /* gtest_main */ = {
			isa = PBXNativeTarget;
			buildConfigurationList = A3E8D30E67DF409AA87130CE /* Build configuration list for PBXNativeTarget "gtest_main" */;
			buildPhases = (
				7009A4AC1DF9454C86FC71A1 /* Sources */,
				85C620E7FBAB4C91B45A1C00 /* Frameworks */,
			);
			buildRules = (
			);
			dependencies = (
				F1567EE33EA546D28DBA90D5 /* PBXTargetDependency */,
			);
			name = gtest_main;
			productName = gtest_main;
			productReference = 077AD4350A774436988C2289 /* gtest_main */;
			productType = "com.apple.product-type.library.static";
		};
/* End PBXNativeTarget section */

/* Begin PBXProject section */
		998D4F05D31047D38A1A4F85 /* Project object */ = {
			isa = PBXProject;
			attributes = {
				BuildIndependentTargetsInParallel = YES;
				LastUpgradeCheck = 1410;
			};
			buildConfigurationList = 2CD0B87563EF48989C1CCD8A /* Build configuration list for PBXProject "gmock" */;
			buildSettings = {
			};
			buildStyles = (
				0151D3AE45C246068AE6814C /* Debug */,
				1C97706CEE7A4E21BA4BD9C0 /* Release */,
				BE08B80277094176804C507B /* MinSizeRel */,
				88B5BB9DAD254330AB9C2908 /* RelWithDebInfo */,
			);
			compatibilityVersion = "Xcode 3.2";
			hasScannedForEncodings = 0;
			mainGroup = EC5514BA1454419A9AA7C958;
			projectDirPath = "/Users/liloualidor/Documents/IMAC/annee_2/C++/S3/Projet_prog_S3/googletest/googlemock";
			projectRoot = "";
			targets = (
				B305C428D5674034BB1C385B /* ALL_BUILD */,
				19D5F1812E6F4684B6B5AFB3 /* ZERO_CHECK */,
				BEDF61EE96F246FF84C8890C /* gmock */,
				A6996AAD2EE84FBD909A9FEA /* gmock_main */,
				545C2757DA884E39A3478345 /* gtest */,
				C6619341921D4EA092DFB018 /* gtest_main */,
				22F9D2B71F734E09A1883DD3 /* install */,
			);
		};
/* End PBXProject section */

/* Begin PBXShellScriptBuildPhase section */
		3C0110FC8322DE7E50886E21 = {
			isa = PBXShellScriptBuildPhase;
			buildActionMask = 2147483647;
			files = (
			);
			inputPaths = (
			);
			outputPaths = (
			);
			runOnlyForDeploymentPostprocessing = 0;
			shellPath = /bin/sh;
			shellScript = "# shell script goes here
exit 0";
			showEnvVarsInLog = 0;
		};
		4684D8BE08F5E8B650054912 /* Generate CMakeFiles/ALL_BUILD */ = {
			isa = PBXShellScriptBuildPhase;
			alwaysOutOfDate = 1;
			buildActionMask = 2147483647;
			files = (
			);
			inputPaths = (
			);
			name = "Generate CMakeFiles/ALL_BUILD";
			outputPaths = (
"/Users/liloualidor/Documents/IMAC/annee_2/C++/S3/Projet_prog_S3/build-xcode/googletest/googlemock/CMakeFiles/ALL_BUILD"			);
			runOnlyForDeploymentPostprocessing = 0;
			shellPath = /bin/sh;
			shellScript = "set -e
if test \"$CONFIGURATION\" = \"Debug\"; then :
  cd /Users/liloualidor/Documents/IMAC/annee_2/C++/S3/Projet_prog_S3/build-xcode/googletest/googlemock
  echo Build\\ all\\ projects
fi
if test \"$CONFIGURATION\" = \"Release\"; then :
  cd /Users/liloualidor/Documents/IMAC/annee_2/C++/S3/Projet_prog_S3/build-xcode/googletest/googlemock
  echo Build\\ all\\ projects
fi
if test \"$CONFIGURATION\" = \"MinSizeRel\"; then :
  cd /Users/liloualidor/Documents/IMAC/annee_2/C++/S3/Projet_prog_S3/build-xcode/googletest/googlemock
  echo Build\\ all\\ projects
fi
if test \"$CONFIGURATION\" = \"RelWithDebInfo\"; then :
  cd /Users/liloualidor/Documents/IMAC/annee_2/C++/S3/Projet_prog_S3/build-xcode/googletest/googlemock
  echo Build\\ all\\ projects
fi
";
			showEnvVarsInLog = 0;
		};
		87AF4882E018677E2624B544 = {
			isa = PBXShellScriptBuildPhase;
			buildActionMask = 2147483647;
			files = (
			);
			inputPaths = (
			);
			outputPaths = (
			);
			runOnlyForDeploymentPostprocessing = 0;
			shellPath = /bin/sh;
			shellScript = "# shell script goes here
exit 0";
			showEnvVarsInLog = 0;
		};
		93426DA6A4AC2C2AC9CE883C /* CMake PostBuild Rules */ = {
			isa = PBXShellScriptBuildPhase;
			alwaysOutOfDate = 1;
			buildActionMask = 2147483647;
			files = (
			);
			name = "CMake PostBuild Rules";
			outputPaths = (
			);
			runOnlyForDeploymentPostprocessing = 0;
			shellPath = /bin/sh;
			shellScript = "set -e
if test \"$CONFIGURATION\" = \"Debug\"; then :
  cd /Users/liloualidor/Documents/IMAC/annee_2/C++/S3/Projet_prog_S3/build-xcode/googletest/googlemock
  /opt/homebrew/Cellar/cmake/3.25.0/bin/cmake -DBUILD_TYPE=$CONFIGURATION$EFFECTIVE_PLATFORM_NAME -P cmake_install.cmake
fi
if test \"$CONFIGURATION\" = \"Release\"; then :
  cd /Users/liloualidor/Documents/IMAC/annee_2/C++/S3/Projet_prog_S3/build-xcode/googletest/googlemock
  /opt/homebrew/Cellar/cmake/3.25.0/bin/cmake -DBUILD_TYPE=$CONFIGURATION$EFFECTIVE_PLATFORM_NAME -P cmake_install.cmake
fi
if test \"$CONFIGURATION\" = \"MinSizeRel\"; then :
  cd /Users/liloualidor/Documents/IMAC/annee_2/C++/S3/Projet_prog_S3/build-xcode/googletest/googlemock
  /opt/homebrew/Cellar/cmake/3.25.0/bin/cmake -DBUILD_TYPE=$CONFIGURATION$EFFECTIVE_PLATFORM_NAME -P cmake_install.cmake
fi
if test \"$CONFIGURATION\" = \"RelWithDebInfo\"; then :
  cd /Users/liloualidor/Documents/IMAC/annee_2/C++/S3/Projet_prog_S3/build-xcode/googletest/googlemock
  /opt/homebrew/Cellar/cmake/3.25.0/bin/cmake -DBUILD_TYPE=$CONFIGURATION$EFFECTIVE_PLATFORM_NAME -P cmake_install.cmake
fi
";
			showEnvVarsInLog = 0;
		};
		9B50530E35CC49C82C2FACCF = {
			isa = PBXShellScriptBuildPhase;
			buildActionMask = 2147483647;
			files = (
			);
			inputPaths = (
			);
			outputPaths = (
			);
			runOnlyForDeploymentPostprocessing = 0;
			shellPath = /bin/sh;
			shellScript = "# shell script goes here
exit 0";
			showEnvVarsInLog = 0;
		};
		D6FB35DDAE44AFC785D8C16D /* Generate CMakeFiles/ZERO_CHECK */ = {
			isa = PBXShellScriptBuildPhase;
			alwaysOutOfDate = 1;
			buildActionMask = 2147483647;
			files = (
			);
			inputPaths = (
			);
			name = "Generate CMakeFiles/ZERO_CHECK";
			outputPaths = (
"/Users/liloualidor/Documents/IMAC/annee_2/C++/S3/Projet_prog_S3/build-xcode/googletest/googlemock/CMakeFiles/ZERO_CHECK"			);
			runOnlyForDeploymentPostprocessing = 0;
			shellPath = /bin/sh;
			shellScript = "set -e
if test \"$CONFIGURATION\" = \"Debug\"; then :
  cd /Users/liloualidor/Documents/IMAC/annee_2/C++/S3/Projet_prog_S3/build-xcode/googletest/googlemock
  make -f /Users/liloualidor/Documents/IMAC/annee_2/C++/S3/Projet_prog_S3/build-xcode/googletest/googlemock/CMakeScripts/ReRunCMake.make
fi
if test \"$CONFIGURATION\" = \"Release\"; then :
  cd /Users/liloualidor/Documents/IMAC/annee_2/C++/S3/Projet_prog_S3/build-xcode/googletest/googlemock
  make -f /Users/liloualidor/Documents/IMAC/annee_2/C++/S3/Projet_prog_S3/build-xcode/googletest/googlemock/CMakeScripts/ReRunCMake.make
fi
if test \"$CONFIGURATION\" = \"MinSizeRel\"; then :
  cd /Users/liloualidor/Documents/IMAC/annee_2/C++/S3/Projet_prog_S3/build-xcode/googletest/googlemock
  make -f /Users/liloualidor/Documents/IMAC/annee_2/C++/S3/Projet_prog_S3/build-xcode/googletest/googlemock/CMakeScripts/ReRunCMake.make
fi
if test \"$CONFIGURATION\" = \"RelWithDebInfo\"; then :
  cd /Users/liloualidor/Documents/IMAC/annee_2/C++/S3/Projet_prog_S3/build-xcode/googletest/googlemock
  make -f /Users/liloualidor/Documents/IMAC/annee_2/C++/S3/Projet_prog_S3/build-xcode/googletest/googlemock/CMakeScripts/ReRunCMake.make
fi
";
			showEnvVarsInLog = 0;
		};
/* End PBXShellScriptBuildPhase section */

/* Begin PBXSourcesBuildPhase section */
		6668ED72F9C449A68F1EF85A /* Sources */ = {
			isa = PBXSourcesBuildPhase;
			buildActionMask = 2147483647;
			files = (
				B72D4B8EF55342E99BA7110F /* /Users/liloualidor/Documents/IMAC/annee_2/C++/S3/Projet_prog_S3/googletest/googlemock/src/gmock-all.cc */,
			);
			runOnlyForDeploymentPostprocessing = 0;
		};
		7009A4AC1DF9454C86FC71A1 /* Sources */ = {
			isa = PBXSourcesBuildPhase;
			buildActionMask = 2147483647;
			files = (
				D2AC170A03D14F2F8B31B5F9 /* /Users/liloualidor/Documents/IMAC/annee_2/C++/S3/Projet_prog_S3/googletest/googletest/src/gtest_main.cc */,
			);
			runOnlyForDeploymentPostprocessing = 0;
		};
		9D164F1B486D4ABFA67DF7CC /* Sources */ = {
			isa = PBXSourcesBuildPhase;
			buildActionMask = 2147483647;
			files = (
				D1FD96A4CFC74C708010FB0B /* /Users/liloualidor/Documents/IMAC/annee_2/C++/S3/Projet_prog_S3/googletest/googletest/src/gtest-all.cc */,
			);
			runOnlyForDeploymentPostprocessing = 0;
		};
		F981730235BD4EE09CFB1682 /* Sources */ = {
			isa = PBXSourcesBuildPhase;
			buildActionMask = 2147483647;
			files = (
				BE88B7BFB4FA409D8E7490A0 /* /Users/liloualidor/Documents/IMAC/annee_2/C++/S3/Projet_prog_S3/googletest/googlemock/src/gmock_main.cc */,
			);
			runOnlyForDeploymentPostprocessing = 0;
		};
/* End PBXSourcesBuildPhase section */

/* Begin PBXTargetDependency section */
		390BEA75A77543BD9FC56273 /* PBXTargetDependency */ = {
			isa = PBXTargetDependency;
			target = 545C2757DA884E39A3478345 /* gtest */;
			targetProxy = 557AB62937494C178810FED4 /* PBXContainerItemProxy */;
		};
		4DA9EFD34737408B91ED0DE2 /* PBXTargetDependency */ = {
			isa = PBXTargetDependency;
			target = A6996AAD2EE84FBD909A9FEA /* gmock_main */;
			targetProxy = 699EF48A92C6460DAC2C7B0E /* PBXContainerItemProxy */;
		};
		54E8C48CF872447695D70F09 /* PBXTargetDependency */ = {
			isa = PBXTargetDependency;
			target = 545C2757DA884E39A3478345 /* gtest */;
			targetProxy = ED3497BACE934C9CB362B818 /* PBXContainerItemProxy */;
		};
		57FE3AAD581B4A318D9CAB79 /* PBXTargetDependency */ = {
			isa = PBXTargetDependency;
			target = BEDF61EE96F246FF84C8890C /* gmock */;
			targetProxy = 5FAADD930E7F40ECAC9DF2DB /* PBXContainerItemProxy */;
		};
		5911D58ED20148A78C210B4F /* PBXTargetDependency */ = {
			isa = PBXTargetDependency;
			target = BEDF61EE96F246FF84C8890C /* gmock */;
			targetProxy = FF44164FFA79405B884DB7BE /* PBXContainerItemProxy */;
		};
		6E01A131B42749D8ADCA03F7 /* PBXTargetDependency */ = {
			isa = PBXTargetDependency;
			target = 19D5F1812E6F4684B6B5AFB3 /* ZERO_CHECK */;
			targetProxy = 66D395B25B04445AACEED7BA /* PBXContainerItemProxy */;
		};
		8D3B8E2246584AF995AEDDA9 /* PBXTargetDependency */ = {
			isa = PBXTargetDependency;
			target = 545C2757DA884E39A3478345 /* gtest */;
			targetProxy = 3A0308298EB44345BCDE93E2 /* PBXContainerItemProxy */;
		};
		99EC22EC29304AA990170960 /* PBXTargetDependency */ = {
			isa = PBXTargetDependency;
			target = C6619341921D4EA092DFB018 /* gtest_main */;
			targetProxy = 5A5209602C934C32B7374BF2 /* PBXContainerItemProxy */;
		};
		E02CB36A799B443086536EB8 /* PBXTargetDependency */ = {
			isa = PBXTargetDependency;
			target = B305C428D5674034BB1C385B /* ALL_BUILD */;
			targetProxy = 1230D8A6FA1949DFB4BCAC5F /* PBXContainerItemProxy */;
		};
		E2AD4CF7B2D441D0988074D5 /* PBXTargetDependency */ = {
			isa = PBXTargetDependency;
			target = 19D5F1812E6F4684B6B5AFB3 /* ZERO_CHECK */;
			targetProxy = EA37342518EC43948187EE5E /* PBXContainerItemProxy */;
		};
		EA3E01D5FA20498DA9A9A18C /* PBXTargetDependency */ = {
			isa = PBXTargetDependency;
			target = 19D5F1812E6F4684B6B5AFB3 /* ZERO_CHECK */;
			targetProxy = D175EF7C1DA844FB9B827B22 /* PBXContainerItemProxy */;
		};
		F1567EE33EA546D28DBA90D5 /* PBXTargetDependency */ = {
			isa = PBXTargetDependency;
			target = 545C2757DA884E39A3478345 /* gtest */;
			targetProxy = 16E87A186E0D49DA981AB7F8 /* PBXContainerItemProxy */;
		};
/* End PBXTargetDependency section */

/* Begin XCBuildConfiguration section */
		036810A9FF4B49558BF6C737 /* MinSizeRel */ = {
			isa = XCBuildConfiguration;
			buildSettings = {
				ARCHS = arm64;
				SDKROOT = /Applications/Xcode.app/Contents/Developer/Platforms/MacOSX.platform/Developer/SDKs/MacOSX13.0.sdk;
				SYMROOT = "/Users/liloualidor/Documents/IMAC/annee_2/C++/S3/Projet_prog_S3/build-xcode/build";
			};
			name = MinSizeRel;
		};
		03D8BCF8B330400D9E71114B /* Debug */ = {
			isa = XCBuildConfiguration;
			buildSettings = {
				ARCHS = arm64;
				SDKROOT = /Applications/Xcode.app/Contents/Developer/Platforms/MacOSX.platform/Developer/SDKs/MacOSX13.0.sdk;
				SYMROOT = "/Users/liloualidor/Documents/IMAC/annee_2/C++/S3/Projet_prog_S3/build-xcode/build";
			};
			name = Debug;
		};
		08E0E38381B64B0591230EE3 /* Release */ = {
			isa = XCBuildConfiguration;
			buildSettings = {
				ARCHS = arm64;
				COMBINE_HIDPI_IMAGES = YES;
				GCC_GENERATE_DEBUGGING_SYMBOLS = YES;
				GCC_INLINES_ARE_PRIVATE_EXTERN = NO;
				GCC_OPTIMIZATION_LEVEL = 0;
				GCC_PREPROCESSOR_DEFINITIONS = ("'CMAKE_INTDIR=\"$(CONFIGURATION)$(EFFECTIVE_PLATFORM_NAME)\"'","$(inherited)");
				GCC_SYMBOLS_PRIVATE_EXTERN = NO;
				INSTALL_PATH = "";
				ONLY_ACTIVE_ARCH = NO;
				OTHER_LDFLAGS = ("","$(inherited)");
				OTHER_REZFLAGS = "";
				PRODUCT_NAME = install;
				SECTORDER_FLAGS = "";
				USE_HEADERMAP = NO;
				WARNING_CFLAGS = ("$(inherited)");
			};
			name = Release;
		};
		0BCE7CD836C74D9BA35FFDA2 /* RelWithDebInfo */ = {
			isa = XCBuildConfiguration;
			buildSettings = {
				ARCHS = arm64;
				COMBINE_HIDPI_IMAGES = YES;
				CONFIGURATION_BUILD_DIR = "/Users/liloualidor/Documents/IMAC/annee_2/C++/S3/Projet_prog_S3/build-xcode/lib/RelWithDebInfo";
				EXECUTABLE_PREFIX = lib;
				EXECUTABLE_SUFFIX = .a;
				GCC_GENERATE_DEBUGGING_SYMBOLS = YES;
				GCC_INLINES_ARE_PRIVATE_EXTERN = NO;
				GCC_OPTIMIZATION_LEVEL = 2;
				GCC_PREPROCESSOR_DEFINITIONS = ("'CMAKE_INTDIR=\"$(CONFIGURATION)$(EFFECTIVE_PLATFORM_NAME)\"'","$(inherited)");
				GCC_SYMBOLS_PRIVATE_EXTERN = NO;
				HEADER_SEARCH_PATHS = ("/Users/liloualidor/Documents/IMAC/annee_2/C++/S3/Projet_prog_S3/RatioLib/include","/Users/liloualidor/Documents/IMAC/annee_2/C++/S3/Projet_prog_S3/googletest/googletest/include","/Users/liloualidor/Documents/IMAC/annee_2/C++/S3/Projet_prog_S3/googletest/googletest","$(inherited)");
				INSTALL_PATH = "";
				LIBRARY_STYLE = STATIC;
				ONLY_ACTIVE_ARCH = NO;
				OTHER_CPLUSPLUSFLAGS = "       -DNDEBUG  -DGTEST_HAS_PTHREAD=1   '-std=c++11' ";
				OTHER_LIBTOOLFLAGS = ("");
				OTHER_REZFLAGS = "";
				PRODUCT_NAME = gtest;
				SECTORDER_FLAGS = "";
				TARGET_TEMP_DIR = "/Users/liloualidor/Documents/IMAC/annee_2/C++/S3/Projet_prog_S3/build-xcode/build/gtest.build/$(CONFIGURATION)$(EFFECTIVE_PLATFORM_NAME)";
				USE_HEADERMAP = NO;
				WARNING_CFLAGS = ("$(inherited)");
			};
			name = RelWithDebInfo;
		};
		0DA833BF8CA64A7888AB4CB9 /* MinSizeRel */ = {
			isa = XCBuildConfiguration;
			buildSettings = {
				ARCHS = arm64;
				COMBINE_HIDPI_IMAGES = YES;
				CONFIGURATION_BUILD_DIR = "/Users/liloualidor/Documents/IMAC/annee_2/C++/S3/Projet_prog_S3/build-xcode/lib/MinSizeRel";
				EXECUTABLE_PREFIX = lib;
				EXECUTABLE_SUFFIX = .a;
				GCC_GENERATE_DEBUGGING_SYMBOLS = NO;
				GCC_INLINES_ARE_PRIVATE_EXTERN = NO;
				GCC_OPTIMIZATION_LEVEL = s;
				GCC_PREPROCESSOR_DEFINITIONS = ("'CMAKE_INTDIR=\"$(CONFIGURATION)$(EFFECTIVE_PLATFORM_NAME)\"'","$(inherited)");
				GCC_SYMBOLS_PRIVATE_EXTERN = NO;
				HEADER_SEARCH_PATHS = ("/Users/liloualidor/Documents/IMAC/annee_2/C++/S3/Projet_prog_S3/RatioLib/include","/Users/liloualidor/Documents/IMAC/annee_2/C++/S3/Projet_prog_S3/googletest/googletest/include","/Users/liloualidor/Documents/IMAC/annee_2/C++/S3/Projet_prog_S3/googletest/googletest","$(inherited)");
				INSTALL_PATH = "";
				LIBRARY_STYLE = STATIC;
				ONLY_ACTIVE_ARCH = NO;
				OTHER_CPLUSPLUSFLAGS = "    -DNDEBUG  -DGTEST_HAS_PTHREAD=1   '-std=c++11' ";
				OTHER_LIBTOOLFLAGS = ("");
				OTHER_REZFLAGS = "";
				PRODUCT_NAME = gtest;
				SECTORDER_FLAGS = "";
				TARGET_TEMP_DIR = "/Users/liloualidor/Documents/IMAC/annee_2/C++/S3/Projet_prog_S3/build-xcode/build/gtest.build/$(CONFIGURATION)$(EFFECTIVE_PLATFORM_NAME)";
				USE_HEADERMAP = NO;
				WARNING_CFLAGS = ("$(inherited)");
			};
			name = MinSizeRel;
		};
		0E64E83427A44BB38C4FA9C0 /* RelWithDebInfo */ = {
			isa = XCBuildConfiguration;
			buildSettings = {
				ARCHS = arm64;
				COMBINE_HIDPI_IMAGES = YES;
				GCC_GENERATE_DEBUGGING_SYMBOLS = YES;
				GCC_INLINES_ARE_PRIVATE_EXTERN = NO;
				GCC_OPTIMIZATION_LEVEL = 0;
				GCC_PREPROCESSOR_DEFINITIONS = ("'CMAKE_INTDIR=\"$(CONFIGURATION)$(EFFECTIVE_PLATFORM_NAME)\"'","$(inherited)");
				GCC_SYMBOLS_PRIVATE_EXTERN = NO;
				INSTALL_PATH = "";
				ONLY_ACTIVE_ARCH = NO;
				OTHER_LDFLAGS = ("","$(inherited)");
				OTHER_REZFLAGS = "";
				PRODUCT_NAME = ZERO_CHECK;
				SECTORDER_FLAGS = "";
				USE_HEADERMAP = NO;
				WARNING_CFLAGS = ("$(inherited)");
			};
			name = RelWithDebInfo;
		};
		1D3E64896CBA4DE798AD3CE4 /* RelWithDebInfo */ = {
			isa = XCBuildConfiguration;
			buildSettings = {
				ARCHS = arm64;
				COMBINE_HIDPI_IMAGES = YES;
				CONFIGURATION_BUILD_DIR = "/Users/liloualidor/Documents/IMAC/annee_2/C++/S3/Projet_prog_S3/build-xcode/lib/RelWithDebInfo";
				EXECUTABLE_PREFIX = lib;
				EXECUTABLE_SUFFIX = .a;
				GCC_GENERATE_DEBUGGING_SYMBOLS = YES;
				GCC_INLINES_ARE_PRIVATE_EXTERN = NO;
				GCC_OPTIMIZATION_LEVEL = 2;
				GCC_PREPROCESSOR_DEFINITIONS = ("'CMAKE_INTDIR=\"$(CONFIGURATION)$(EFFECTIVE_PLATFORM_NAME)\"'","$(inherited)");
				GCC_SYMBOLS_PRIVATE_EXTERN = NO;
				HEADER_SEARCH_PATHS = ("/Users/liloualidor/Documents/IMAC/annee_2/C++/S3/Projet_prog_S3/RatioLib/include","/Users/liloualidor/Documents/IMAC/annee_2/C++/S3/Projet_prog_S3/googletest/googlemock/include","/Users/liloualidor/Documents/IMAC/annee_2/C++/S3/Projet_prog_S3/googletest/googlemock","$(inherited)");
				INSTALL_PATH = "";
				LIBRARY_STYLE = STATIC;
				ONLY_ACTIVE_ARCH = NO;
				OTHER_CPLUSPLUSFLAGS = "       -DNDEBUG  -DGTEST_HAS_PTHREAD=1   '-std=c++11' ";
				OTHER_LIBTOOLFLAGS = ("");
				OTHER_REZFLAGS = "";
				PRODUCT_NAME = gmock;
				SECTORDER_FLAGS = "";
				SYSTEM_HEADER_SEARCH_PATHS = ("/Users/liloualidor/Documents/IMAC/annee_2/C++/S3/Projet_prog_S3/googletest/googletest/include","/Users/liloualidor/Documents/IMAC/annee_2/C++/S3/Projet_prog_S3/googletest/googletest","$(inherited)");
				TARGET_TEMP_DIR = "/Users/liloualidor/Documents/IMAC/annee_2/C++/S3/Projet_prog_S3/build-xcode/build/gmock.build/$(CONFIGURATION)$(EFFECTIVE_PLATFORM_NAME)";
				USE_HEADERMAP = NO;
				WARNING_CFLAGS = ("$(inherited)");
			};
			name = RelWithDebInfo;
		};
		22F1767ADADE4EA68407FD84 /* Release */ = {
			isa = XCBuildConfiguration;
			buildSettings = {
				ARCHS = arm64;
				COMBINE_HIDPI_IMAGES = YES;
				GCC_GENERATE_DEBUGGING_SYMBOLS = YES;
				GCC_INLINES_ARE_PRIVATE_EXTERN = NO;
				GCC_OPTIMIZATION_LEVEL = 0;
				GCC_PREPROCESSOR_DEFINITIONS = ("'CMAKE_INTDIR=\"$(CONFIGURATION)$(EFFECTIVE_PLATFORM_NAME)\"'","$(inherited)");
				GCC_SYMBOLS_PRIVATE_EXTERN = NO;
				INSTALL_PATH = "";
				ONLY_ACTIVE_ARCH = NO;
				OTHER_LDFLAGS = ("","$(inherited)");
				OTHER_REZFLAGS = "";
				PRODUCT_NAME = ALL_BUILD;
				SECTORDER_FLAGS = "";
				USE_HEADERMAP = NO;
				WARNING_CFLAGS = ("$(inherited)");
			};
			name = Release;
		};
		232A26A786C44EE5BED8ACE4 /* Debug */ = {
			isa = XCBuildConfiguration;
			buildSettings = {
				ARCHS = arm64;
				COMBINE_HIDPI_IMAGES = YES;
				GCC_GENERATE_DEBUGGING_SYMBOLS = YES;
				GCC_INLINES_ARE_PRIVATE_EXTERN = NO;
				GCC_OPTIMIZATION_LEVEL = 0;
				GCC_PREPROCESSOR_DEFINITIONS = ("'CMAKE_INTDIR=\"$(CONFIGURATION)$(EFFECTIVE_PLATFORM_NAME)\"'","$(inherited)");
				GCC_SYMBOLS_PRIVATE_EXTERN = NO;
				INSTALL_PATH = "";
				ONLY_ACTIVE_ARCH = NO;
				OTHER_LDFLAGS = ("","$(inherited)");
				OTHER_REZFLAGS = "";
				PRODUCT_NAME = install;
				SECTORDER_FLAGS = "";
				USE_HEADERMAP = NO;
				WARNING_CFLAGS = ("$(inherited)");
			};
			name = Debug;
		};
		2426E1BE47CD41749C983D5B /* Release */ = {
			isa = XCBuildConfiguration;
			buildSettings = {
				ARCHS = arm64;
				SDKROOT = /Applications/Xcode.app/Contents/Developer/Platforms/MacOSX.platform/Developer/SDKs/MacOSX13.0.sdk;
				SYMROOT = "/Users/liloualidor/Documents/IMAC/annee_2/C++/S3/Projet_prog_S3/build-xcode/build";
			};
			name = Release;
		};
		246A5FBFF18846D3AA7C70B1 /* MinSizeRel */ = {
			isa = XCBuildConfiguration;
			buildSettings = {
				ARCHS = arm64;
				COMBINE_HIDPI_IMAGES = YES;
				GCC_GENERATE_DEBUGGING_SYMBOLS = YES;
				GCC_INLINES_ARE_PRIVATE_EXTERN = NO;
				GCC_OPTIMIZATION_LEVEL = 0;
				GCC_PREPROCESSOR_DEFINITIONS = ("'CMAKE_INTDIR=\"$(CONFIGURATION)$(EFFECTIVE_PLATFORM_NAME)\"'","$(inherited)");
				GCC_SYMBOLS_PRIVATE_EXTERN = NO;
				INSTALL_PATH = "";
				ONLY_ACTIVE_ARCH = NO;
				OTHER_LDFLAGS = ("","$(inherited)");
				OTHER_REZFLAGS = "";
				PRODUCT_NAME = ALL_BUILD;
				SECTORDER_FLAGS = "";
				USE_HEADERMAP = NO;
				WARNING_CFLAGS = ("$(inherited)");
			};
			name = MinSizeRel;
		};
		2C19DDC5E6C74990BA1B4173 /* MinSizeRel */ = {
			isa = XCBuildConfiguration;
			buildSettings = {
				ARCHS = arm64;
				COMBINE_HIDPI_IMAGES = YES;
				GCC_GENERATE_DEBUGGING_SYMBOLS = YES;
				GCC_INLINES_ARE_PRIVATE_EXTERN = NO;
				GCC_OPTIMIZATION_LEVEL = 0;
				GCC_PREPROCESSOR_DEFINITIONS = ("'CMAKE_INTDIR=\"$(CONFIGURATION)$(EFFECTIVE_PLATFORM_NAME)\"'","$(inherited)");
				GCC_SYMBOLS_PRIVATE_EXTERN = NO;
				INSTALL_PATH = "";
				ONLY_ACTIVE_ARCH = NO;
				OTHER_LDFLAGS = ("","$(inherited)");
				OTHER_REZFLAGS = "";
				PRODUCT_NAME = ZERO_CHECK;
				SECTORDER_FLAGS = "";
				USE_HEADERMAP = NO;
				WARNING_CFLAGS = ("$(inherited)");
			};
			name = MinSizeRel;
		};
		2E3791AAA63C4F549DF4EA1E /* RelWithDebInfo */ = {
			isa = XCBuildConfiguration;
			buildSettings = {
				ARCHS = arm64;
				COMBINE_HIDPI_IMAGES = YES;
				GCC_GENERATE_DEBUGGING_SYMBOLS = YES;
				GCC_INLINES_ARE_PRIVATE_EXTERN = NO;
				GCC_OPTIMIZATION_LEVEL = 0;
				GCC_PREPROCESSOR_DEFINITIONS = ("'CMAKE_INTDIR=\"$(CONFIGURATION)$(EFFECTIVE_PLATFORM_NAME)\"'","$(inherited)");
				GCC_SYMBOLS_PRIVATE_EXTERN = NO;
				INSTALL_PATH = "";
				ONLY_ACTIVE_ARCH = NO;
				OTHER_LDFLAGS = ("","$(inherited)");
				OTHER_REZFLAGS = "";
				PRODUCT_NAME = ALL_BUILD;
				SECTORDER_FLAGS = "";
				USE_HEADERMAP = NO;
				WARNING_CFLAGS = ("$(inherited)");
			};
			name = RelWithDebInfo;
		};
		3783529E7D7E4FA799AB6CDD /* RelWithDebInfo */ = {
			isa = XCBuildConfiguration;
			buildSettings = {
				ARCHS = arm64;
				COMBINE_HIDPI_IMAGES = YES;
				CONFIGURATION_BUILD_DIR = "/Users/liloualidor/Documents/IMAC/annee_2/C++/S3/Projet_prog_S3/build-xcode/lib/RelWithDebInfo";
				EXECUTABLE_PREFIX = lib;
				EXECUTABLE_SUFFIX = .a;
				GCC_GENERATE_DEBUGGING_SYMBOLS = YES;
				GCC_INLINES_ARE_PRIVATE_EXTERN = NO;
				GCC_OPTIMIZATION_LEVEL = 2;
				GCC_PREPROCESSOR_DEFINITIONS = ("'CMAKE_INTDIR=\"$(CONFIGURATION)$(EFFECTIVE_PLATFORM_NAME)\"'","$(inherited)");
				GCC_SYMBOLS_PRIVATE_EXTERN = NO;
				HEADER_SEARCH_PATHS = ("/Users/liloualidor/Documents/IMAC/annee_2/C++/S3/Projet_prog_S3/RatioLib/include","$(inherited)");
				INSTALL_PATH = "";
				LIBRARY_STYLE = STATIC;
				ONLY_ACTIVE_ARCH = NO;
				OTHER_CPLUSPLUSFLAGS = "       -DNDEBUG  -DGTEST_HAS_PTHREAD=1   '-std=c++11' ";
				OTHER_LIBTOOLFLAGS = ("");
				OTHER_REZFLAGS = "";
				PRODUCT_NAME = gtest_main;
				SECTORDER_FLAGS = "";
				SYSTEM_HEADER_SEARCH_PATHS = ("/Users/liloualidor/Documents/IMAC/annee_2/C++/S3/Projet_prog_S3/googletest/googletest/include","/Users/liloualidor/Documents/IMAC/annee_2/C++/S3/Projet_prog_S3/googletest/googletest","$(inherited)");
				TARGET_TEMP_DIR = "/Users/liloualidor/Documents/IMAC/annee_2/C++/S3/Projet_prog_S3/build-xcode/build/gtest_main.build/$(CONFIGURATION)$(EFFECTIVE_PLATFORM_NAME)";
				USE_HEADERMAP = NO;
				WARNING_CFLAGS = ("$(inherited)");
			};
			name = RelWithDebInfo;
		};
		41C33D7CABCA4C67B0F5C17B /* Release */ = {
			isa = XCBuildConfiguration;
			buildSettings = {
				ARCHS = arm64;
				COMBINE_HIDPI_IMAGES = YES;
				CONFIGURATION_BUILD_DIR = "/Users/liloualidor/Documents/IMAC/annee_2/C++/S3/Projet_prog_S3/build-xcode/lib/Release";
				EXECUTABLE_PREFIX = lib;
				EXECUTABLE_SUFFIX = .a;
				GCC_GENERATE_DEBUGGING_SYMBOLS = NO;
				GCC_INLINES_ARE_PRIVATE_EXTERN = NO;
				GCC_OPTIMIZATION_LEVEL = 3;
				GCC_PREPROCESSOR_DEFINITIONS = ("'CMAKE_INTDIR=\"$(CONFIGURATION)$(EFFECTIVE_PLATFORM_NAME)\"'","$(inherited)");
				GCC_SYMBOLS_PRIVATE_EXTERN = NO;
				HEADER_SEARCH_PATHS = ("/Users/liloualidor/Documents/IMAC/annee_2/C++/S3/Projet_prog_S3/RatioLib/include","/Users/liloualidor/Documents/IMAC/annee_2/C++/S3/Projet_prog_S3/googletest/googletest/include","/Users/liloualidor/Documents/IMAC/annee_2/C++/S3/Projet_prog_S3/googletest/googletest","$(inherited)");
				INSTALL_PATH = "";
				LIBRARY_STYLE = STATIC;
				ONLY_ACTIVE_ARCH = NO;
				OTHER_CPLUSPLUSFLAGS = "    -DNDEBUG  -DGTEST_HAS_PTHREAD=1   '-std=c++11' ";
				OTHER_LIBTOOLFLAGS = ("");
				OTHER_REZFLAGS = "";
				PRODUCT_NAME = gtest;
				SECTORDER_FLAGS = "";
				TARGET_TEMP_DIR = "/Users/liloualidor/Documents/IMAC/annee_2/C++/S3/Projet_prog_S3/build-xcode/build/gtest.build/$(CONFIGURATION)$(EFFECTIVE_PLATFORM_NAME)";
				USE_HEADERMAP = NO;
				WARNING_CFLAGS = ("$(inherited)");
			};
			name = Release;
		};
		47BC06DF7448462CA57F8A18 /* MinSizeRel */ = {
			isa = XCBuildConfiguration;
			buildSettings = {
				ARCHS = arm64;
				COMBINE_HIDPI_IMAGES = YES;
				CONFIGURATION_BUILD_DIR = "/Users/liloualidor/Documents/IMAC/annee_2/C++/S3/Projet_prog_S3/build-xcode/lib/MinSizeRel";
				EXECUTABLE_PREFIX = lib;
				EXECUTABLE_SUFFIX = .a;
				GCC_GENERATE_DEBUGGING_SYMBOLS = NO;
				GCC_INLINES_ARE_PRIVATE_EXTERN = NO;
				GCC_OPTIMIZATION_LEVEL = s;
				GCC_PREPROCESSOR_DEFINITIONS = ("'CMAKE_INTDIR=\"$(CONFIGURATION)$(EFFECTIVE_PLATFORM_NAME)\"'","$(inherited)");
				GCC_SYMBOLS_PRIVATE_EXTERN = NO;
				HEADER_SEARCH_PATHS = ("/Users/liloualidor/Documents/IMAC/annee_2/C++/S3/Projet_prog_S3/RatioLib/include","/Users/liloualidor/Documents/IMAC/annee_2/C++/S3/Projet_prog_S3/googletest/googlemock/include","/Users/liloualidor/Documents/IMAC/annee_2/C++/S3/Projet_prog_S3/googletest/googlemock","$(inherited)");
				INSTALL_PATH = "";
				LIBRARY_STYLE = STATIC;
				ONLY_ACTIVE_ARCH = NO;
				OTHER_CPLUSPLUSFLAGS = "    -DNDEBUG  -DGTEST_HAS_PTHREAD=1   '-std=c++11' ";
				OTHER_LIBTOOLFLAGS = ("");
				OTHER_REZFLAGS = "";
				PRODUCT_NAME = gmock;
				SECTORDER_FLAGS = "";
				SYSTEM_HEADER_SEARCH_PATHS = ("/Users/liloualidor/Documents/IMAC/annee_2/C++/S3/Projet_prog_S3/googletest/googletest/include","/Users/liloualidor/Documents/IMAC/annee_2/C++/S3/Projet_prog_S3/googletest/googletest","$(inherited)");
				TARGET_TEMP_DIR = "/Users/liloualidor/Documents/IMAC/annee_2/C++/S3/Projet_prog_S3/build-xcode/build/gmock.build/$(CONFIGURATION)$(EFFECTIVE_PLATFORM_NAME)";
				USE_HEADERMAP = NO;
				WARNING_CFLAGS = ("$(inherited)");
			};
			name = MinSizeRel;
		};
		50B4AF5A25E4406ABCC4F193 /* Release */ = {
			isa = XCBuildConfiguration;
			buildSettings = {
				ARCHS = arm64;
				COMBINE_HIDPI_IMAGES = YES;
				CONFIGURATION_BUILD_DIR = "/Users/liloualidor/Documents/IMAC/annee_2/C++/S3/Projet_prog_S3/build-xcode/lib/Release";
				EXECUTABLE_PREFIX = lib;
				EXECUTABLE_SUFFIX = .a;
				GCC_GENERATE_DEBUGGING_SYMBOLS = NO;
				GCC_INLINES_ARE_PRIVATE_EXTERN = NO;
				GCC_OPTIMIZATION_LEVEL = 3;
				GCC_PREPROCESSOR_DEFINITIONS = ("'CMAKE_INTDIR=\"$(CONFIGURATION)$(EFFECTIVE_PLATFORM_NAME)\"'","$(inherited)");
				GCC_SYMBOLS_PRIVATE_EXTERN = NO;
				HEADER_SEARCH_PATHS = ("/Users/liloualidor/Documents/IMAC/annee_2/C++/S3/Projet_prog_S3/RatioLib/include","/Users/liloualidor/Documents/IMAC/annee_2/C++/S3/Projet_prog_S3/googletest/googlemock/include","/Users/liloualidor/Documents/IMAC/annee_2/C++/S3/Projet_prog_S3/googletest/googlemock","$(inherited)");
				INSTALL_PATH = "";
				LIBRARY_STYLE = STATIC;
				ONLY_ACTIVE_ARCH = NO;
				OTHER_CPLUSPLUSFLAGS = "    -DNDEBUG  -DGTEST_HAS_PTHREAD=1   '-std=c++11' ";
				OTHER_LIBTOOLFLAGS = ("");
				OTHER_REZFLAGS = "";
				PRODUCT_NAME = gmock;
				SECTORDER_FLAGS = "";
				SYSTEM_HEADER_SEARCH_PATHS = ("/Users/liloualidor/Documents/IMAC/annee_2/C++/S3/Projet_prog_S3/googletest/googletest/include","/Users/liloualidor/Documents/IMAC/annee_2/C++/S3/Projet_prog_S3/googletest/googletest","$(inherited)");
				TARGET_TEMP_DIR = "/Users/liloualidor/Documents/IMAC/annee_2/C++/S3/Projet_prog_S3/build-xcode/build/gmock.build/$(CONFIGURATION)$(EFFECTIVE_PLATFORM_NAME)";
				USE_HEADERMAP = NO;
				WARNING_CFLAGS = ("$(inherited)");
			};
			name = Release;
		};
		6806F24B27744B2D9DD4B08D /* Debug */ = {
			isa = XCBuildConfiguration;
			buildSettings = {
				ARCHS = arm64;
				COMBINE_HIDPI_IMAGES = YES;
				CONFIGURATION_BUILD_DIR = "/Users/liloualidor/Documents/IMAC/annee_2/C++/S3/Projet_prog_S3/build-xcode/lib/Debug";
				EXECUTABLE_PREFIX = lib;
				EXECUTABLE_SUFFIX = .a;
				GCC_GENERATE_DEBUGGING_SYMBOLS = YES;
				GCC_INLINES_ARE_PRIVATE_EXTERN = NO;
				GCC_OPTIMIZATION_LEVEL = 0;
				GCC_PREPROCESSOR_DEFINITIONS = ("'CMAKE_INTDIR=\"$(CONFIGURATION)$(EFFECTIVE_PLATFORM_NAME)\"'","$(inherited)");
				GCC_SYMBOLS_PRIVATE_EXTERN = NO;
				HEADER_SEARCH_PATHS = ("/Users/liloualidor/Documents/IMAC/annee_2/C++/S3/Projet_prog_S3/RatioLib/include","/Users/liloualidor/Documents/IMAC/annee_2/C++/S3/Projet_prog_S3/googletest/googlemock/include","/Users/liloualidor/Documents/IMAC/annee_2/C++/S3/Projet_prog_S3/googletest/googlemock","$(inherited)");
				INSTALL_PATH = "";
				LIBRARY_STYLE = STATIC;
				ONLY_ACTIVE_ARCH = NO;
				OTHER_CPLUSPLUSFLAGS = "    -DGTEST_HAS_PTHREAD=1   '-std=c++11' ";
				OTHER_LIBTOOLFLAGS = ("");
				OTHER_REZFLAGS = "";
				PRODUCT_NAME = gmockd;
				SECTORDER_FLAGS = "";
				SYSTEM_HEADER_SEARCH_PATHS = ("/Users/liloualidor/Documents/IMAC/annee_2/C++/S3/Projet_prog_S3/googletest/googletest/include","/Users/liloualidor/Documents/IMAC/annee_2/C++/S3/Projet_prog_S3/googletest/googletest","$(inherited)");
				TARGET_TEMP_DIR = "/Users/liloualidor/Documents/IMAC/annee_2/C++/S3/Projet_prog_S3/build-xcode/build/gmock.build/$(CONFIGURATION)$(EFFECTIVE_PLATFORM_NAME)";
				USE_HEADERMAP = NO;
				WARNING_CFLAGS = ("$(inherited)");
			};
			name = Debug;
		};
		6C55A56A87024246AD6FE7CA /* Release */ = {
			isa = XCBuildConfiguration;
			buildSettings = {
				ARCHS = arm64;
				COMBINE_HIDPI_IMAGES = YES;
				CONFIGURATION_BUILD_DIR = "/Users/liloualidor/Documents/IMAC/annee_2/C++/S3/Projet_prog_S3/build-xcode/lib/Release";
				EXECUTABLE_PREFIX = lib;
				EXECUTABLE_SUFFIX = .a;
				GCC_GENERATE_DEBUGGING_SYMBOLS = NO;
				GCC_INLINES_ARE_PRIVATE_EXTERN = NO;
				GCC_OPTIMIZATION_LEVEL = 3;
				GCC_PREPROCESSOR_DEFINITIONS = ("'CMAKE_INTDIR=\"$(CONFIGURATION)$(EFFECTIVE_PLATFORM_NAME)\"'","$(inherited)");
				GCC_SYMBOLS_PRIVATE_EXTERN = NO;
				HEADER_SEARCH_PATHS = ("/Users/liloualidor/Documents/IMAC/annee_2/C++/S3/Projet_prog_S3/RatioLib/include","$(inherited)");
				INSTALL_PATH = "";
				LIBRARY_STYLE = STATIC;
				ONLY_ACTIVE_ARCH = NO;
				OTHER_CPLUSPLUSFLAGS = "    -DNDEBUG  -DGTEST_HAS_PTHREAD=1   '-std=c++11' ";
				OTHER_LIBTOOLFLAGS = ("");
				OTHER_REZFLAGS = "";
				PRODUCT_NAME = gtest_main;
				SECTORDER_FLAGS = "";
				SYSTEM_HEADER_SEARCH_PATHS = ("/Users/liloualidor/Documents/IMAC/annee_2/C++/S3/Projet_prog_S3/googletest/googletest/include","/Users/liloualidor/Documents/IMAC/annee_2/C++/S3/Projet_prog_S3/googletest/googletest","$(inherited)");
				TARGET_TEMP_DIR = "/Users/liloualidor/Documents/IMAC/annee_2/C++/S3/Projet_prog_S3/build-xcode/build/gtest_main.build/$(CONFIGURATION)$(EFFECTIVE_PLATFORM_NAME)";
				USE_HEADERMAP = NO;
				WARNING_CFLAGS = ("$(inherited)");
			};
			name = Release;
		};
		7BB528DF8E334EB1A2B36995 /* Debug */ = {
			isa = XCBuildConfiguration;
			buildSettings = {
				ARCHS = arm64;
				COMBINE_HIDPI_IMAGES = YES;
				CONFIGURATION_BUILD_DIR = "/Users/liloualidor/Documents/IMAC/annee_2/C++/S3/Projet_prog_S3/build-xcode/lib/Debug";
				EXECUTABLE_PREFIX = lib;
				EXECUTABLE_SUFFIX = .a;
				GCC_GENERATE_DEBUGGING_SYMBOLS = YES;
				GCC_INLINES_ARE_PRIVATE_EXTERN = NO;
				GCC_OPTIMIZATION_LEVEL = 0;
				GCC_PREPROCESSOR_DEFINITIONS = ("'CMAKE_INTDIR=\"$(CONFIGURATION)$(EFFECTIVE_PLATFORM_NAME)\"'","$(inherited)");
				GCC_SYMBOLS_PRIVATE_EXTERN = NO;
				HEADER_SEARCH_PATHS = ("/Users/liloualidor/Documents/IMAC/annee_2/C++/S3/Projet_prog_S3/RatioLib/include","$(inherited)");
				INSTALL_PATH = "";
				LIBRARY_STYLE = STATIC;
				ONLY_ACTIVE_ARCH = NO;
				OTHER_CPLUSPLUSFLAGS = "    -DGTEST_HAS_PTHREAD=1   '-std=c++11' ";
				OTHER_LIBTOOLFLAGS = ("");
				OTHER_REZFLAGS = "";
				PRODUCT_NAME = gmock_maind;
				SECTORDER_FLAGS = "";
				SYSTEM_HEADER_SEARCH_PATHS = ("/Users/liloualidor/Documents/IMAC/annee_2/C++/S3/Projet_prog_S3/googletest/googlemock/include","/Users/liloualidor/Documents/IMAC/annee_2/C++/S3/Projet_prog_S3/googletest/googlemock","/Users/liloualidor/Documents/IMAC/annee_2/C++/S3/Projet_prog_S3/googletest/googletest/include","/Users/liloualidor/Documents/IMAC/annee_2/C++/S3/Projet_prog_S3/googletest/googletest","$(inherited)");
				TARGET_TEMP_DIR = "/Users/liloualidor/Documents/IMAC/annee_2/C++/S3/Projet_prog_S3/build-xcode/build/gmock_main.build/$(CONFIGURATION)$(EFFECTIVE_PLATFORM_NAME)";
				USE_HEADERMAP = NO;
				WARNING_CFLAGS = ("$(inherited)");
			};
			name = Debug;
		};
		8D8B416A40FF48299DF545C0 /* Debug */ = {
			isa = XCBuildConfiguration;
			buildSettings = {
				ARCHS = arm64;
				COMBINE_HIDPI_IMAGES = YES;
				CONFIGURATION_BUILD_DIR = "/Users/liloualidor/Documents/IMAC/annee_2/C++/S3/Projet_prog_S3/build-xcode/lib/Debug";
				EXECUTABLE_PREFIX = lib;
				EXECUTABLE_SUFFIX = .a;
				GCC_GENERATE_DEBUGGING_SYMBOLS = YES;
				GCC_INLINES_ARE_PRIVATE_EXTERN = NO;
				GCC_OPTIMIZATION_LEVEL = 0;
				GCC_PREPROCESSOR_DEFINITIONS = ("'CMAKE_INTDIR=\"$(CONFIGURATION)$(EFFECTIVE_PLATFORM_NAME)\"'","$(inherited)");
				GCC_SYMBOLS_PRIVATE_EXTERN = NO;
				HEADER_SEARCH_PATHS = ("/Users/liloualidor/Documents/IMAC/annee_2/C++/S3/Projet_prog_S3/RatioLib/include","$(inherited)");
				INSTALL_PATH = "";
				LIBRARY_STYLE = STATIC;
				ONLY_ACTIVE_ARCH = NO;
				OTHER_CPLUSPLUSFLAGS = "    -DGTEST_HAS_PTHREAD=1   '-std=c++11' ";
				OTHER_LIBTOOLFLAGS = ("");
				OTHER_REZFLAGS = "";
				PRODUCT_NAME = gtest_maind;
				SECTORDER_FLAGS = "";
				SYSTEM_HEADER_SEARCH_PATHS = ("/Users/liloualidor/Documents/IMAC/annee_2/C++/S3/Projet_prog_S3/googletest/googletest/include","/Users/liloualidor/Documents/IMAC/annee_2/C++/S3/Projet_prog_S3/googletest/googletest","$(inherited)");
				TARGET_TEMP_DIR = "/Users/liloualidor/Documents/IMAC/annee_2/C++/S3/Projet_prog_S3/build-xcode/build/gtest_main.build/$(CONFIGURATION)$(EFFECTIVE_PLATFORM_NAME)";
				USE_HEADERMAP = NO;
				WARNING_CFLAGS = ("$(inherited)");
			};
			name = Debug;
		};
		9FAAF7AAF1CA43A59469802C /* MinSizeRel */ = {
			isa = XCBuildConfiguration;
			buildSettings = {
				ARCHS = arm64;
				COMBINE_HIDPI_IMAGES = YES;
				GCC_GENERATE_DEBUGGING_SYMBOLS = YES;
				GCC_INLINES_ARE_PRIVATE_EXTERN = NO;
				GCC_OPTIMIZATION_LEVEL = 0;
				GCC_PREPROCESSOR_DEFINITIONS = ("'CMAKE_INTDIR=\"$(CONFIGURATION)$(EFFECTIVE_PLATFORM_NAME)\"'","$(inherited)");
				GCC_SYMBOLS_PRIVATE_EXTERN = NO;
				INSTALL_PATH = "";
				ONLY_ACTIVE_ARCH = NO;
				OTHER_LDFLAGS = ("","$(inherited)");
				OTHER_REZFLAGS = "";
				PRODUCT_NAME = install;
				SECTORDER_FLAGS = "";
				USE_HEADERMAP = NO;
				WARNING_CFLAGS = ("$(inherited)");
			};
			name = MinSizeRel;
		};
		A86BFED06B0548D78A4C567B /* Debug */ = {
			isa = XCBuildConfiguration;
			buildSettings = {
				ARCHS = arm64;
				COMBINE_HIDPI_IMAGES = YES;
				CONFIGURATION_BUILD_DIR = "/Users/liloualidor/Documents/IMAC/annee_2/C++/S3/Projet_prog_S3/build-xcode/lib/Debug";
				EXECUTABLE_PREFIX = lib;
				EXECUTABLE_SUFFIX = .a;
				GCC_GENERATE_DEBUGGING_SYMBOLS = YES;
				GCC_INLINES_ARE_PRIVATE_EXTERN = NO;
				GCC_OPTIMIZATION_LEVEL = 0;
				GCC_PREPROCESSOR_DEFINITIONS = ("'CMAKE_INTDIR=\"$(CONFIGURATION)$(EFFECTIVE_PLATFORM_NAME)\"'","$(inherited)");
				GCC_SYMBOLS_PRIVATE_EXTERN = NO;
				HEADER_SEARCH_PATHS = ("/Users/liloualidor/Documents/IMAC/annee_2/C++/S3/Projet_prog_S3/RatioLib/include","/Users/liloualidor/Documents/IMAC/annee_2/C++/S3/Projet_prog_S3/googletest/googletest/include","/Users/liloualidor/Documents/IMAC/annee_2/C++/S3/Projet_prog_S3/googletest/googletest","$(inherited)");
				INSTALL_PATH = "";
				LIBRARY_STYLE = STATIC;
				ONLY_ACTIVE_ARCH = NO;
				OTHER_CPLUSPLUSFLAGS = "    -DGTEST_HAS_PTHREAD=1   '-std=c++11' ";
				OTHER_LIBTOOLFLAGS = ("");
				OTHER_REZFLAGS = "";
				PRODUCT_NAME = gtestd;
				SECTORDER_FLAGS = "";
				TARGET_TEMP_DIR = "/Users/liloualidor/Documents/IMAC/annee_2/C++/S3/Projet_prog_S3/build-xcode/build/gtest.build/$(CONFIGURATION)$(EFFECTIVE_PLATFORM_NAME)";
				USE_HEADERMAP = NO;
				WARNING_CFLAGS = ("$(inherited)");
			};
			name = Debug;
		};
		B45E15E7202848618085B76F /* Debug */ = {
			isa = XCBuildConfiguration;
			buildSettings = {
				ARCHS = arm64;
				COMBINE_HIDPI_IMAGES = YES;
				GCC_GENERATE_DEBUGGING_SYMBOLS = YES;
				GCC_INLINES_ARE_PRIVATE_EXTERN = NO;
				GCC_OPTIMIZATION_LEVEL = 0;
				GCC_PREPROCESSOR_DEFINITIONS = ("'CMAKE_INTDIR=\"$(CONFIGURATION)$(EFFECTIVE_PLATFORM_NAME)\"'","$(inherited)");
				GCC_SYMBOLS_PRIVATE_EXTERN = NO;
				INSTALL_PATH = "";
				ONLY_ACTIVE_ARCH = NO;
				OTHER_LDFLAGS = ("","$(inherited)");
				OTHER_REZFLAGS = "";
				PRODUCT_NAME = ZERO_CHECK;
				SECTORDER_FLAGS = "";
				USE_HEADERMAP = NO;
				WARNING_CFLAGS = ("$(inherited)");
			};
			name = Debug;
		};
		BE689DD7C0084F63B6C0D01B /* RelWithDebInfo */ = {
			isa = XCBuildConfiguration;
			buildSettings = {
				ARCHS = arm64;
				COMBINE_HIDPI_IMAGES = YES;
				CONFIGURATION_BUILD_DIR = "/Users/liloualidor/Documents/IMAC/annee_2/C++/S3/Projet_prog_S3/build-xcode/lib/RelWithDebInfo";
				EXECUTABLE_PREFIX = lib;
				EXECUTABLE_SUFFIX = .a;
				GCC_GENERATE_DEBUGGING_SYMBOLS = YES;
				GCC_INLINES_ARE_PRIVATE_EXTERN = NO;
				GCC_OPTIMIZATION_LEVEL = 2;
				GCC_PREPROCESSOR_DEFINITIONS = ("'CMAKE_INTDIR=\"$(CONFIGURATION)$(EFFECTIVE_PLATFORM_NAME)\"'","$(inherited)");
				GCC_SYMBOLS_PRIVATE_EXTERN = NO;
				HEADER_SEARCH_PATHS = ("/Users/liloualidor/Documents/IMAC/annee_2/C++/S3/Projet_prog_S3/RatioLib/include","$(inherited)");
				INSTALL_PATH = "";
				LIBRARY_STYLE = STATIC;
				ONLY_ACTIVE_ARCH = NO;
				OTHER_CPLUSPLUSFLAGS = "       -DNDEBUG  -DGTEST_HAS_PTHREAD=1   '-std=c++11' ";
				OTHER_LIBTOOLFLAGS = ("");
				OTHER_REZFLAGS = "";
				PRODUCT_NAME = gmock_main;
				SECTORDER_FLAGS = "";
				SYSTEM_HEADER_SEARCH_PATHS = ("/Users/liloualidor/Documents/IMAC/annee_2/C++/S3/Projet_prog_S3/googletest/googlemock/include","/Users/liloualidor/Documents/IMAC/annee_2/C++/S3/Projet_prog_S3/googletest/googlemock","/Users/liloualidor/Documents/IMAC/annee_2/C++/S3/Projet_prog_S3/googletest/googletest/include","/Users/liloualidor/Documents/IMAC/annee_2/C++/S3/Projet_prog_S3/googletest/googletest","$(inherited)");
				TARGET_TEMP_DIR = "/Users/liloualidor/Documents/IMAC/annee_2/C++/S3/Projet_prog_S3/build-xcode/build/gmock_main.build/$(CONFIGURATION)$(EFFECTIVE_PLATFORM_NAME)";
				USE_HEADERMAP = NO;
				WARNING_CFLAGS = ("$(inherited)");
			};
			name = RelWithDebInfo;
		};
		CDB1429E538B4A8C960CE7EA /* MinSizeRel */ = {
			isa = XCBuildConfiguration;
			buildSettings = {
				ARCHS = arm64;
				COMBINE_HIDPI_IMAGES = YES;
				CONFIGURATION_BUILD_DIR = "/Users/liloualidor/Documents/IMAC/annee_2/C++/S3/Projet_prog_S3/build-xcode/lib/MinSizeRel";
				EXECUTABLE_PREFIX = lib;
				EXECUTABLE_SUFFIX = .a;
				GCC_GENERATE_DEBUGGING_SYMBOLS = NO;
				GCC_INLINES_ARE_PRIVATE_EXTERN = NO;
				GCC_OPTIMIZATION_LEVEL = s;
				GCC_PREPROCESSOR_DEFINITIONS = ("'CMAKE_INTDIR=\"$(CONFIGURATION)$(EFFECTIVE_PLATFORM_NAME)\"'","$(inherited)");
				GCC_SYMBOLS_PRIVATE_EXTERN = NO;
				HEADER_SEARCH_PATHS = ("/Users/liloualidor/Documents/IMAC/annee_2/C++/S3/Projet_prog_S3/RatioLib/include","$(inherited)");
				INSTALL_PATH = "";
				LIBRARY_STYLE = STATIC;
				ONLY_ACTIVE_ARCH = NO;
				OTHER_CPLUSPLUSFLAGS = "    -DNDEBUG  -DGTEST_HAS_PTHREAD=1   '-std=c++11' ";
				OTHER_LIBTOOLFLAGS = ("");
				OTHER_REZFLAGS = "";
				PRODUCT_NAME = gmock_main;
				SECTORDER_FLAGS = "";
				SYSTEM_HEADER_SEARCH_PATHS = ("/Users/liloualidor/Documents/IMAC/annee_2/C++/S3/Projet_prog_S3/googletest/googlemock/include","/Users/liloualidor/Documents/IMAC/annee_2/C++/S3/Projet_prog_S3/googletest/googlemock","/Users/liloualidor/Documents/IMAC/annee_2/C++/S3/Projet_prog_S3/googletest/googletest/include","/Users/liloualidor/Documents/IMAC/annee_2/C++/S3/Projet_prog_S3/googletest/googletest","$(inherited)");
				TARGET_TEMP_DIR = "/Users/liloualidor/Documents/IMAC/annee_2/C++/S3/Projet_prog_S3/build-xcode/build/gmock_main.build/$(CONFIGURATION)$(EFFECTIVE_PLATFORM_NAME)";
				USE_HEADERMAP = NO;
				WARNING_CFLAGS = ("$(inherited)");
			};
			name = MinSizeRel;
		};
		CFF884208BD340F6B1436563 /* Release */ = {
			isa = XCBuildConfiguration;
			buildSettings = {
				ARCHS = arm64;
				COMBINE_HIDPI_IMAGES = YES;
				GCC_GENERATE_DEBUGGING_SYMBOLS = YES;
				GCC_INLINES_ARE_PRIVATE_EXTERN = NO;
				GCC_OPTIMIZATION_LEVEL = 0;
				GCC_PREPROCESSOR_DEFINITIONS = ("'CMAKE_INTDIR=\"$(CONFIGURATION)$(EFFECTIVE_PLATFORM_NAME)\"'","$(inherited)");
				GCC_SYMBOLS_PRIVATE_EXTERN = NO;
				INSTALL_PATH = "";
				ONLY_ACTIVE_ARCH = NO;
				OTHER_LDFLAGS = ("","$(inherited)");
				OTHER_REZFLAGS = "";
				PRODUCT_NAME = ZERO_CHECK;
				SECTORDER_FLAGS = "";
				USE_HEADERMAP = NO;
				WARNING_CFLAGS = ("$(inherited)");
			};
			name = Release;
		};
		D91E4AD6FD184F85B7E770E9 /* RelWithDebInfo */ = {
			isa = XCBuildConfiguration;
			buildSettings = {
				ARCHS = arm64;
				SDKROOT = /Applications/Xcode.app/Contents/Developer/Platforms/MacOSX.platform/Developer/SDKs/MacOSX13.0.sdk;
				SYMROOT = "/Users/liloualidor/Documents/IMAC/annee_2/C++/S3/Projet_prog_S3/build-xcode/build";
			};
			name = RelWithDebInfo;
		};
		E5B3E74E0D384E0EA0B86BE5 /* RelWithDebInfo */ = {
			isa = XCBuildConfiguration;
			buildSettings = {
				ARCHS = arm64;
				COMBINE_HIDPI_IMAGES = YES;
				GCC_GENERATE_DEBUGGING_SYMBOLS = YES;
				GCC_INLINES_ARE_PRIVATE_EXTERN = NO;
				GCC_OPTIMIZATION_LEVEL = 0;
				GCC_PREPROCESSOR_DEFINITIONS = ("'CMAKE_INTDIR=\"$(CONFIGURATION)$(EFFECTIVE_PLATFORM_NAME)\"'","$(inherited)");
				GCC_SYMBOLS_PRIVATE_EXTERN = NO;
				INSTALL_PATH = "";
				ONLY_ACTIVE_ARCH = NO;
				OTHER_LDFLAGS = ("","$(inherited)");
				OTHER_REZFLAGS = "";
				PRODUCT_NAME = install;
				SECTORDER_FLAGS = "";
				USE_HEADERMAP = NO;
				WARNING_CFLAGS = ("$(inherited)");
			};
			name = RelWithDebInfo;
		};
		E9E648E0E0EB425F91AE8432 /* MinSizeRel */ = {
			isa = XCBuildConfiguration;
			buildSettings = {
				ARCHS = arm64;
				COMBINE_HIDPI_IMAGES = YES;
				CONFIGURATION_BUILD_DIR = "/Users/liloualidor/Documents/IMAC/annee_2/C++/S3/Projet_prog_S3/build-xcode/lib/MinSizeRel";
				EXECUTABLE_PREFIX = lib;
				EXECUTABLE_SUFFIX = .a;
				GCC_GENERATE_DEBUGGING_SYMBOLS = NO;
				GCC_INLINES_ARE_PRIVATE_EXTERN = NO;
				GCC_OPTIMIZATION_LEVEL = s;
				GCC_PREPROCESSOR_DEFINITIONS = ("'CMAKE_INTDIR=\"$(CONFIGURATION)$(EFFECTIVE_PLATFORM_NAME)\"'","$(inherited)");
				GCC_SYMBOLS_PRIVATE_EXTERN = NO;
				HEADER_SEARCH_PATHS = ("/Users/liloualidor/Documents/IMAC/annee_2/C++/S3/Projet_prog_S3/RatioLib/include","$(inherited)");
				INSTALL_PATH = "";
				LIBRARY_STYLE = STATIC;
				ONLY_ACTIVE_ARCH = NO;
				OTHER_CPLUSPLUSFLAGS = "    -DNDEBUG  -DGTEST_HAS_PTHREAD=1   '-std=c++11' ";
				OTHER_LIBTOOLFLAGS = ("");
				OTHER_REZFLAGS = "";
				PRODUCT_NAME = gtest_main;
				SECTORDER_FLAGS = "";
				SYSTEM_HEADER_SEARCH_PATHS = ("/Users/liloualidor/Documents/IMAC/annee_2/C++/S3/Projet_prog_S3/googletest/googletest/include","/Users/liloualidor/Documents/IMAC/annee_2/C++/S3/Projet_prog_S3/googletest/googletest","$(inherited)");
				TARGET_TEMP_DIR = "/Users/liloualidor/Documents/IMAC/annee_2/C++/S3/Projet_prog_S3/build-xcode/build/gtest_main.build/$(CONFIGURATION)$(EFFECTIVE_PLATFORM_NAME)";
				USE_HEADERMAP = NO;
				WARNING_CFLAGS = ("$(inherited)");
			};
			name = MinSizeRel;
		};
		EB70DEC74CFF4D15A604E561 /* Release */ = {
			isa = XCBuildConfiguration;
			buildSettings = {
				ARCHS = arm64;
				COMBINE_HIDPI_IMAGES = YES;
				CONFIGURATION_BUILD_DIR = "/Users/liloualidor/Documents/IMAC/annee_2/C++/S3/Projet_prog_S3/build-xcode/lib/Release";
				EXECUTABLE_PREFIX = lib;
				EXECUTABLE_SUFFIX = .a;
				GCC_GENERATE_DEBUGGING_SYMBOLS = NO;
				GCC_INLINES_ARE_PRIVATE_EXTERN = NO;
				GCC_OPTIMIZATION_LEVEL = 3;
				GCC_PREPROCESSOR_DEFINITIONS = ("'CMAKE_INTDIR=\"$(CONFIGURATION)$(EFFECTIVE_PLATFORM_NAME)\"'","$(inherited)");
				GCC_SYMBOLS_PRIVATE_EXTERN = NO;
				HEADER_SEARCH_PATHS = ("/Users/liloualidor/Documents/IMAC/annee_2/C++/S3/Projet_prog_S3/RatioLib/include","$(inherited)");
				INSTALL_PATH = "";
				LIBRARY_STYLE = STATIC;
				ONLY_ACTIVE_ARCH = NO;
				OTHER_CPLUSPLUSFLAGS = "    -DNDEBUG  -DGTEST_HAS_PTHREAD=1   '-std=c++11' ";
				OTHER_LIBTOOLFLAGS = ("");
				OTHER_REZFLAGS = "";
				PRODUCT_NAME = gmock_main;
				SECTORDER_FLAGS = "";
				SYSTEM_HEADER_SEARCH_PATHS = ("/Users/liloualidor/Documents/IMAC/annee_2/C++/S3/Projet_prog_S3/googletest/googlemock/include","/Users/liloualidor/Documents/IMAC/annee_2/C++/S3/Projet_prog_S3/googletest/googlemock","/Users/liloualidor/Documents/IMAC/annee_2/C++/S3/Projet_prog_S3/googletest/googletest/include","/Users/liloualidor/Documents/IMAC/annee_2/C++/S3/Projet_prog_S3/googletest/googletest","$(inherited)");
				TARGET_TEMP_DIR = "/Users/liloualidor/Documents/IMAC/annee_2/C++/S3/Projet_prog_S3/build-xcode/build/gmock_main.build/$(CONFIGURATION)$(EFFECTIVE_PLATFORM_NAME)";
				USE_HEADERMAP = NO;
				WARNING_CFLAGS = ("$(inherited)");
			};
			name = Release;
		};
		F2E22209543B4FACB7B56377 /* Debug */ = {
			isa = XCBuildConfiguration;
			buildSettings = {
				ARCHS = arm64;
				COMBINE_HIDPI_IMAGES = YES;
				GCC_GENERATE_DEBUGGING_SYMBOLS = YES;
				GCC_INLINES_ARE_PRIVATE_EXTERN = NO;
				GCC_OPTIMIZATION_LEVEL = 0;
				GCC_PREPROCESSOR_DEFINITIONS = ("'CMAKE_INTDIR=\"$(CONFIGURATION)$(EFFECTIVE_PLATFORM_NAME)\"'","$(inherited)");
				GCC_SYMBOLS_PRIVATE_EXTERN = NO;
				INSTALL_PATH = "";
				ONLY_ACTIVE_ARCH = NO;
				OTHER_LDFLAGS = ("","$(inherited)");
				OTHER_REZFLAGS = "";
				PRODUCT_NAME = ALL_BUILD;
				SECTORDER_FLAGS = "";
				USE_HEADERMAP = NO;
				WARNING_CFLAGS = ("$(inherited)");
			};
			name = Debug;
		};
/* End XCBuildConfiguration section */

/* Begin XCConfigurationList section */
		05533E2033E9449790E41F15 /* Build configuration list for PBXNativeTarget "gmock" */ = {
			isa = XCConfigurationList;
			buildConfigurations = (
				6806F24B27744B2D9DD4B08D /* Debug */,
				50B4AF5A25E4406ABCC4F193 /* Release */,
				47BC06DF7448462CA57F8A18 /* MinSizeRel */,
				1D3E64896CBA4DE798AD3CE4 /* RelWithDebInfo */,
			);
			defaultConfigurationIsVisible = 0;
			defaultConfigurationName = Debug;
		};
		2CD0B87563EF48989C1CCD8A /* Build configuration list for PBXProject "gmock" */ = {
			isa = XCConfigurationList;
			buildConfigurations = (
				03D8BCF8B330400D9E71114B /* Debug */,
				2426E1BE47CD41749C983D5B /* Release */,
				036810A9FF4B49558BF6C737 /* MinSizeRel */,
				D91E4AD6FD184F85B7E770E9 /* RelWithDebInfo */,
			);
			defaultConfigurationIsVisible = 0;
			defaultConfigurationName = Debug;
		};
		4B981EC783394F3092E4E390 /* Build configuration list for PBXAggregateTarget "install" */ = {
			isa = XCConfigurationList;
			buildConfigurations = (
				232A26A786C44EE5BED8ACE4 /* Debug */,
				08E0E38381B64B0591230EE3 /* Release */,
				9FAAF7AAF1CA43A59469802C /* MinSizeRel */,
				E5B3E74E0D384E0EA0B86BE5 /* RelWithDebInfo */,
			);
			defaultConfigurationIsVisible = 0;
			defaultConfigurationName = Debug;
		};
		57AE081D684E4A04840A7A7B /* Build configuration list for PBXNativeTarget "gmock_main" */ = {
			isa = XCConfigurationList;
			buildConfigurations = (
				7BB528DF8E334EB1A2B36995 /* Debug */,
				EB70DEC74CFF4D15A604E561 /* Release */,
				CDB1429E538B4A8C960CE7EA /* MinSizeRel */,
				BE689DD7C0084F63B6C0D01B /* RelWithDebInfo */,
			);
			defaultConfigurationIsVisible = 0;
			defaultConfigurationName = Debug;
		};
		7D5A51E5689A415394AB55D7 /* Build configuration list for PBXNativeTarget "gtest" */ = {
			isa = XCConfigurationList;
			buildConfigurations = (
				A86BFED06B0548D78A4C567B /* Debug */,
				41C33D7CABCA4C67B0F5C17B /* Release */,
				0DA833BF8CA64A7888AB4CB9 /* MinSizeRel */,
				0BCE7CD836C74D9BA35FFDA2 /* RelWithDebInfo */,
			);
			defaultConfigurationIsVisible = 0;
			defaultConfigurationName = Debug;
		};
		9C06A2FFFD7B41D09109A20D /* Build configuration list for PBXAggregateTarget "ZERO_CHECK" */ = {
			isa = XCConfigurationList;
			buildConfigurations = (
				B45E15E7202848618085B76F /* Debug */,
				CFF884208BD340F6B1436563 /* Release */,
				2C19DDC5E6C74990BA1B4173 /* MinSizeRel */,
				0E64E83427A44BB38C4FA9C0 /* RelWithDebInfo */,
			);
			defaultConfigurationIsVisible = 0;
			defaultConfigurationName = Debug;
		};
		A3E8D30E67DF409AA87130CE /* Build configuration list for PBXNativeTarget "gtest_main" */ = {
			isa = XCConfigurationList;
			buildConfigurations = (
				8D8B416A40FF48299DF545C0 /* Debug */,
				6C55A56A87024246AD6FE7CA /* Release */,
				E9E648E0E0EB425F91AE8432 /* MinSizeRel */,
				3783529E7D7E4FA799AB6CDD /* RelWithDebInfo */,
			);
			defaultConfigurationIsVisible = 0;
			defaultConfigurationName = Debug;
		};
		D6F130C6904B4FDCAE1C2C3E /* Build configuration list for PBXAggregateTarget "ALL_BUILD" */ = {
			isa = XCConfigurationList;
			buildConfigurations = (
				F2E22209543B4FACB7B56377 /* Debug */,
				22F1767ADADE4EA68407FD84 /* Release */,
				246A5FBFF18846D3AA7C70B1 /* MinSizeRel */,
				2E3791AAA63C4F549DF4EA1E /* RelWithDebInfo */,
			);
			defaultConfigurationIsVisible = 0;
			defaultConfigurationName = Debug;
		};
/* End XCConfigurationList section */
	};
	rootObject = 998D4F05D31047D38A1A4F85 /* Project object */;
}
