// !$*UTF8*$!
{
	archiveVersion = 1;
	classes = {
	};
	objectVersion = 46;
	objects = {

/* Begin PBXAggregateTarget section */
		5800C5A9629847038D096DAF /* ZERO_CHECK */ = {
			isa = PBXAggregateTarget;
			buildConfigurationList = 13A7040415EB4F19AEFA360A /* Build configuration list for PBXAggregateTarget "ZERO_CHECK" */;
			buildPhases = (
				D6FB35DDAE44AFC785D8C16D /* Generate CMakeFiles/ZERO_CHECK */,
			);
			dependencies = (
			);
			name = ZERO_CHECK;
			productName = ZERO_CHECK;
		};
		5E4F83E575664516BD87B2CF /* install */ = {
			isa = PBXAggregateTarget;
			buildConfigurationList = DD4BFFAB5AFD4CA3849D6DAD /* Build configuration list for PBXAggregateTarget "install" */;
			buildPhases = (
				93426DA6A4AC2C2AC9CE883C /* CMake PostBuild Rules */,
			);
			dependencies = (
				960B414B64464806BB89D0CF /* PBXTargetDependency */,
			);
			name = install;
			productName = install;
		};
		70A9133FCEB24BDB8A8EE4CA /* ALL_BUILD */ = {
			isa = PBXAggregateTarget;
			buildConfigurationList = 3E2554F3DA7644D182B392CF /* Build configuration list for PBXAggregateTarget "ALL_BUILD" */;
			buildPhases = (
				4684D8BE08F5E8B650054912 /* Generate CMakeFiles/ALL_BUILD */,
			);
			dependencies = (
				206E98B811F74949BEA8956C /* PBXTargetDependency */,
				99C36139330445A49D2C3A5F /* PBXTargetDependency */,
				DFBF3668ACC14016BA3444A6 /* PBXTargetDependency */,
				C510A208B5B6404783753942 /* PBXTargetDependency */,
				7C206864F6494CBEA5A2CF30 /* PBXTargetDependency */,
			);
			name = ALL_BUILD;
			productName = ALL_BUILD;
		};
/* End PBXAggregateTarget section */

/* Begin PBXBuildFile section */
		19E29C51C18543C6AD68D0BF /* /Users/liloualidor/Documents/IMAC/annee_2/C++/S3/Projet_prog_S3/googletest/googletest/src/gtest_main.cc */ = {isa = PBXBuildFile; fileRef = DF1DC89D4ECA4857A5911512 /* /Users/liloualidor/Documents/IMAC/annee_2/C++/S3/Projet_prog_S3/googletest/googletest/src/gtest_main.cc */; };
		42AB40D0F68047C694684E1D /* /Users/liloualidor/Documents/IMAC/annee_2/C++/S3/Projet_prog_S3/googletest/googlemock/CMakeLists.txt */ = {isa = PBXBuildFile; fileRef = 514CA59CF4ED4D65A2FD8284 /* /Users/liloualidor/Documents/IMAC/annee_2/C++/S3/Projet_prog_S3/googletest/googlemock/CMakeLists.txt */; };
		4C10788223574543B65B19B4 /* /Users/liloualidor/Documents/IMAC/annee_2/C++/S3/Projet_prog_S3/googletest/googlemock/CMakeLists.txt */ = {isa = PBXBuildFile; fileRef = E2140C3A3B6645B28640FAD8 /* /Users/liloualidor/Documents/IMAC/annee_2/C++/S3/Projet_prog_S3/googletest/googlemock/CMakeLists.txt */; };
		96459DDC70D84B2DA3E09D9E /* /Users/liloualidor/Documents/IMAC/annee_2/C++/S3/Projet_prog_S3/googletest/googlemock/src/gmock-all.cc */ = {isa = PBXBuildFile; fileRef = B469D38CD881458BB7867617 /* /Users/liloualidor/Documents/IMAC/annee_2/C++/S3/Projet_prog_S3/googletest/googlemock/src/gmock-all.cc */; };
		DD80AB4686A744FAAD55211D /* /Users/liloualidor/Documents/IMAC/annee_2/C++/S3/Projet_prog_S3/googletest/googletest/CMakeLists.txt */ = {isa = PBXBuildFile; fileRef = AD5040FDDEF34345A415104A /* /Users/liloualidor/Documents/IMAC/annee_2/C++/S3/Projet_prog_S3/googletest/googletest/CMakeLists.txt */; };
		E741C4FCAB604E079FC86230 /* /Users/liloualidor/Documents/IMAC/annee_2/C++/S3/Projet_prog_S3/googletest/googletest/CMakeLists.txt */ = {isa = PBXBuildFile; fileRef = C3F036A0EE18458DAEC77B44 /* /Users/liloualidor/Documents/IMAC/annee_2/C++/S3/Projet_prog_S3/googletest/googletest/CMakeLists.txt */; };
		EA7822DDA78044689269A0F6 /* /Users/liloualidor/Documents/IMAC/annee_2/C++/S3/Projet_prog_S3/googletest/googletest/src/gtest-all.cc */ = {isa = PBXBuildFile; fileRef = 8D07E8E892234749BF69746E /* /Users/liloualidor/Documents/IMAC/annee_2/C++/S3/Projet_prog_S3/googletest/googletest/src/gtest-all.cc */; };
		F221117B50D949C0AC4FB0E5 /* /Users/liloualidor/Documents/IMAC/annee_2/C++/S3/Projet_prog_S3/googletest/googlemock/src/gmock_main.cc */ = {isa = PBXBuildFile; fileRef = B2F7F0E434BD4CF9B474C0EA /* /Users/liloualidor/Documents/IMAC/annee_2/C++/S3/Projet_prog_S3/googletest/googlemock/src/gmock_main.cc */; };
/* End PBXBuildFile section */

/* Begin PBXBuildStyle section */
		399FE8AEF5C649B1B15212BD /* Release */ = {
			isa = PBXBuildStyle;
			buildSettings = {
				COPY_PHASE_STRIP = NO;
			};
			name = Release;
		};
		756FAC53FDFE45FA88AAFA88 /* Debug */ = {
			isa = PBXBuildStyle;
			buildSettings = {
				COPY_PHASE_STRIP = NO;
			};
			name = Debug;
		};
		84DD78D7AF9449ABB58883D3 /* RelWithDebInfo */ = {
			isa = PBXBuildStyle;
			buildSettings = {
				COPY_PHASE_STRIP = NO;
			};
			name = RelWithDebInfo;
		};
		9B6747CA4DFA4E9EB1F876EB /* MinSizeRel */ = {
			isa = PBXBuildStyle;
			buildSettings = {
				COPY_PHASE_STRIP = NO;
			};
			name = MinSizeRel;
		};
/* End PBXBuildStyle section */

/* Begin PBXContainerItemProxy section */
		1CD4AD35C62A419D95440C27 /* PBXContainerItemProxy */ = {
			isa = PBXContainerItemProxy;
			containerPortal = E8E269489ABF4B3E88693F3D /* Project object */;
			proxyType = 1;
			remoteGlobalIDString = 37A34E7B8A8E4C089743BF97;
			remoteInfo = gtest;
		};
		3E03FAD6CB9248E2BDBB930D /* PBXContainerItemProxy */ = {
			isa = PBXContainerItemProxy;
			containerPortal = E8E269489ABF4B3E88693F3D /* Project object */;
			proxyType = 1;
			remoteGlobalIDString = 5800C5A9629847038D096DAF;
			remoteInfo = ZERO_CHECK;
		};
		3E97942AE96C4097B94A9546 /* PBXContainerItemProxy */ = {
			isa = PBXContainerItemProxy;
			containerPortal = E8E269489ABF4B3E88693F3D /* Project object */;
			proxyType = 1;
			remoteGlobalIDString = 70A9133FCEB24BDB8A8EE4CA;
			remoteInfo = ALL_BUILD;
		};
		4166F91A33DA4829A97965C1 /* PBXContainerItemProxy */ = {
			isa = PBXContainerItemProxy;
			containerPortal = E8E269489ABF4B3E88693F3D /* Project object */;
			proxyType = 1;
			remoteGlobalIDString = 37A34E7B8A8E4C089743BF97;
			remoteInfo = gtest;
		};
		4F6E4C43A94D47B983BFE349 /* PBXContainerItemProxy */ = {
			isa = PBXContainerItemProxy;
			containerPortal = E8E269489ABF4B3E88693F3D /* Project object */;
			proxyType = 1;
			remoteGlobalIDString = 37A34E7B8A8E4C089743BF97;
			remoteInfo = gtest;
		};
		5A38497B2DAC4F629CB63119 /* PBXContainerItemProxy */ = {
			isa = PBXContainerItemProxy;
			containerPortal = E8E269489ABF4B3E88693F3D /* Project object */;
			proxyType = 1;
			remoteGlobalIDString = 67E9D428C3804F83A2CC9FA8;
			remoteInfo = gmock_main;
		};
		63109EA0C871495BBEEBF727 /* PBXContainerItemProxy */ = {
			isa = PBXContainerItemProxy;
			containerPortal = E8E269489ABF4B3E88693F3D /* Project object */;
			proxyType = 1;
			remoteGlobalIDString = DB13B222568F42ACADA6160F;
			remoteInfo = gmock;
		};
		6CE3A523A24F4658A21A7400 /* PBXContainerItemProxy */ = {
			isa = PBXContainerItemProxy;
			containerPortal = E8E269489ABF4B3E88693F3D /* Project object */;
			proxyType = 1;
			remoteGlobalIDString = 5800C5A9629847038D096DAF;
			remoteInfo = ZERO_CHECK;
		};
		9D07CD872B58440D8767F4A3 /* PBXContainerItemProxy */ = {
			isa = PBXContainerItemProxy;
			containerPortal = E8E269489ABF4B3E88693F3D /* Project object */;
			proxyType = 1;
			remoteGlobalIDString = 59579BB5F008471AB02F79D3;
			remoteInfo = gtest_main;
		};
		BD7A044D3BC4407C996E6E4D /* PBXContainerItemProxy */ = {
			isa = PBXContainerItemProxy;
			containerPortal = E8E269489ABF4B3E88693F3D /* Project object */;
			proxyType = 1;
			remoteGlobalIDString = DB13B222568F42ACADA6160F;
			remoteInfo = gmock;
		};
		DFD7069D26E24D3AA43F00F8 /* PBXContainerItemProxy */ = {
			isa = PBXContainerItemProxy;
			containerPortal = E8E269489ABF4B3E88693F3D /* Project object */;
			proxyType = 1;
			remoteGlobalIDString = 5800C5A9629847038D096DAF;
			remoteInfo = ZERO_CHECK;
		};
		F1400C5620E64DD796D3535F /* PBXContainerItemProxy */ = {
			isa = PBXContainerItemProxy;
			containerPortal = E8E269489ABF4B3E88693F3D /* Project object */;
			proxyType = 1;
			remoteGlobalIDString = 37A34E7B8A8E4C089743BF97;
			remoteInfo = gtest;
		};
/* End PBXContainerItemProxy section */

/* Begin PBXFileReference section */
		046196F61A6446819FC073DD /* gmock_main */ = {isa = PBXFileReference; explicitFileType = archive.ar; path = libgmock_maind.a; sourceTree = BUILT_PRODUCTS_DIR; };
		2BA1C2BFD71C45C6A7C1BDD6 /* gmock */ = {isa = PBXFileReference; explicitFileType = archive.ar; path = libgmockd.a; sourceTree = BUILT_PRODUCTS_DIR; };
		502CB378681A4DB99F1C2C70 /* gtest_main */ = {isa = PBXFileReference; explicitFileType = archive.ar; path = libgtest_maind.a; sourceTree = BUILT_PRODUCTS_DIR; };
		514CA59CF4ED4D65A2FD8284 /* /Users/liloualidor/Documents/IMAC/annee_2/C++/S3/Projet_prog_S3/googletest/googlemock/CMakeLists.txt */ = {isa = PBXFileReference; explicitFileType = sourcecode.text; fileEncoding = 4; name = CMakeLists.txt; path = CMakeLists.txt; sourceTree = SOURCE_ROOT; };
		8D07E8E892234749BF69746E /* /Users/liloualidor/Documents/IMAC/annee_2/C++/S3/Projet_prog_S3/googletest/googletest/src/gtest-all.cc */ = {isa = PBXFileReference; explicitFileType = sourcecode.cpp.cpp; fileEncoding = 4; name = "gtest-all.cc"; path = "/Users/liloualidor/Documents/IMAC/annee_2/C++/S3/Projet_prog_S3/googletest/googletest/src/gtest-all.cc"; sourceTree = "<absolute>"; };
		AD5040FDDEF34345A415104A /* /Users/liloualidor/Documents/IMAC/annee_2/C++/S3/Projet_prog_S3/googletest/googletest/CMakeLists.txt */ = {isa = PBXFileReference; explicitFileType = sourcecode.text; fileEncoding = 4; name = CMakeLists.txt; path = "/Users/liloualidor/Documents/IMAC/annee_2/C++/S3/Projet_prog_S3/googletest/googletest/CMakeLists.txt"; sourceTree = "<absolute>"; };
		B2F7F0E434BD4CF9B474C0EA /* /Users/liloualidor/Documents/IMAC/annee_2/C++/S3/Projet_prog_S3/googletest/googlemock/src/gmock_main.cc */ = {isa = PBXFileReference; explicitFileType = sourcecode.cpp.cpp; fileEncoding = 4; name = gmock_main.cc; path = src/gmock_main.cc; sourceTree = SOURCE_ROOT; };
		B469D38CD881458BB7867617 /* /Users/liloualidor/Documents/IMAC/annee_2/C++/S3/Projet_prog_S3/googletest/googlemock/src/gmock-all.cc */ = {isa = PBXFileReference; explicitFileType = sourcecode.cpp.cpp; fileEncoding = 4; name = "gmock-all.cc"; path = "src/gmock-all.cc"; sourceTree = SOURCE_ROOT; };
		C162AE8A73EA4CB981EDDEB6 /* /Users/liloualidor/Documents/IMAC/annee_2/C++/S3/Projet_prog_S3/googletest/googlemock/CMakeLists.txt */ = {isa = PBXFileReference; explicitFileType = sourcecode.text; fileEncoding = 4; name = CMakeLists.txt; path = CMakeLists.txt; sourceTree = SOURCE_ROOT; };
		C3F036A0EE18458DAEC77B44 /* /Users/liloualidor/Documents/IMAC/annee_2/C++/S3/Projet_prog_S3/googletest/googletest/CMakeLists.txt */ = {isa = PBXFileReference; explicitFileType = sourcecode.text; fileEncoding = 4; name = CMakeLists.txt; path = "/Users/liloualidor/Documents/IMAC/annee_2/C++/S3/Projet_prog_S3/googletest/googletest/CMakeLists.txt"; sourceTree = "<absolute>"; };
		D838E15C869F4059B56CF15D /* gtest */ = {isa = PBXFileReference; explicitFileType = archive.ar; path = libgtestd.a; sourceTree = BUILT_PRODUCTS_DIR; };
		DF1DC89D4ECA4857A5911512 /* /Users/liloualidor/Documents/IMAC/annee_2/C++/S3/Projet_prog_S3/googletest/googletest/src/gtest_main.cc */ = {isa = PBXFileReference; explicitFileType = sourcecode.cpp.cpp; fileEncoding = 4; name = gtest_main.cc; path = "/Users/liloualidor/Documents/IMAC/annee_2/C++/S3/Projet_prog_S3/googletest/googletest/src/gtest_main.cc"; sourceTree = "<absolute>"; };
		E2140C3A3B6645B28640FAD8 /* /Users/liloualidor/Documents/IMAC/annee_2/C++/S3/Projet_prog_S3/googletest/googlemock/CMakeLists.txt */ = {isa = PBXFileReference; explicitFileType = sourcecode.text; fileEncoding = 4; name = CMakeLists.txt; path = CMakeLists.txt; sourceTree = SOURCE_ROOT; };
/* End PBXFileReference section */

/* Begin PBXFrameworksBuildPhase section */
		0DC4A78D32504C9D8AF0B66B /* Frameworks */ = {
			isa = PBXFrameworksBuildPhase;
			buildActionMask = 2147483647;
			files = (
			);
			runOnlyForDeploymentPostprocessing = 0;
		};
		37467C396DF748C8A6A0F98F /* Frameworks */ = {
			isa = PBXFrameworksBuildPhase;
			buildActionMask = 2147483647;
			files = (
			);
			runOnlyForDeploymentPostprocessing = 0;
		};
		63CC99285F874AC48E4CF60C /* Frameworks */ = {
			isa = PBXFrameworksBuildPhase;
			buildActionMask = 2147483647;
			files = (
			);
			runOnlyForDeploymentPostprocessing = 0;
		};
		6F8D435EDB05466C8FB81900 /* Frameworks */ = {
			isa = PBXFrameworksBuildPhase;
			buildActionMask = 2147483647;
			files = (
			);
			runOnlyForDeploymentPostprocessing = 0;
		};
/* End PBXFrameworksBuildPhase section */

/* Begin PBXGroup section */
		0C3C8FDC0D2A4C499B772B23 /* gtest_main */ = {
			isa = PBXGroup;
			children = (
				D78B61C0CF5A4D84891B8782 /* Source Files */,
				C3F036A0EE18458DAEC77B44 /* /Users/liloualidor/Documents/IMAC/annee_2/C++/S3/Projet_prog_S3/googletest/googletest/CMakeLists.txt */,
			);
			name = gtest_main;
			sourceTree = "<group>";
		};
		2BFA0AF37EF847A9924ACD12 /* Frameworks */ = {
			isa = PBXGroup;
			children = (
			);
			name = Frameworks;
			sourceTree = "<group>";
		};
		460204AEEEDB4CA296207D90 /* Products */ = {
			isa = PBXGroup;
			children = (
				2BA1C2BFD71C45C6A7C1BDD6 /* gmock */,
				046196F61A6446819FC073DD /* gmock_main */,
				D838E15C869F4059B56CF15D /* gtest */,
				502CB378681A4DB99F1C2C70 /* gtest_main */,
			);
			name = Products;
			sourceTree = "<group>";
		};
		79910082F6FE41268E2157E1 /* gmock */ = {
			isa = PBXGroup;
			children = (
				7ED1CBE1F9BB4476969EF630 /* Source Files */,
				514CA59CF4ED4D65A2FD8284 /* /Users/liloualidor/Documents/IMAC/annee_2/C++/S3/Projet_prog_S3/googletest/googlemock/CMakeLists.txt */,
			);
			name = gmock;
			sourceTree = "<group>";
		};
		7A8A91C9E11A419D905EE4B6 /* CMake Rules */ = {
			isa = PBXGroup;
			children = (
			);
			name = "CMake Rules";
			sourceTree = "<group>";
		};
		7ED1CBE1F9BB4476969EF630 /* Source Files */ = {
			isa = PBXGroup;
			children = (
				B469D38CD881458BB7867617 /* /Users/liloualidor/Documents/IMAC/annee_2/C++/S3/Projet_prog_S3/googletest/googlemock/src/gmock-all.cc */,
			);
			name = "Source Files";
			sourceTree = "<group>";
		};
		8678BD7D26E84B01989E6BCF /* Source Files */ = {
			isa = PBXGroup;
			children = (
				B2F7F0E434BD4CF9B474C0EA /* /Users/liloualidor/Documents/IMAC/annee_2/C++/S3/Projet_prog_S3/googletest/googlemock/src/gmock_main.cc */,
			);
			name = "Source Files";
			sourceTree = "<group>";
		};
		8DE22CC7E00344CB9D320EF4 = {
			isa = PBXGroup;
			children = (
				79910082F6FE41268E2157E1 /* gmock */,
				FF53393BF8394435BB70A203 /* gmock_main */,
				E6CA7909A2A04BD7A3108299 /* ALL_BUILD */,
				C8DF57AB31DD4DEB8A350D49 /* gtest */,
				0C3C8FDC0D2A4C499B772B23 /* gtest_main */,
				460204AEEEDB4CA296207D90 /* Products */,
				2BFA0AF37EF847A9924ACD12 /* Frameworks */,
			);
			sourceTree = "<group>";
		};
		C8DF57AB31DD4DEB8A350D49 /* gtest */ = {
			isa = PBXGroup;
			children = (
				E0FFBFB3CC2E460A99DD064A /* Source Files */,
				AD5040FDDEF34345A415104A /* /Users/liloualidor/Documents/IMAC/annee_2/C++/S3/Projet_prog_S3/googletest/googletest/CMakeLists.txt */,
			);
			name = gtest;
			sourceTree = "<group>";
		};
		D78B61C0CF5A4D84891B8782 /* Source Files */ = {
			isa = PBXGroup;
			children = (
				DF1DC89D4ECA4857A5911512 /* /Users/liloualidor/Documents/IMAC/annee_2/C++/S3/Projet_prog_S3/googletest/googletest/src/gtest_main.cc */,
			);
			name = "Source Files";
			sourceTree = "<group>";
		};
		E0FFBFB3CC2E460A99DD064A /* Source Files */ = {
			isa = PBXGroup;
			children = (
				8D07E8E892234749BF69746E /* /Users/liloualidor/Documents/IMAC/annee_2/C++/S3/Projet_prog_S3/googletest/googletest/src/gtest-all.cc */,
			);
			name = "Source Files";
			sourceTree = "<group>";
		};
		E6CA7909A2A04BD7A3108299 /* ALL_BUILD */ = {
			isa = PBXGroup;
			children = (
				7A8A91C9E11A419D905EE4B6 /* CMake Rules */,
				C162AE8A73EA4CB981EDDEB6 /* /Users/liloualidor/Documents/IMAC/annee_2/C++/S3/Projet_prog_S3/googletest/googlemock/CMakeLists.txt */,
			);
			name = ALL_BUILD;
			sourceTree = "<group>";
		};
		FF53393BF8394435BB70A203 /* gmock_main */ = {
			isa = PBXGroup;
			children = (
				8678BD7D26E84B01989E6BCF /* Source Files */,
				E2140C3A3B6645B28640FAD8 /* /Users/liloualidor/Documents/IMAC/annee_2/C++/S3/Projet_prog_S3/googletest/googlemock/CMakeLists.txt */,
			);
			name = gmock_main;
			sourceTree = "<group>";
		};
/* End PBXGroup section */

/* Begin PBXNativeTarget section */
		37A34E7B8A8E4C089743BF97 /* gtest */ = {
			isa = PBXNativeTarget;
			buildConfigurationList = 2A8CAB1A5BF94A66AE6159CE /* Build configuration list for PBXNativeTarget "gtest" */;
			buildPhases = (
				D2EED3A2E4A745DC827425A6 /* Sources */,
				6F8D435EDB05466C8FB81900 /* Frameworks */,
			);
			buildRules = (
			);
			dependencies = (
			);
			name = gtest;
			productName = gtest;
			productReference = D838E15C869F4059B56CF15D /* gtest */;
			productType = "com.apple.product-type.library.static";
		};
		59579BB5F008471AB02F79D3 /* gtest_main */ = {
			isa = PBXNativeTarget;
			buildConfigurationList = 9B1A44E0E44B4A95AC1547AF /* Build configuration list for PBXNativeTarget "gtest_main" */;
			buildPhases = (
				2556DCB487674AD19452A41C /* Sources */,
				63CC99285F874AC48E4CF60C /* Frameworks */,
			);
			buildRules = (
			);
			dependencies = (
				FF0903D6F9034DB89920755F /* PBXTargetDependency */,
			);
			name = gtest_main;
			productName = gtest_main;
			productReference = 502CB378681A4DB99F1C2C70 /* gtest_main */;
			productType = "com.apple.product-type.library.static";
		};
		67E9D428C3804F83A2CC9FA8 /* gmock_main */ = {
			isa = PBXNativeTarget;
			buildConfigurationList = 367E049D2C7F49559CB42F60 /* Build configuration list for PBXNativeTarget "gmock_main" */;
			buildPhases = (
				D7ACA7C3397F48C49144713E /* Sources */,
				0DC4A78D32504C9D8AF0B66B /* Frameworks */,
			);
			buildRules = (
			);
			dependencies = (
				F7193C174748459D82B24342 /* PBXTargetDependency */,
				4EF62CF3C14F4BC1A84B1B1B /* PBXTargetDependency */,
				BDC47B10374C4ECC9BC0D501 /* PBXTargetDependency */,
			);
			name = gmock_main;
			productName = gmock_main;
			productReference = 046196F61A6446819FC073DD /* gmock_main */;
			productType = "com.apple.product-type.library.static";
		};
		DB13B222568F42ACADA6160F /* gmock */ = {
			isa = PBXNativeTarget;
			buildConfigurationList = 1F20F4F52BC14777BF033F69 /* Build configuration list for PBXNativeTarget "gmock" */;
			buildPhases = (
				37AA68F3A8664E3AAAA3AB86 /* Sources */,
				37467C396DF748C8A6A0F98F /* Frameworks */,
			);
			buildRules = (
			);
			dependencies = (
				46B16865984A4AC685831809 /* PBXTargetDependency */,
				200B3CC4DCC042949D5D6C9A /* PBXTargetDependency */,
			);
			name = gmock;
			productName = gmock;
			productReference = 2BA1C2BFD71C45C6A7C1BDD6 /* gmock */;
			productType = "com.apple.product-type.library.static";
		};
/* End PBXNativeTarget section */

/* Begin PBXProject section */
		E8E269489ABF4B3E88693F3D /* Project object */ = {
			isa = PBXProject;
			attributes = {
				BuildIndependentTargetsInParallel = YES;
				LastUpgradeCheck = 1420;
			};
			buildConfigurationList = AD339D37E1E44E959A7337AE /* Build configuration list for PBXProject "gmock" */;
			buildSettings = {
			};
			buildStyles = (
				756FAC53FDFE45FA88AAFA88 /* Debug */,
				399FE8AEF5C649B1B15212BD /* Release */,
				9B6747CA4DFA4E9EB1F876EB /* MinSizeRel */,
				84DD78D7AF9449ABB58883D3 /* RelWithDebInfo */,
			);
			compatibilityVersion = "Xcode 3.2";
			hasScannedForEncodings = 0;
			mainGroup = 8DE22CC7E00344CB9D320EF4;
			projectDirPath = "/Users/liloualidor/Documents/IMAC/annee_2/C++/S3/Projet_prog_S3/googletest/googlemock";
			projectRoot = "";
			targets = (
				70A9133FCEB24BDB8A8EE4CA /* ALL_BUILD */,
				5800C5A9629847038D096DAF /* ZERO_CHECK */,
				DB13B222568F42ACADA6160F /* gmock */,
				67E9D428C3804F83A2CC9FA8 /* gmock_main */,
				37A34E7B8A8E4C089743BF97 /* gtest */,
				59579BB5F008471AB02F79D3 /* gtest_main */,
				5E4F83E575664516BD87B2CF /* install */,
			);
		};
/* End PBXProject section */

/* Begin PBXShellScriptBuildPhase section */
		3C0110FC8322DE7E50886E21 = {
			isa = PBXShellScriptBuildPhase;
			buildActionMask = 2147483647;
			files = (
			);
			inputPaths = (
			);
			outputPaths = (
			);
			runOnlyForDeploymentPostprocessing = 0;
			shellPath = /bin/sh;
			shellScript = "# shell script goes here
exit 0";
			showEnvVarsInLog = 0;
		};
		4684D8BE08F5E8B650054912 /* Generate CMakeFiles/ALL_BUILD */ = {
			isa = PBXShellScriptBuildPhase;
			alwaysOutOfDate = 1;
			buildActionMask = 2147483647;
			files = (
			);
			inputPaths = (
			);
			name = "Generate CMakeFiles/ALL_BUILD";
			outputPaths = (
"/Users/liloualidor/Documents/IMAC/annee_2/C++/S3/Projet_prog_S3/build-xcode/googletest/googlemock/CMakeFiles/ALL_BUILD"			);
			runOnlyForDeploymentPostprocessing = 0;
			shellPath = /bin/sh;
			shellScript = "set -e
if test \"$CONFIGURATION\" = \"Debug\"; then :
  cd /Users/liloualidor/Documents/IMAC/annee_2/C++/S3/Projet_prog_S3/build-xcode/googletest/googlemock
  echo Build\\ all\\ projects
fi
if test \"$CONFIGURATION\" = \"Release\"; then :
  cd /Users/liloualidor/Documents/IMAC/annee_2/C++/S3/Projet_prog_S3/build-xcode/googletest/googlemock
  echo Build\\ all\\ projects
fi
if test \"$CONFIGURATION\" = \"MinSizeRel\"; then :
  cd /Users/liloualidor/Documents/IMAC/annee_2/C++/S3/Projet_prog_S3/build-xcode/googletest/googlemock
  echo Build\\ all\\ projects
fi
if test \"$CONFIGURATION\" = \"RelWithDebInfo\"; then :
  cd /Users/liloualidor/Documents/IMAC/annee_2/C++/S3/Projet_prog_S3/build-xcode/googletest/googlemock
  echo Build\\ all\\ projects
fi
";
			showEnvVarsInLog = 0;
		};
		87AF4882E018677E2624B544 = {
			isa = PBXShellScriptBuildPhase;
			buildActionMask = 2147483647;
			files = (
			);
			inputPaths = (
			);
			outputPaths = (
			);
			runOnlyForDeploymentPostprocessing = 0;
			shellPath = /bin/sh;
			shellScript = "# shell script goes here
exit 0";
			showEnvVarsInLog = 0;
		};
		93426DA6A4AC2C2AC9CE883C /* CMake PostBuild Rules */ = {
			isa = PBXShellScriptBuildPhase;
			alwaysOutOfDate = 1;
			buildActionMask = 2147483647;
			files = (
			);
			name = "CMake PostBuild Rules";
			outputPaths = (
			);
			runOnlyForDeploymentPostprocessing = 0;
			shellPath = /bin/sh;
			shellScript = "set -e
if test \"$CONFIGURATION\" = \"Debug\"; then :
  cd /Users/liloualidor/Documents/IMAC/annee_2/C++/S3/Projet_prog_S3/build-xcode/googletest/googlemock
  /opt/homebrew/Cellar/cmake/3.25.0/bin/cmake -DBUILD_TYPE=$CONFIGURATION$EFFECTIVE_PLATFORM_NAME -P cmake_install.cmake
fi
if test \"$CONFIGURATION\" = \"Release\"; then :
  cd /Users/liloualidor/Documents/IMAC/annee_2/C++/S3/Projet_prog_S3/build-xcode/googletest/googlemock
  /opt/homebrew/Cellar/cmake/3.25.0/bin/cmake -DBUILD_TYPE=$CONFIGURATION$EFFECTIVE_PLATFORM_NAME -P cmake_install.cmake
fi
if test \"$CONFIGURATION\" = \"MinSizeRel\"; then :
  cd /Users/liloualidor/Documents/IMAC/annee_2/C++/S3/Projet_prog_S3/build-xcode/googletest/googlemock
  /opt/homebrew/Cellar/cmake/3.25.0/bin/cmake -DBUILD_TYPE=$CONFIGURATION$EFFECTIVE_PLATFORM_NAME -P cmake_install.cmake
fi
if test \"$CONFIGURATION\" = \"RelWithDebInfo\"; then :
  cd /Users/liloualidor/Documents/IMAC/annee_2/C++/S3/Projet_prog_S3/build-xcode/googletest/googlemock
  /opt/homebrew/Cellar/cmake/3.25.0/bin/cmake -DBUILD_TYPE=$CONFIGURATION$EFFECTIVE_PLATFORM_NAME -P cmake_install.cmake
fi
";
			showEnvVarsInLog = 0;
		};
		9B50530E35CC49C82C2FACCF = {
			isa = PBXShellScriptBuildPhase;
			buildActionMask = 2147483647;
			files = (
			);
			inputPaths = (
			);
			outputPaths = (
			);
			runOnlyForDeploymentPostprocessing = 0;
			shellPath = /bin/sh;
			shellScript = "# shell script goes here
exit 0";
			showEnvVarsInLog = 0;
		};
		D6FB35DDAE44AFC785D8C16D /* Generate CMakeFiles/ZERO_CHECK */ = {
			isa = PBXShellScriptBuildPhase;
			alwaysOutOfDate = 1;
			buildActionMask = 2147483647;
			files = (
			);
			inputPaths = (
			);
			name = "Generate CMakeFiles/ZERO_CHECK";
			outputPaths = (
"/Users/liloualidor/Documents/IMAC/annee_2/C++/S3/Projet_prog_S3/build-xcode/googletest/googlemock/CMakeFiles/ZERO_CHECK"			);
			runOnlyForDeploymentPostprocessing = 0;
			shellPath = /bin/sh;
			shellScript = "set -e
if test \"$CONFIGURATION\" = \"Debug\"; then :
  cd /Users/liloualidor/Documents/IMAC/annee_2/C++/S3/Projet_prog_S3/build-xcode/googletest/googlemock
  make -f /Users/liloualidor/Documents/IMAC/annee_2/C++/S3/Projet_prog_S3/build-xcode/googletest/googlemock/CMakeScripts/ReRunCMake.make
fi
if test \"$CONFIGURATION\" = \"Release\"; then :
  cd /Users/liloualidor/Documents/IMAC/annee_2/C++/S3/Projet_prog_S3/build-xcode/googletest/googlemock
  make -f /Users/liloualidor/Documents/IMAC/annee_2/C++/S3/Projet_prog_S3/build-xcode/googletest/googlemock/CMakeScripts/ReRunCMake.make
fi
if test \"$CONFIGURATION\" = \"MinSizeRel\"; then :
  cd /Users/liloualidor/Documents/IMAC/annee_2/C++/S3/Projet_prog_S3/build-xcode/googletest/googlemock
  make -f /Users/liloualidor/Documents/IMAC/annee_2/C++/S3/Projet_prog_S3/build-xcode/googletest/googlemock/CMakeScripts/ReRunCMake.make
fi
if test \"$CONFIGURATION\" = \"RelWithDebInfo\"; then :
  cd /Users/liloualidor/Documents/IMAC/annee_2/C++/S3/Projet_prog_S3/build-xcode/googletest/googlemock
  make -f /Users/liloualidor/Documents/IMAC/annee_2/C++/S3/Projet_prog_S3/build-xcode/googletest/googlemock/CMakeScripts/ReRunCMake.make
fi
";
			showEnvVarsInLog = 0;
		};
/* End PBXShellScriptBuildPhase section */

/* Begin PBXSourcesBuildPhase section */
		2556DCB487674AD19452A41C /* Sources */ = {
			isa = PBXSourcesBuildPhase;
			buildActionMask = 2147483647;
			files = (
				19E29C51C18543C6AD68D0BF /* /Users/liloualidor/Documents/IMAC/annee_2/C++/S3/Projet_prog_S3/googletest/googletest/src/gtest_main.cc */,
			);
			runOnlyForDeploymentPostprocessing = 0;
		};
		37AA68F3A8664E3AAAA3AB86 /* Sources */ = {
			isa = PBXSourcesBuildPhase;
			buildActionMask = 2147483647;
			files = (
				96459DDC70D84B2DA3E09D9E /* /Users/liloualidor/Documents/IMAC/annee_2/C++/S3/Projet_prog_S3/googletest/googlemock/src/gmock-all.cc */,
			);
			runOnlyForDeploymentPostprocessing = 0;
		};
		D2EED3A2E4A745DC827425A6 /* Sources */ = {
			isa = PBXSourcesBuildPhase;
			buildActionMask = 2147483647;
			files = (
				EA7822DDA78044689269A0F6 /* /Users/liloualidor/Documents/IMAC/annee_2/C++/S3/Projet_prog_S3/googletest/googletest/src/gtest-all.cc */,
			);
			runOnlyForDeploymentPostprocessing = 0;
		};
		D7ACA7C3397F48C49144713E /* Sources */ = {
			isa = PBXSourcesBuildPhase;
			buildActionMask = 2147483647;
			files = (
				F221117B50D949C0AC4FB0E5 /* /Users/liloualidor/Documents/IMAC/annee_2/C++/S3/Projet_prog_S3/googletest/googlemock/src/gmock_main.cc */,
			);
			runOnlyForDeploymentPostprocessing = 0;
		};
/* End PBXSourcesBuildPhase section */

/* Begin PBXTargetDependency section */
		200B3CC4DCC042949D5D6C9A /* PBXTargetDependency */ = {
			isa = PBXTargetDependency;
			target = 5800C5A9629847038D096DAF /* ZERO_CHECK */;
			targetProxy = DFD7069D26E24D3AA43F00F8 /* PBXContainerItemProxy */;
		};
		206E98B811F74949BEA8956C /* PBXTargetDependency */ = {
			isa = PBXTargetDependency;
			target = DB13B222568F42ACADA6160F /* gmock */;
			targetProxy = BD7A044D3BC4407C996E6E4D /* PBXContainerItemProxy */;
		};
		46B16865984A4AC685831809 /* PBXTargetDependency */ = {
			isa = PBXTargetDependency;
			target = 37A34E7B8A8E4C089743BF97 /* gtest */;
			targetProxy = 4F6E4C43A94D47B983BFE349 /* PBXContainerItemProxy */;
		};
		4EF62CF3C14F4BC1A84B1B1B /* PBXTargetDependency */ = {
			isa = PBXTargetDependency;
			target = 37A34E7B8A8E4C089743BF97 /* gtest */;
			targetProxy = 1CD4AD35C62A419D95440C27 /* PBXContainerItemProxy */;
		};
		7C206864F6494CBEA5A2CF30 /* PBXTargetDependency */ = {
			isa = PBXTargetDependency;
			target = 5800C5A9629847038D096DAF /* ZERO_CHECK */;
			targetProxy = 6CE3A523A24F4658A21A7400 /* PBXContainerItemProxy */;
		};
		960B414B64464806BB89D0CF /* PBXTargetDependency */ = {
			isa = PBXTargetDependency;
			target = 70A9133FCEB24BDB8A8EE4CA /* ALL_BUILD */;
			targetProxy = 3E97942AE96C4097B94A9546 /* PBXContainerItemProxy */;
		};
		99C36139330445A49D2C3A5F /* PBXTargetDependency */ = {
			isa = PBXTargetDependency;
			target = 67E9D428C3804F83A2CC9FA8 /* gmock_main */;
			targetProxy = 5A38497B2DAC4F629CB63119 /* PBXContainerItemProxy */;
		};
		BDC47B10374C4ECC9BC0D501 /* PBXTargetDependency */ = {
			isa = PBXTargetDependency;
			target = 5800C5A9629847038D096DAF /* ZERO_CHECK */;
			targetProxy = 3E03FAD6CB9248E2BDBB930D /* PBXContainerItemProxy */;
		};
		C510A208B5B6404783753942 /* PBXTargetDependency */ = {
			isa = PBXTargetDependency;
			target = 59579BB5F008471AB02F79D3 /* gtest_main */;
			targetProxy = 9D07CD872B58440D8767F4A3 /* PBXContainerItemProxy */;
		};
		DFBF3668ACC14016BA3444A6 /* PBXTargetDependency */ = {
			isa = PBXTargetDependency;
			target = 37A34E7B8A8E4C089743BF97 /* gtest */;
			targetProxy = 4166F91A33DA4829A97965C1 /* PBXContainerItemProxy */;
		};
		F7193C174748459D82B24342 /* PBXTargetDependency */ = {
			isa = PBXTargetDependency;
			target = DB13B222568F42ACADA6160F /* gmock */;
			targetProxy = 63109EA0C871495BBEEBF727 /* PBXContainerItemProxy */;
		};
		FF0903D6F9034DB89920755F /* PBXTargetDependency */ = {
			isa = PBXTargetDependency;
			target = 37A34E7B8A8E4C089743BF97 /* gtest */;
			targetProxy = F1400C5620E64DD796D3535F /* PBXContainerItemProxy */;
		};
/* End PBXTargetDependency section */

/* Begin XCBuildConfiguration section */
		0DCF2B3958704D78B1B5988C /* Release */ = {
			isa = XCBuildConfiguration;
			buildSettings = {
				ARCHS = arm64;
				COMBINE_HIDPI_IMAGES = YES;
				GCC_GENERATE_DEBUGGING_SYMBOLS = YES;
				GCC_INLINES_ARE_PRIVATE_EXTERN = NO;
				GCC_OPTIMIZATION_LEVEL = 0;
				GCC_PREPROCESSOR_DEFINITIONS = ("'CMAKE_INTDIR=\"$(CONFIGURATION)$(EFFECTIVE_PLATFORM_NAME)\"'","$(inherited)");
				GCC_SYMBOLS_PRIVATE_EXTERN = NO;
				INSTALL_PATH = "";
				ONLY_ACTIVE_ARCH = NO;
				OTHER_LDFLAGS = ("","$(inherited)");
				OTHER_REZFLAGS = "";
				PRODUCT_NAME = ALL_BUILD;
				SECTORDER_FLAGS = "";
				USE_HEADERMAP = NO;
				WARNING_CFLAGS = ("$(inherited)");
			};
			name = Release;
		};
		14AB5ABA19E749F48C91ACAC /* Release */ = {
			isa = XCBuildConfiguration;
			buildSettings = {
				ARCHS = arm64;
				COMBINE_HIDPI_IMAGES = YES;
				CONFIGURATION_BUILD_DIR = "/Users/liloualidor/Documents/IMAC/annee_2/C++/S3/Projet_prog_S3/build-xcode/lib/Release";
				EXECUTABLE_PREFIX = lib;
				EXECUTABLE_SUFFIX = .a;
				GCC_GENERATE_DEBUGGING_SYMBOLS = NO;
				GCC_INLINES_ARE_PRIVATE_EXTERN = NO;
				GCC_OPTIMIZATION_LEVEL = 3;
				GCC_PREPROCESSOR_DEFINITIONS = ("'CMAKE_INTDIR=\"$(CONFIGURATION)$(EFFECTIVE_PLATFORM_NAME)\"'","$(inherited)");
				GCC_SYMBOLS_PRIVATE_EXTERN = NO;
				HEADER_SEARCH_PATHS = ("/Users/liloualidor/Documents/IMAC/annee_2/C++/S3/Projet_prog_S3/RatioLib/include","/Users/liloualidor/Documents/IMAC/annee_2/C++/S3/Projet_prog_S3/googletest/googletest/include","/Users/liloualidor/Documents/IMAC/annee_2/C++/S3/Projet_prog_S3/googletest/googletest","$(inherited)");
				INSTALL_PATH = "";
				LIBRARY_STYLE = STATIC;
				ONLY_ACTIVE_ARCH = NO;
				OTHER_CPLUSPLUSFLAGS = "    -DNDEBUG  -DGTEST_HAS_PTHREAD=1   '-std=c++11' ";
				OTHER_LIBTOOLFLAGS = ("");
				OTHER_REZFLAGS = "";
				PRODUCT_NAME = gtest;
				SECTORDER_FLAGS = "";
				TARGET_TEMP_DIR = "/Users/liloualidor/Documents/IMAC/annee_2/C++/S3/Projet_prog_S3/build-xcode/build/gtest.build/$(CONFIGURATION)$(EFFECTIVE_PLATFORM_NAME)";
				USE_HEADERMAP = NO;
				WARNING_CFLAGS = ("$(inherited)");
			};
			name = Release;
		};
		172979D48A20453EA0C7AFEC /* Release */ = {
			isa = XCBuildConfiguration;
			buildSettings = {
				ARCHS = arm64;
				COMBINE_HIDPI_IMAGES = YES;
				CONFIGURATION_BUILD_DIR = "/Users/liloualidor/Documents/IMAC/annee_2/C++/S3/Projet_prog_S3/build-xcode/lib/Release";
				EXECUTABLE_PREFIX = lib;
				EXECUTABLE_SUFFIX = .a;
				GCC_GENERATE_DEBUGGING_SYMBOLS = NO;
				GCC_INLINES_ARE_PRIVATE_EXTERN = NO;
				GCC_OPTIMIZATION_LEVEL = 3;
				GCC_PREPROCESSOR_DEFINITIONS = ("'CMAKE_INTDIR=\"$(CONFIGURATION)$(EFFECTIVE_PLATFORM_NAME)\"'","$(inherited)");
				GCC_SYMBOLS_PRIVATE_EXTERN = NO;
				HEADER_SEARCH_PATHS = ("/Users/liloualidor/Documents/IMAC/annee_2/C++/S3/Projet_prog_S3/RatioLib/include","$(inherited)");
				INSTALL_PATH = "";
				LIBRARY_STYLE = STATIC;
				ONLY_ACTIVE_ARCH = NO;
				OTHER_CPLUSPLUSFLAGS = "    -DNDEBUG  -DGTEST_HAS_PTHREAD=1   '-std=c++11' ";
				OTHER_LIBTOOLFLAGS = ("");
				OTHER_REZFLAGS = "";
				PRODUCT_NAME = gmock_main;
				SECTORDER_FLAGS = "";
				SYSTEM_HEADER_SEARCH_PATHS = ("/Users/liloualidor/Documents/IMAC/annee_2/C++/S3/Projet_prog_S3/googletest/googlemock/include","/Users/liloualidor/Documents/IMAC/annee_2/C++/S3/Projet_prog_S3/googletest/googlemock","/Users/liloualidor/Documents/IMAC/annee_2/C++/S3/Projet_prog_S3/googletest/googletest/include","/Users/liloualidor/Documents/IMAC/annee_2/C++/S3/Projet_prog_S3/googletest/googletest","$(inherited)");
				TARGET_TEMP_DIR = "/Users/liloualidor/Documents/IMAC/annee_2/C++/S3/Projet_prog_S3/build-xcode/build/gmock_main.build/$(CONFIGURATION)$(EFFECTIVE_PLATFORM_NAME)";
				USE_HEADERMAP = NO;
				WARNING_CFLAGS = ("$(inherited)");
			};
			name = Release;
		};
		22C5B7C6487F475B80293AF4 /* Debug */ = {
			isa = XCBuildConfiguration;
			buildSettings = {
				ARCHS = arm64;
				COMBINE_HIDPI_IMAGES = YES;
				CONFIGURATION_BUILD_DIR = "/Users/liloualidor/Documents/IMAC/annee_2/C++/S3/Projet_prog_S3/build-xcode/lib/Debug";
				EXECUTABLE_PREFIX = lib;
				EXECUTABLE_SUFFIX = .a;
				GCC_GENERATE_DEBUGGING_SYMBOLS = YES;
				GCC_INLINES_ARE_PRIVATE_EXTERN = NO;
				GCC_OPTIMIZATION_LEVEL = 0;
				GCC_PREPROCESSOR_DEFINITIONS = ("'CMAKE_INTDIR=\"$(CONFIGURATION)$(EFFECTIVE_PLATFORM_NAME)\"'","$(inherited)");
				GCC_SYMBOLS_PRIVATE_EXTERN = NO;
				HEADER_SEARCH_PATHS = ("/Users/liloualidor/Documents/IMAC/annee_2/C++/S3/Projet_prog_S3/RatioLib/include","/Users/liloualidor/Documents/IMAC/annee_2/C++/S3/Projet_prog_S3/googletest/googletest/include","/Users/liloualidor/Documents/IMAC/annee_2/C++/S3/Projet_prog_S3/googletest/googletest","$(inherited)");
				INSTALL_PATH = "";
				LIBRARY_STYLE = STATIC;
				ONLY_ACTIVE_ARCH = NO;
				OTHER_CPLUSPLUSFLAGS = "    -DGTEST_HAS_PTHREAD=1   '-std=c++11' ";
				OTHER_LIBTOOLFLAGS = ("");
				OTHER_REZFLAGS = "";
				PRODUCT_NAME = gtestd;
				SECTORDER_FLAGS = "";
				TARGET_TEMP_DIR = "/Users/liloualidor/Documents/IMAC/annee_2/C++/S3/Projet_prog_S3/build-xcode/build/gtest.build/$(CONFIGURATION)$(EFFECTIVE_PLATFORM_NAME)";
				USE_HEADERMAP = NO;
				WARNING_CFLAGS = ("$(inherited)");
			};
			name = Debug;
		};
		2388286D832A47DA998F6266 /* MinSizeRel */ = {
			isa = XCBuildConfiguration;
			buildSettings = {
				ARCHS = arm64;
				COMBINE_HIDPI_IMAGES = YES;
				CONFIGURATION_BUILD_DIR = "/Users/liloualidor/Documents/IMAC/annee_2/C++/S3/Projet_prog_S3/build-xcode/lib/MinSizeRel";
				EXECUTABLE_PREFIX = lib;
				EXECUTABLE_SUFFIX = .a;
				GCC_GENERATE_DEBUGGING_SYMBOLS = NO;
				GCC_INLINES_ARE_PRIVATE_EXTERN = NO;
				GCC_OPTIMIZATION_LEVEL = s;
				GCC_PREPROCESSOR_DEFINITIONS = ("'CMAKE_INTDIR=\"$(CONFIGURATION)$(EFFECTIVE_PLATFORM_NAME)\"'","$(inherited)");
				GCC_SYMBOLS_PRIVATE_EXTERN = NO;
				HEADER_SEARCH_PATHS = ("/Users/liloualidor/Documents/IMAC/annee_2/C++/S3/Projet_prog_S3/RatioLib/include","/Users/liloualidor/Documents/IMAC/annee_2/C++/S3/Projet_prog_S3/googletest/googlemock/include","/Users/liloualidor/Documents/IMAC/annee_2/C++/S3/Projet_prog_S3/googletest/googlemock","$(inherited)");
				INSTALL_PATH = "";
				LIBRARY_STYLE = STATIC;
				ONLY_ACTIVE_ARCH = NO;
				OTHER_CPLUSPLUSFLAGS = "    -DNDEBUG  -DGTEST_HAS_PTHREAD=1   '-std=c++11' ";
				OTHER_LIBTOOLFLAGS = ("");
				OTHER_REZFLAGS = "";
				PRODUCT_NAME = gmock;
				SECTORDER_FLAGS = "";
				SYSTEM_HEADER_SEARCH_PATHS = ("/Users/liloualidor/Documents/IMAC/annee_2/C++/S3/Projet_prog_S3/googletest/googletest/include","/Users/liloualidor/Documents/IMAC/annee_2/C++/S3/Projet_prog_S3/googletest/googletest","$(inherited)");
				TARGET_TEMP_DIR = "/Users/liloualidor/Documents/IMAC/annee_2/C++/S3/Projet_prog_S3/build-xcode/build/gmock.build/$(CONFIGURATION)$(EFFECTIVE_PLATFORM_NAME)";
				USE_HEADERMAP = NO;
				WARNING_CFLAGS = ("$(inherited)");
			};
			name = MinSizeRel;
		};
		26306A2A5EBD4C9A9AA7E8A4 /* Release */ = {
			isa = XCBuildConfiguration;
			buildSettings = {
				ARCHS = arm64;
				COMBINE_HIDPI_IMAGES = YES;
				CONFIGURATION_BUILD_DIR = "/Users/liloualidor/Documents/IMAC/annee_2/C++/S3/Projet_prog_S3/build-xcode/lib/Release";
				EXECUTABLE_PREFIX = lib;
				EXECUTABLE_SUFFIX = .a;
				GCC_GENERATE_DEBUGGING_SYMBOLS = NO;
				GCC_INLINES_ARE_PRIVATE_EXTERN = NO;
				GCC_OPTIMIZATION_LEVEL = 3;
				GCC_PREPROCESSOR_DEFINITIONS = ("'CMAKE_INTDIR=\"$(CONFIGURATION)$(EFFECTIVE_PLATFORM_NAME)\"'","$(inherited)");
				GCC_SYMBOLS_PRIVATE_EXTERN = NO;
				HEADER_SEARCH_PATHS = ("/Users/liloualidor/Documents/IMAC/annee_2/C++/S3/Projet_prog_S3/RatioLib/include","$(inherited)");
				INSTALL_PATH = "";
				LIBRARY_STYLE = STATIC;
				ONLY_ACTIVE_ARCH = NO;
				OTHER_CPLUSPLUSFLAGS = "    -DNDEBUG  -DGTEST_HAS_PTHREAD=1   '-std=c++11' ";
				OTHER_LIBTOOLFLAGS = ("");
				OTHER_REZFLAGS = "";
				PRODUCT_NAME = gtest_main;
				SECTORDER_FLAGS = "";
				SYSTEM_HEADER_SEARCH_PATHS = ("/Users/liloualidor/Documents/IMAC/annee_2/C++/S3/Projet_prog_S3/googletest/googletest/include","/Users/liloualidor/Documents/IMAC/annee_2/C++/S3/Projet_prog_S3/googletest/googletest","$(inherited)");
				TARGET_TEMP_DIR = "/Users/liloualidor/Documents/IMAC/annee_2/C++/S3/Projet_prog_S3/build-xcode/build/gtest_main.build/$(CONFIGURATION)$(EFFECTIVE_PLATFORM_NAME)";
				USE_HEADERMAP = NO;
				WARNING_CFLAGS = ("$(inherited)");
			};
			name = Release;
		};
		29B9BDF119224D18A10FEC46 /* RelWithDebInfo */ = {
			isa = XCBuildConfiguration;
			buildSettings = {
				ARCHS = arm64;
				COMBINE_HIDPI_IMAGES = YES;
				GCC_GENERATE_DEBUGGING_SYMBOLS = YES;
				GCC_INLINES_ARE_PRIVATE_EXTERN = NO;
				GCC_OPTIMIZATION_LEVEL = 0;
				GCC_PREPROCESSOR_DEFINITIONS = ("'CMAKE_INTDIR=\"$(CONFIGURATION)$(EFFECTIVE_PLATFORM_NAME)\"'","$(inherited)");
				GCC_SYMBOLS_PRIVATE_EXTERN = NO;
				INSTALL_PATH = "";
				ONLY_ACTIVE_ARCH = NO;
				OTHER_LDFLAGS = ("","$(inherited)");
				OTHER_REZFLAGS = "";
				PRODUCT_NAME = install;
				SECTORDER_FLAGS = "";
				USE_HEADERMAP = NO;
				WARNING_CFLAGS = ("$(inherited)");
			};
			name = RelWithDebInfo;
		};
		31BE4A503F3C4531A09A39D1 /* Release */ = {
			isa = XCBuildConfiguration;
			buildSettings = {
				ARCHS = arm64;
				COMBINE_HIDPI_IMAGES = YES;
				CONFIGURATION_BUILD_DIR = "/Users/liloualidor/Documents/IMAC/annee_2/C++/S3/Projet_prog_S3/build-xcode/lib/Release";
				EXECUTABLE_PREFIX = lib;
				EXECUTABLE_SUFFIX = .a;
				GCC_GENERATE_DEBUGGING_SYMBOLS = NO;
				GCC_INLINES_ARE_PRIVATE_EXTERN = NO;
				GCC_OPTIMIZATION_LEVEL = 3;
				GCC_PREPROCESSOR_DEFINITIONS = ("'CMAKE_INTDIR=\"$(CONFIGURATION)$(EFFECTIVE_PLATFORM_NAME)\"'","$(inherited)");
				GCC_SYMBOLS_PRIVATE_EXTERN = NO;
				HEADER_SEARCH_PATHS = ("/Users/liloualidor/Documents/IMAC/annee_2/C++/S3/Projet_prog_S3/RatioLib/include","/Users/liloualidor/Documents/IMAC/annee_2/C++/S3/Projet_prog_S3/googletest/googlemock/include","/Users/liloualidor/Documents/IMAC/annee_2/C++/S3/Projet_prog_S3/googletest/googlemock","$(inherited)");
				INSTALL_PATH = "";
				LIBRARY_STYLE = STATIC;
				ONLY_ACTIVE_ARCH = NO;
				OTHER_CPLUSPLUSFLAGS = "    -DNDEBUG  -DGTEST_HAS_PTHREAD=1   '-std=c++11' ";
				OTHER_LIBTOOLFLAGS = ("");
				OTHER_REZFLAGS = "";
				PRODUCT_NAME = gmock;
				SECTORDER_FLAGS = "";
				SYSTEM_HEADER_SEARCH_PATHS = ("/Users/liloualidor/Documents/IMAC/annee_2/C++/S3/Projet_prog_S3/googletest/googletest/include","/Users/liloualidor/Documents/IMAC/annee_2/C++/S3/Projet_prog_S3/googletest/googletest","$(inherited)");
				TARGET_TEMP_DIR = "/Users/liloualidor/Documents/IMAC/annee_2/C++/S3/Projet_prog_S3/build-xcode/build/gmock.build/$(CONFIGURATION)$(EFFECTIVE_PLATFORM_NAME)";
				USE_HEADERMAP = NO;
				WARNING_CFLAGS = ("$(inherited)");
			};
			name = Release;
		};
		339E02DD41E14EF782B6785C /* MinSizeRel */ = {
			isa = XCBuildConfiguration;
			buildSettings = {
				ARCHS = arm64;
				COMBINE_HIDPI_IMAGES = YES;
				CONFIGURATION_BUILD_DIR = "/Users/liloualidor/Documents/IMAC/annee_2/C++/S3/Projet_prog_S3/build-xcode/lib/MinSizeRel";
				EXECUTABLE_PREFIX = lib;
				EXECUTABLE_SUFFIX = .a;
				GCC_GENERATE_DEBUGGING_SYMBOLS = NO;
				GCC_INLINES_ARE_PRIVATE_EXTERN = NO;
				GCC_OPTIMIZATION_LEVEL = s;
				GCC_PREPROCESSOR_DEFINITIONS = ("'CMAKE_INTDIR=\"$(CONFIGURATION)$(EFFECTIVE_PLATFORM_NAME)\"'","$(inherited)");
				GCC_SYMBOLS_PRIVATE_EXTERN = NO;
				HEADER_SEARCH_PATHS = ("/Users/liloualidor/Documents/IMAC/annee_2/C++/S3/Projet_prog_S3/RatioLib/include","/Users/liloualidor/Documents/IMAC/annee_2/C++/S3/Projet_prog_S3/googletest/googletest/include","/Users/liloualidor/Documents/IMAC/annee_2/C++/S3/Projet_prog_S3/googletest/googletest","$(inherited)");
				INSTALL_PATH = "";
				LIBRARY_STYLE = STATIC;
				ONLY_ACTIVE_ARCH = NO;
				OTHER_CPLUSPLUSFLAGS = "    -DNDEBUG  -DGTEST_HAS_PTHREAD=1   '-std=c++11' ";
				OTHER_LIBTOOLFLAGS = ("");
				OTHER_REZFLAGS = "";
				PRODUCT_NAME = gtest;
				SECTORDER_FLAGS = "";
				TARGET_TEMP_DIR = "/Users/liloualidor/Documents/IMAC/annee_2/C++/S3/Projet_prog_S3/build-xcode/build/gtest.build/$(CONFIGURATION)$(EFFECTIVE_PLATFORM_NAME)";
				USE_HEADERMAP = NO;
				WARNING_CFLAGS = ("$(inherited)");
			};
			name = MinSizeRel;
		};
		35CED8ECE3EE436891D10D8D /* MinSizeRel */ = {
			isa = XCBuildConfiguration;
			buildSettings = {
				ARCHS = arm64;
				COMBINE_HIDPI_IMAGES = YES;
				GCC_GENERATE_DEBUGGING_SYMBOLS = YES;
				GCC_INLINES_ARE_PRIVATE_EXTERN = NO;
				GCC_OPTIMIZATION_LEVEL = 0;
				GCC_PREPROCESSOR_DEFINITIONS = ("'CMAKE_INTDIR=\"$(CONFIGURATION)$(EFFECTIVE_PLATFORM_NAME)\"'","$(inherited)");
				GCC_SYMBOLS_PRIVATE_EXTERN = NO;
				INSTALL_PATH = "";
				ONLY_ACTIVE_ARCH = NO;
				OTHER_LDFLAGS = ("","$(inherited)");
				OTHER_REZFLAGS = "";
				PRODUCT_NAME = ZERO_CHECK;
				SECTORDER_FLAGS = "";
				USE_HEADERMAP = NO;
				WARNING_CFLAGS = ("$(inherited)");
			};
			name = MinSizeRel;
		};
		398639D3E96B43369A0C1AF2 /* Debug */ = {
			isa = XCBuildConfiguration;
			buildSettings = {
				ARCHS = arm64;
				COMBINE_HIDPI_IMAGES = YES;
				CONFIGURATION_BUILD_DIR = "/Users/liloualidor/Documents/IMAC/annee_2/C++/S3/Projet_prog_S3/build-xcode/lib/Debug";
				EXECUTABLE_PREFIX = lib;
				EXECUTABLE_SUFFIX = .a;
				GCC_GENERATE_DEBUGGING_SYMBOLS = YES;
				GCC_INLINES_ARE_PRIVATE_EXTERN = NO;
				GCC_OPTIMIZATION_LEVEL = 0;
				GCC_PREPROCESSOR_DEFINITIONS = ("'CMAKE_INTDIR=\"$(CONFIGURATION)$(EFFECTIVE_PLATFORM_NAME)\"'","$(inherited)");
				GCC_SYMBOLS_PRIVATE_EXTERN = NO;
				HEADER_SEARCH_PATHS = ("/Users/liloualidor/Documents/IMAC/annee_2/C++/S3/Projet_prog_S3/RatioLib/include","$(inherited)");
				INSTALL_PATH = "";
				LIBRARY_STYLE = STATIC;
				ONLY_ACTIVE_ARCH = NO;
				OTHER_CPLUSPLUSFLAGS = "    -DGTEST_HAS_PTHREAD=1   '-std=c++11' ";
				OTHER_LIBTOOLFLAGS = ("");
				OTHER_REZFLAGS = "";
				PRODUCT_NAME = gtest_maind;
				SECTORDER_FLAGS = "";
				SYSTEM_HEADER_SEARCH_PATHS = ("/Users/liloualidor/Documents/IMAC/annee_2/C++/S3/Projet_prog_S3/googletest/googletest/include","/Users/liloualidor/Documents/IMAC/annee_2/C++/S3/Projet_prog_S3/googletest/googletest","$(inherited)");
				TARGET_TEMP_DIR = "/Users/liloualidor/Documents/IMAC/annee_2/C++/S3/Projet_prog_S3/build-xcode/build/gtest_main.build/$(CONFIGURATION)$(EFFECTIVE_PLATFORM_NAME)";
				USE_HEADERMAP = NO;
				WARNING_CFLAGS = ("$(inherited)");
			};
			name = Debug;
		};
		4232CD5DD17F41CDBD9C78FD /* Release */ = {
			isa = XCBuildConfiguration;
			buildSettings = {
				ARCHS = arm64;
				SDKROOT = /Applications/Xcode.app/Contents/Developer/Platforms/MacOSX.platform/Developer/SDKs/MacOSX13.1.sdk;
				SYMROOT = "/Users/liloualidor/Documents/IMAC/annee_2/C++/S3/Projet_prog_S3/build-xcode/build";
			};
			name = Release;
		};
		42334AAD42374EB589109B08 /* MinSizeRel */ = {
			isa = XCBuildConfiguration;
			buildSettings = {
				ARCHS = arm64;
				COMBINE_HIDPI_IMAGES = YES;
				CONFIGURATION_BUILD_DIR = "/Users/liloualidor/Documents/IMAC/annee_2/C++/S3/Projet_prog_S3/build-xcode/lib/MinSizeRel";
				EXECUTABLE_PREFIX = lib;
				EXECUTABLE_SUFFIX = .a;
				GCC_GENERATE_DEBUGGING_SYMBOLS = NO;
				GCC_INLINES_ARE_PRIVATE_EXTERN = NO;
				GCC_OPTIMIZATION_LEVEL = s;
				GCC_PREPROCESSOR_DEFINITIONS = ("'CMAKE_INTDIR=\"$(CONFIGURATION)$(EFFECTIVE_PLATFORM_NAME)\"'","$(inherited)");
				GCC_SYMBOLS_PRIVATE_EXTERN = NO;
				HEADER_SEARCH_PATHS = ("/Users/liloualidor/Documents/IMAC/annee_2/C++/S3/Projet_prog_S3/RatioLib/include","$(inherited)");
				INSTALL_PATH = "";
				LIBRARY_STYLE = STATIC;
				ONLY_ACTIVE_ARCH = NO;
				OTHER_CPLUSPLUSFLAGS = "    -DNDEBUG  -DGTEST_HAS_PTHREAD=1   '-std=c++11' ";
				OTHER_LIBTOOLFLAGS = ("");
				OTHER_REZFLAGS = "";
				PRODUCT_NAME = gmock_main;
				SECTORDER_FLAGS = "";
				SYSTEM_HEADER_SEARCH_PATHS = ("/Users/liloualidor/Documents/IMAC/annee_2/C++/S3/Projet_prog_S3/googletest/googlemock/include","/Users/liloualidor/Documents/IMAC/annee_2/C++/S3/Projet_prog_S3/googletest/googlemock","/Users/liloualidor/Documents/IMAC/annee_2/C++/S3/Projet_prog_S3/googletest/googletest/include","/Users/liloualidor/Documents/IMAC/annee_2/C++/S3/Projet_prog_S3/googletest/googletest","$(inherited)");
				TARGET_TEMP_DIR = "/Users/liloualidor/Documents/IMAC/annee_2/C++/S3/Projet_prog_S3/build-xcode/build/gmock_main.build/$(CONFIGURATION)$(EFFECTIVE_PLATFORM_NAME)";
				USE_HEADERMAP = NO;
				WARNING_CFLAGS = ("$(inherited)");
			};
			name = MinSizeRel;
		};
		43C9648A24634EEEB665B265 /* RelWithDebInfo */ = {
			isa = XCBuildConfiguration;
			buildSettings = {
				ARCHS = arm64;
				SDKROOT = /Applications/Xcode.app/Contents/Developer/Platforms/MacOSX.platform/Developer/SDKs/MacOSX13.1.sdk;
				SYMROOT = "/Users/liloualidor/Documents/IMAC/annee_2/C++/S3/Projet_prog_S3/build-xcode/build";
			};
			name = RelWithDebInfo;
		};
		48DE2AA439AD4A8099B7114B /* MinSizeRel */ = {
			isa = XCBuildConfiguration;
			buildSettings = {
				ARCHS = arm64;
				COMBINE_HIDPI_IMAGES = YES;
				CONFIGURATION_BUILD_DIR = "/Users/liloualidor/Documents/IMAC/annee_2/C++/S3/Projet_prog_S3/build-xcode/lib/MinSizeRel";
				EXECUTABLE_PREFIX = lib;
				EXECUTABLE_SUFFIX = .a;
				GCC_GENERATE_DEBUGGING_SYMBOLS = NO;
				GCC_INLINES_ARE_PRIVATE_EXTERN = NO;
				GCC_OPTIMIZATION_LEVEL = s;
				GCC_PREPROCESSOR_DEFINITIONS = ("'CMAKE_INTDIR=\"$(CONFIGURATION)$(EFFECTIVE_PLATFORM_NAME)\"'","$(inherited)");
				GCC_SYMBOLS_PRIVATE_EXTERN = NO;
				HEADER_SEARCH_PATHS = ("/Users/liloualidor/Documents/IMAC/annee_2/C++/S3/Projet_prog_S3/RatioLib/include","$(inherited)");
				INSTALL_PATH = "";
				LIBRARY_STYLE = STATIC;
				ONLY_ACTIVE_ARCH = NO;
				OTHER_CPLUSPLUSFLAGS = "    -DNDEBUG  -DGTEST_HAS_PTHREAD=1   '-std=c++11' ";
				OTHER_LIBTOOLFLAGS = ("");
				OTHER_REZFLAGS = "";
				PRODUCT_NAME = gtest_main;
				SECTORDER_FLAGS = "";
				SYSTEM_HEADER_SEARCH_PATHS = ("/Users/liloualidor/Documents/IMAC/annee_2/C++/S3/Projet_prog_S3/googletest/googletest/include","/Users/liloualidor/Documents/IMAC/annee_2/C++/S3/Projet_prog_S3/googletest/googletest","$(inherited)");
				TARGET_TEMP_DIR = "/Users/liloualidor/Documents/IMAC/annee_2/C++/S3/Projet_prog_S3/build-xcode/build/gtest_main.build/$(CONFIGURATION)$(EFFECTIVE_PLATFORM_NAME)";
				USE_HEADERMAP = NO;
				WARNING_CFLAGS = ("$(inherited)");
			};
			name = MinSizeRel;
		};
		5770F6B8DB35439A9DCBE1F3 /* RelWithDebInfo */ = {
			isa = XCBuildConfiguration;
			buildSettings = {
				ARCHS = arm64;
				COMBINE_HIDPI_IMAGES = YES;
				CONFIGURATION_BUILD_DIR = "/Users/liloualidor/Documents/IMAC/annee_2/C++/S3/Projet_prog_S3/build-xcode/lib/RelWithDebInfo";
				EXECUTABLE_PREFIX = lib;
				EXECUTABLE_SUFFIX = .a;
				GCC_GENERATE_DEBUGGING_SYMBOLS = YES;
				GCC_INLINES_ARE_PRIVATE_EXTERN = NO;
				GCC_OPTIMIZATION_LEVEL = 2;
				GCC_PREPROCESSOR_DEFINITIONS = ("'CMAKE_INTDIR=\"$(CONFIGURATION)$(EFFECTIVE_PLATFORM_NAME)\"'","$(inherited)");
				GCC_SYMBOLS_PRIVATE_EXTERN = NO;
				HEADER_SEARCH_PATHS = ("/Users/liloualidor/Documents/IMAC/annee_2/C++/S3/Projet_prog_S3/RatioLib/include","$(inherited)");
				INSTALL_PATH = "";
				LIBRARY_STYLE = STATIC;
				ONLY_ACTIVE_ARCH = NO;
				OTHER_CPLUSPLUSFLAGS = "       -DNDEBUG  -DGTEST_HAS_PTHREAD=1   '-std=c++11' ";
				OTHER_LIBTOOLFLAGS = ("");
				OTHER_REZFLAGS = "";
				PRODUCT_NAME = gmock_main;
				SECTORDER_FLAGS = "";
				SYSTEM_HEADER_SEARCH_PATHS = ("/Users/liloualidor/Documents/IMAC/annee_2/C++/S3/Projet_prog_S3/googletest/googlemock/include","/Users/liloualidor/Documents/IMAC/annee_2/C++/S3/Projet_prog_S3/googletest/googlemock","/Users/liloualidor/Documents/IMAC/annee_2/C++/S3/Projet_prog_S3/googletest/googletest/include","/Users/liloualidor/Documents/IMAC/annee_2/C++/S3/Projet_prog_S3/googletest/googletest","$(inherited)");
				TARGET_TEMP_DIR = "/Users/liloualidor/Documents/IMAC/annee_2/C++/S3/Projet_prog_S3/build-xcode/build/gmock_main.build/$(CONFIGURATION)$(EFFECTIVE_PLATFORM_NAME)";
				USE_HEADERMAP = NO;
				WARNING_CFLAGS = ("$(inherited)");
			};
			name = RelWithDebInfo;
		};
		765AFADAB9A04E6F99A964D4 /* MinSizeRel */ = {
			isa = XCBuildConfiguration;
			buildSettings = {
				ARCHS = arm64;
				COMBINE_HIDPI_IMAGES = YES;
				GCC_GENERATE_DEBUGGING_SYMBOLS = YES;
				GCC_INLINES_ARE_PRIVATE_EXTERN = NO;
				GCC_OPTIMIZATION_LEVEL = 0;
				GCC_PREPROCESSOR_DEFINITIONS = ("'CMAKE_INTDIR=\"$(CONFIGURATION)$(EFFECTIVE_PLATFORM_NAME)\"'","$(inherited)");
				GCC_SYMBOLS_PRIVATE_EXTERN = NO;
				INSTALL_PATH = "";
				ONLY_ACTIVE_ARCH = NO;
				OTHER_LDFLAGS = ("","$(inherited)");
				OTHER_REZFLAGS = "";
				PRODUCT_NAME = ALL_BUILD;
				SECTORDER_FLAGS = "";
				USE_HEADERMAP = NO;
				WARNING_CFLAGS = ("$(inherited)");
			};
			name = MinSizeRel;
		};
		790A2822AFB74DF491F90E0E /* MinSizeRel */ = {
			isa = XCBuildConfiguration;
			buildSettings = {
				ARCHS = arm64;
				COMBINE_HIDPI_IMAGES = YES;
				GCC_GENERATE_DEBUGGING_SYMBOLS = YES;
				GCC_INLINES_ARE_PRIVATE_EXTERN = NO;
				GCC_OPTIMIZATION_LEVEL = 0;
				GCC_PREPROCESSOR_DEFINITIONS = ("'CMAKE_INTDIR=\"$(CONFIGURATION)$(EFFECTIVE_PLATFORM_NAME)\"'","$(inherited)");
				GCC_SYMBOLS_PRIVATE_EXTERN = NO;
				INSTALL_PATH = "";
				ONLY_ACTIVE_ARCH = NO;
				OTHER_LDFLAGS = ("","$(inherited)");
				OTHER_REZFLAGS = "";
				PRODUCT_NAME = install;
				SECTORDER_FLAGS = "";
				USE_HEADERMAP = NO;
				WARNING_CFLAGS = ("$(inherited)");
			};
			name = MinSizeRel;
		};
		7C079F59DB5D4CC1B6303C59 /* Debug */ = {
			isa = XCBuildConfiguration;
			buildSettings = {
				ARCHS = arm64;
				COMBINE_HIDPI_IMAGES = YES;
				GCC_GENERATE_DEBUGGING_SYMBOLS = YES;
				GCC_INLINES_ARE_PRIVATE_EXTERN = NO;
				GCC_OPTIMIZATION_LEVEL = 0;
				GCC_PREPROCESSOR_DEFINITIONS = ("'CMAKE_INTDIR=\"$(CONFIGURATION)$(EFFECTIVE_PLATFORM_NAME)\"'","$(inherited)");
				GCC_SYMBOLS_PRIVATE_EXTERN = NO;
				INSTALL_PATH = "";
				ONLY_ACTIVE_ARCH = NO;
				OTHER_LDFLAGS = ("","$(inherited)");
				OTHER_REZFLAGS = "";
				PRODUCT_NAME = install;
				SECTORDER_FLAGS = "";
				USE_HEADERMAP = NO;
				WARNING_CFLAGS = ("$(inherited)");
			};
			name = Debug;
		};
		7DE40FD610654C10B84073E0 /* Debug */ = {
			isa = XCBuildConfiguration;
			buildSettings = {
				ARCHS = arm64;
				COMBINE_HIDPI_IMAGES = YES;
				GCC_GENERATE_DEBUGGING_SYMBOLS = YES;
				GCC_INLINES_ARE_PRIVATE_EXTERN = NO;
				GCC_OPTIMIZATION_LEVEL = 0;
				GCC_PREPROCESSOR_DEFINITIONS = ("'CMAKE_INTDIR=\"$(CONFIGURATION)$(EFFECTIVE_PLATFORM_NAME)\"'","$(inherited)");
				GCC_SYMBOLS_PRIVATE_EXTERN = NO;
				INSTALL_PATH = "";
				ONLY_ACTIVE_ARCH = NO;
				OTHER_LDFLAGS = ("","$(inherited)");
				OTHER_REZFLAGS = "";
				PRODUCT_NAME = ZERO_CHECK;
				SECTORDER_FLAGS = "";
				USE_HEADERMAP = NO;
				WARNING_CFLAGS = ("$(inherited)");
			};
			name = Debug;
		};
		92108D28FD7D4764A81F7E13 /* Debug */ = {
			isa = XCBuildConfiguration;
			buildSettings = {
				ARCHS = arm64;
				SDKROOT = /Applications/Xcode.app/Contents/Developer/Platforms/MacOSX.platform/Developer/SDKs/MacOSX13.1.sdk;
				SYMROOT = "/Users/liloualidor/Documents/IMAC/annee_2/C++/S3/Projet_prog_S3/build-xcode/build";
			};
			name = Debug;
		};
		98677769951E40A49143A0F5 /* RelWithDebInfo */ = {
			isa = XCBuildConfiguration;
			buildSettings = {
				ARCHS = arm64;
				COMBINE_HIDPI_IMAGES = YES;
				CONFIGURATION_BUILD_DIR = "/Users/liloualidor/Documents/IMAC/annee_2/C++/S3/Projet_prog_S3/build-xcode/lib/RelWithDebInfo";
				EXECUTABLE_PREFIX = lib;
				EXECUTABLE_SUFFIX = .a;
				GCC_GENERATE_DEBUGGING_SYMBOLS = YES;
				GCC_INLINES_ARE_PRIVATE_EXTERN = NO;
				GCC_OPTIMIZATION_LEVEL = 2;
				GCC_PREPROCESSOR_DEFINITIONS = ("'CMAKE_INTDIR=\"$(CONFIGURATION)$(EFFECTIVE_PLATFORM_NAME)\"'","$(inherited)");
				GCC_SYMBOLS_PRIVATE_EXTERN = NO;
				HEADER_SEARCH_PATHS = ("/Users/liloualidor/Documents/IMAC/annee_2/C++/S3/Projet_prog_S3/RatioLib/include","/Users/liloualidor/Documents/IMAC/annee_2/C++/S3/Projet_prog_S3/googletest/googletest/include","/Users/liloualidor/Documents/IMAC/annee_2/C++/S3/Projet_prog_S3/googletest/googletest","$(inherited)");
				INSTALL_PATH = "";
				LIBRARY_STYLE = STATIC;
				ONLY_ACTIVE_ARCH = NO;
				OTHER_CPLUSPLUSFLAGS = "       -DNDEBUG  -DGTEST_HAS_PTHREAD=1   '-std=c++11' ";
				OTHER_LIBTOOLFLAGS = ("");
				OTHER_REZFLAGS = "";
				PRODUCT_NAME = gtest;
				SECTORDER_FLAGS = "";
				TARGET_TEMP_DIR = "/Users/liloualidor/Documents/IMAC/annee_2/C++/S3/Projet_prog_S3/build-xcode/build/gtest.build/$(CONFIGURATION)$(EFFECTIVE_PLATFORM_NAME)";
				USE_HEADERMAP = NO;
				WARNING_CFLAGS = ("$(inherited)");
			};
			name = RelWithDebInfo;
		};
		AC93DB534BD348A08C6F16AD /* RelWithDebInfo */ = {
			isa = XCBuildConfiguration;
			buildSettings = {
				ARCHS = arm64;
				COMBINE_HIDPI_IMAGES = YES;
				GCC_GENERATE_DEBUGGING_SYMBOLS = YES;
				GCC_INLINES_ARE_PRIVATE_EXTERN = NO;
				GCC_OPTIMIZATION_LEVEL = 0;
				GCC_PREPROCESSOR_DEFINITIONS = ("'CMAKE_INTDIR=\"$(CONFIGURATION)$(EFFECTIVE_PLATFORM_NAME)\"'","$(inherited)");
				GCC_SYMBOLS_PRIVATE_EXTERN = NO;
				INSTALL_PATH = "";
				ONLY_ACTIVE_ARCH = NO;
				OTHER_LDFLAGS = ("","$(inherited)");
				OTHER_REZFLAGS = "";
				PRODUCT_NAME = ALL_BUILD;
				SECTORDER_FLAGS = "";
				USE_HEADERMAP = NO;
				WARNING_CFLAGS = ("$(inherited)");
			};
			name = RelWithDebInfo;
		};
		ADF9A075166C4A92A57BA1A0 /* RelWithDebInfo */ = {
			isa = XCBuildConfiguration;
			buildSettings = {
				ARCHS = arm64;
				COMBINE_HIDPI_IMAGES = YES;
				CONFIGURATION_BUILD_DIR = "/Users/liloualidor/Documents/IMAC/annee_2/C++/S3/Projet_prog_S3/build-xcode/lib/RelWithDebInfo";
				EXECUTABLE_PREFIX = lib;
				EXECUTABLE_SUFFIX = .a;
				GCC_GENERATE_DEBUGGING_SYMBOLS = YES;
				GCC_INLINES_ARE_PRIVATE_EXTERN = NO;
				GCC_OPTIMIZATION_LEVEL = 2;
				GCC_PREPROCESSOR_DEFINITIONS = ("'CMAKE_INTDIR=\"$(CONFIGURATION)$(EFFECTIVE_PLATFORM_NAME)\"'","$(inherited)");
				GCC_SYMBOLS_PRIVATE_EXTERN = NO;
				HEADER_SEARCH_PATHS = ("/Users/liloualidor/Documents/IMAC/annee_2/C++/S3/Projet_prog_S3/RatioLib/include","/Users/liloualidor/Documents/IMAC/annee_2/C++/S3/Projet_prog_S3/googletest/googlemock/include","/Users/liloualidor/Documents/IMAC/annee_2/C++/S3/Projet_prog_S3/googletest/googlemock","$(inherited)");
				INSTALL_PATH = "";
				LIBRARY_STYLE = STATIC;
				ONLY_ACTIVE_ARCH = NO;
				OTHER_CPLUSPLUSFLAGS = "       -DNDEBUG  -DGTEST_HAS_PTHREAD=1   '-std=c++11' ";
				OTHER_LIBTOOLFLAGS = ("");
				OTHER_REZFLAGS = "";
				PRODUCT_NAME = gmock;
				SECTORDER_FLAGS = "";
				SYSTEM_HEADER_SEARCH_PATHS = ("/Users/liloualidor/Documents/IMAC/annee_2/C++/S3/Projet_prog_S3/googletest/googletest/include","/Users/liloualidor/Documents/IMAC/annee_2/C++/S3/Projet_prog_S3/googletest/googletest","$(inherited)");
				TARGET_TEMP_DIR = "/Users/liloualidor/Documents/IMAC/annee_2/C++/S3/Projet_prog_S3/build-xcode/build/gmock.build/$(CONFIGURATION)$(EFFECTIVE_PLATFORM_NAME)";
				USE_HEADERMAP = NO;
				WARNING_CFLAGS = ("$(inherited)");
			};
			name = RelWithDebInfo;
		};
		C54F616BB99841D0A1AEE1F3 /* RelWithDebInfo */ = {
			isa = XCBuildConfiguration;
			buildSettings = {
				ARCHS = arm64;
				COMBINE_HIDPI_IMAGES = YES;
				GCC_GENERATE_DEBUGGING_SYMBOLS = YES;
				GCC_INLINES_ARE_PRIVATE_EXTERN = NO;
				GCC_OPTIMIZATION_LEVEL = 0;
				GCC_PREPROCESSOR_DEFINITIONS = ("'CMAKE_INTDIR=\"$(CONFIGURATION)$(EFFECTIVE_PLATFORM_NAME)\"'","$(inherited)");
				GCC_SYMBOLS_PRIVATE_EXTERN = NO;
				INSTALL_PATH = "";
				ONLY_ACTIVE_ARCH = NO;
				OTHER_LDFLAGS = ("","$(inherited)");
				OTHER_REZFLAGS = "";
				PRODUCT_NAME = ZERO_CHECK;
				SECTORDER_FLAGS = "";
				USE_HEADERMAP = NO;
				WARNING_CFLAGS = ("$(inherited)");
			};
			name = RelWithDebInfo;
		};
		CDEAED199728479495005064 /* Debug */ = {
			isa = XCBuildConfiguration;
			buildSettings = {
				ARCHS = arm64;
				COMBINE_HIDPI_IMAGES = YES;
				CONFIGURATION_BUILD_DIR = "/Users/liloualidor/Documents/IMAC/annee_2/C++/S3/Projet_prog_S3/build-xcode/lib/Debug";
				EXECUTABLE_PREFIX = lib;
				EXECUTABLE_SUFFIX = .a;
				GCC_GENERATE_DEBUGGING_SYMBOLS = YES;
				GCC_INLINES_ARE_PRIVATE_EXTERN = NO;
				GCC_OPTIMIZATION_LEVEL = 0;
				GCC_PREPROCESSOR_DEFINITIONS = ("'CMAKE_INTDIR=\"$(CONFIGURATION)$(EFFECTIVE_PLATFORM_NAME)\"'","$(inherited)");
				GCC_SYMBOLS_PRIVATE_EXTERN = NO;
				HEADER_SEARCH_PATHS = ("/Users/liloualidor/Documents/IMAC/annee_2/C++/S3/Projet_prog_S3/RatioLib/include","/Users/liloualidor/Documents/IMAC/annee_2/C++/S3/Projet_prog_S3/googletest/googlemock/include","/Users/liloualidor/Documents/IMAC/annee_2/C++/S3/Projet_prog_S3/googletest/googlemock","$(inherited)");
				INSTALL_PATH = "";
				LIBRARY_STYLE = STATIC;
				ONLY_ACTIVE_ARCH = NO;
				OTHER_CPLUSPLUSFLAGS = "    -DGTEST_HAS_PTHREAD=1   '-std=c++11' ";
				OTHER_LIBTOOLFLAGS = ("");
				OTHER_REZFLAGS = "";
				PRODUCT_NAME = gmockd;
				SECTORDER_FLAGS = "";
				SYSTEM_HEADER_SEARCH_PATHS = ("/Users/liloualidor/Documents/IMAC/annee_2/C++/S3/Projet_prog_S3/googletest/googletest/include","/Users/liloualidor/Documents/IMAC/annee_2/C++/S3/Projet_prog_S3/googletest/googletest","$(inherited)");
				TARGET_TEMP_DIR = "/Users/liloualidor/Documents/IMAC/annee_2/C++/S3/Projet_prog_S3/build-xcode/build/gmock.build/$(CONFIGURATION)$(EFFECTIVE_PLATFORM_NAME)";
				USE_HEADERMAP = NO;
				WARNING_CFLAGS = ("$(inherited)");
			};
			name = Debug;
		};
		CE1A84994F734A44B8875863 /* Debug */ = {
			isa = XCBuildConfiguration;
			buildSettings = {
				ARCHS = arm64;
				COMBINE_HIDPI_IMAGES = YES;
				GCC_GENERATE_DEBUGGING_SYMBOLS = YES;
				GCC_INLINES_ARE_PRIVATE_EXTERN = NO;
				GCC_OPTIMIZATION_LEVEL = 0;
				GCC_PREPROCESSOR_DEFINITIONS = ("'CMAKE_INTDIR=\"$(CONFIGURATION)$(EFFECTIVE_PLATFORM_NAME)\"'","$(inherited)");
				GCC_SYMBOLS_PRIVATE_EXTERN = NO;
				INSTALL_PATH = "";
				ONLY_ACTIVE_ARCH = NO;
				OTHER_LDFLAGS = ("","$(inherited)");
				OTHER_REZFLAGS = "";
				PRODUCT_NAME = ALL_BUILD;
				SECTORDER_FLAGS = "";
				USE_HEADERMAP = NO;
				WARNING_CFLAGS = ("$(inherited)");
			};
			name = Debug;
		};
		E83430DFB3324462BE0EDDB2 /* Release */ = {
			isa = XCBuildConfiguration;
			buildSettings = {
				ARCHS = arm64;
				COMBINE_HIDPI_IMAGES = YES;
				GCC_GENERATE_DEBUGGING_SYMBOLS = YES;
				GCC_INLINES_ARE_PRIVATE_EXTERN = NO;
				GCC_OPTIMIZATION_LEVEL = 0;
				GCC_PREPROCESSOR_DEFINITIONS = ("'CMAKE_INTDIR=\"$(CONFIGURATION)$(EFFECTIVE_PLATFORM_NAME)\"'","$(inherited)");
				GCC_SYMBOLS_PRIVATE_EXTERN = NO;
				INSTALL_PATH = "";
				ONLY_ACTIVE_ARCH = NO;
				OTHER_LDFLAGS = ("","$(inherited)");
				OTHER_REZFLAGS = "";
				PRODUCT_NAME = install;
				SECTORDER_FLAGS = "";
				USE_HEADERMAP = NO;
				WARNING_CFLAGS = ("$(inherited)");
			};
			name = Release;
		};
		EE22D94744D44A3B826FB33F /* MinSizeRel */ = {
			isa = XCBuildConfiguration;
			buildSettings = {
				ARCHS = arm64;
				SDKROOT = /Applications/Xcode.app/Contents/Developer/Platforms/MacOSX.platform/Developer/SDKs/MacOSX13.1.sdk;
				SYMROOT = "/Users/liloualidor/Documents/IMAC/annee_2/C++/S3/Projet_prog_S3/build-xcode/build";
			};
			name = MinSizeRel;
		};
		F0E96509CE0B41FC9C58FEC0 /* Debug */ = {
			isa = XCBuildConfiguration;
			buildSettings = {
				ARCHS = arm64;
				COMBINE_HIDPI_IMAGES = YES;
				CONFIGURATION_BUILD_DIR = "/Users/liloualidor/Documents/IMAC/annee_2/C++/S3/Projet_prog_S3/build-xcode/lib/Debug";
				EXECUTABLE_PREFIX = lib;
				EXECUTABLE_SUFFIX = .a;
				GCC_GENERATE_DEBUGGING_SYMBOLS = YES;
				GCC_INLINES_ARE_PRIVATE_EXTERN = NO;
				GCC_OPTIMIZATION_LEVEL = 0;
				GCC_PREPROCESSOR_DEFINITIONS = ("'CMAKE_INTDIR=\"$(CONFIGURATION)$(EFFECTIVE_PLATFORM_NAME)\"'","$(inherited)");
				GCC_SYMBOLS_PRIVATE_EXTERN = NO;
				HEADER_SEARCH_PATHS = ("/Users/liloualidor/Documents/IMAC/annee_2/C++/S3/Projet_prog_S3/RatioLib/include","$(inherited)");
				INSTALL_PATH = "";
				LIBRARY_STYLE = STATIC;
				ONLY_ACTIVE_ARCH = NO;
				OTHER_CPLUSPLUSFLAGS = "    -DGTEST_HAS_PTHREAD=1   '-std=c++11' ";
				OTHER_LIBTOOLFLAGS = ("");
				OTHER_REZFLAGS = "";
				PRODUCT_NAME = gmock_maind;
				SECTORDER_FLAGS = "";
				SYSTEM_HEADER_SEARCH_PATHS = ("/Users/liloualidor/Documents/IMAC/annee_2/C++/S3/Projet_prog_S3/googletest/googlemock/include","/Users/liloualidor/Documents/IMAC/annee_2/C++/S3/Projet_prog_S3/googletest/googlemock","/Users/liloualidor/Documents/IMAC/annee_2/C++/S3/Projet_prog_S3/googletest/googletest/include","/Users/liloualidor/Documents/IMAC/annee_2/C++/S3/Projet_prog_S3/googletest/googletest","$(inherited)");
				TARGET_TEMP_DIR = "/Users/liloualidor/Documents/IMAC/annee_2/C++/S3/Projet_prog_S3/build-xcode/build/gmock_main.build/$(CONFIGURATION)$(EFFECTIVE_PLATFORM_NAME)";
				USE_HEADERMAP = NO;
				WARNING_CFLAGS = ("$(inherited)");
			};
			name = Debug;
		};
		F7A1E33335FB49709496133D /* Release */ = {
			isa = XCBuildConfiguration;
			buildSettings = {
				ARCHS = arm64;
				COMBINE_HIDPI_IMAGES = YES;
				GCC_GENERATE_DEBUGGING_SYMBOLS = YES;
				GCC_INLINES_ARE_PRIVATE_EXTERN = NO;
				GCC_OPTIMIZATION_LEVEL = 0;
				GCC_PREPROCESSOR_DEFINITIONS = ("'CMAKE_INTDIR=\"$(CONFIGURATION)$(EFFECTIVE_PLATFORM_NAME)\"'","$(inherited)");
				GCC_SYMBOLS_PRIVATE_EXTERN = NO;
				INSTALL_PATH = "";
				ONLY_ACTIVE_ARCH = NO;
				OTHER_LDFLAGS = ("","$(inherited)");
				OTHER_REZFLAGS = "";
				PRODUCT_NAME = ZERO_CHECK;
				SECTORDER_FLAGS = "";
				USE_HEADERMAP = NO;
				WARNING_CFLAGS = ("$(inherited)");
			};
			name = Release;
		};
		FD699CC5A52249E7AAFA1FF0 /* RelWithDebInfo */ = {
			isa = XCBuildConfiguration;
			buildSettings = {
				ARCHS = arm64;
				COMBINE_HIDPI_IMAGES = YES;
				CONFIGURATION_BUILD_DIR = "/Users/liloualidor/Documents/IMAC/annee_2/C++/S3/Projet_prog_S3/build-xcode/lib/RelWithDebInfo";
				EXECUTABLE_PREFIX = lib;
				EXECUTABLE_SUFFIX = .a;
				GCC_GENERATE_DEBUGGING_SYMBOLS = YES;
				GCC_INLINES_ARE_PRIVATE_EXTERN = NO;
				GCC_OPTIMIZATION_LEVEL = 2;
				GCC_PREPROCESSOR_DEFINITIONS = ("'CMAKE_INTDIR=\"$(CONFIGURATION)$(EFFECTIVE_PLATFORM_NAME)\"'","$(inherited)");
				GCC_SYMBOLS_PRIVATE_EXTERN = NO;
				HEADER_SEARCH_PATHS = ("/Users/liloualidor/Documents/IMAC/annee_2/C++/S3/Projet_prog_S3/RatioLib/include","$(inherited)");
				INSTALL_PATH = "";
				LIBRARY_STYLE = STATIC;
				ONLY_ACTIVE_ARCH = NO;
				OTHER_CPLUSPLUSFLAGS = "       -DNDEBUG  -DGTEST_HAS_PTHREAD=1   '-std=c++11' ";
				OTHER_LIBTOOLFLAGS = ("");
				OTHER_REZFLAGS = "";
				PRODUCT_NAME = gtest_main;
				SECTORDER_FLAGS = "";
				SYSTEM_HEADER_SEARCH_PATHS = ("/Users/liloualidor/Documents/IMAC/annee_2/C++/S3/Projet_prog_S3/googletest/googletest/include","/Users/liloualidor/Documents/IMAC/annee_2/C++/S3/Projet_prog_S3/googletest/googletest","$(inherited)");
				TARGET_TEMP_DIR = "/Users/liloualidor/Documents/IMAC/annee_2/C++/S3/Projet_prog_S3/build-xcode/build/gtest_main.build/$(CONFIGURATION)$(EFFECTIVE_PLATFORM_NAME)";
				USE_HEADERMAP = NO;
				WARNING_CFLAGS = ("$(inherited)");
			};
			name = RelWithDebInfo;
		};
/* End XCBuildConfiguration section */

/* Begin XCConfigurationList section */
		13A7040415EB4F19AEFA360A /* Build configuration list for PBXAggregateTarget "ZERO_CHECK" */ = {
			isa = XCConfigurationList;
			buildConfigurations = (
				7DE40FD610654C10B84073E0 /* Debug */,
				F7A1E33335FB49709496133D /* Release */,
				35CED8ECE3EE436891D10D8D /* MinSizeRel */,
				C54F616BB99841D0A1AEE1F3 /* RelWithDebInfo */,
			);
			defaultConfigurationIsVisible = 0;
			defaultConfigurationName = Debug;
		};
		1F20F4F52BC14777BF033F69 /* Build configuration list for PBXNativeTarget "gmock" */ = {
			isa = XCConfigurationList;
			buildConfigurations = (
				CDEAED199728479495005064 /* Debug */,
				31BE4A503F3C4531A09A39D1 /* Release */,
				2388286D832A47DA998F6266 /* MinSizeRel */,
				ADF9A075166C4A92A57BA1A0 /* RelWithDebInfo */,
			);
			defaultConfigurationIsVisible = 0;
			defaultConfigurationName = Debug;
		};
		2A8CAB1A5BF94A66AE6159CE /* Build configuration list for PBXNativeTarget "gtest" */ = {
			isa = XCConfigurationList;
			buildConfigurations = (
				22C5B7C6487F475B80293AF4 /* Debug */,
				14AB5ABA19E749F48C91ACAC /* Release */,
				339E02DD41E14EF782B6785C /* MinSizeRel */,
				98677769951E40A49143A0F5 /* RelWithDebInfo */,
			);
			defaultConfigurationIsVisible = 0;
			defaultConfigurationName = Debug;
		};
		367E049D2C7F49559CB42F60 /* Build configuration list for PBXNativeTarget "gmock_main" */ = {
			isa = XCConfigurationList;
			buildConfigurations = (
				F0E96509CE0B41FC9C58FEC0 /* Debug */,
				172979D48A20453EA0C7AFEC /* Release */,
				42334AAD42374EB589109B08 /* MinSizeRel */,
				5770F6B8DB35439A9DCBE1F3 /* RelWithDebInfo */,
			);
			defaultConfigurationIsVisible = 0;
			defaultConfigurationName = Debug;
		};
		3E2554F3DA7644D182B392CF /* Build configuration list for PBXAggregateTarget "ALL_BUILD" */ = {
			isa = XCConfigurationList;
			buildConfigurations = (
				CE1A84994F734A44B8875863 /* Debug */,
				0DCF2B3958704D78B1B5988C /* Release */,
				765AFADAB9A04E6F99A964D4 /* MinSizeRel */,
				AC93DB534BD348A08C6F16AD /* RelWithDebInfo */,
			);
			defaultConfigurationIsVisible = 0;
			defaultConfigurationName = Debug;
		};
		9B1A44E0E44B4A95AC1547AF /* Build configuration list for PBXNativeTarget "gtest_main" */ = {
			isa = XCConfigurationList;
			buildConfigurations = (
				398639D3E96B43369A0C1AF2 /* Debug */,
				26306A2A5EBD4C9A9AA7E8A4 /* Release */,
				48DE2AA439AD4A8099B7114B /* MinSizeRel */,
				FD699CC5A52249E7AAFA1FF0 /* RelWithDebInfo */,
			);
			defaultConfigurationIsVisible = 0;
			defaultConfigurationName = Debug;
		};
		AD339D37E1E44E959A7337AE /* Build configuration list for PBXProject "gmock" */ = {
			isa = XCConfigurationList;
			buildConfigurations = (
				92108D28FD7D4764A81F7E13 /* Debug */,
				4232CD5DD17F41CDBD9C78FD /* Release */,
				EE22D94744D44A3B826FB33F /* MinSizeRel */,
				43C9648A24634EEEB665B265 /* RelWithDebInfo */,
			);
			defaultConfigurationIsVisible = 0;
			defaultConfigurationName = Debug;
		};
		DD4BFFAB5AFD4CA3849D6DAD /* Build configuration list for PBXAggregateTarget "install" */ = {
			isa = XCConfigurationList;
			buildConfigurations = (
				7C079F59DB5D4CC1B6303C59 /* Debug */,
				E83430DFB3324462BE0EDDB2 /* Release */,
				790A2822AFB74DF491F90E0E /* MinSizeRel */,
				29B9BDF119224D18A10FEC46 /* RelWithDebInfo */,
			);
			defaultConfigurationIsVisible = 0;
			defaultConfigurationName = Debug;
		};
/* End XCConfigurationList section */
	};
	rootObject = E8E269489ABF4B3E88693F3D /* Project object */;
}
