// !$*UTF8*$!
{
	archiveVersion = 1;
	classes = {
	};
	objectVersion = 46;
	objects = {

/* Begin PBXAggregateTarget section */
		9B467A5698C94A739C77287C /* ZERO_CHECK */ = {
			isa = PBXAggregateTarget;
			buildConfigurationList = 809A7A2D632249DA88A4690F /* Build configuration list for PBXAggregateTarget "ZERO_CHECK" */;
			buildPhases = (
				9E63D4E629DA8DD7440847AC /* Generate CMakeFiles/ZERO_CHECK */,
			);
			dependencies = (
			);
			name = ZERO_CHECK;
			productName = ZERO_CHECK;
		};
		9F909906B4F248168F3E4EB3 /* ALL_BUILD */ = {
			isa = PBXAggregateTarget;
			buildConfigurationList = 74B89AB7C9E1478BA3FABD00 /* Build configuration list for PBXAggregateTarget "ALL_BUILD" */;
			buildPhases = (
				173D447EE40B2629C7903B2A /* Generate CMakeFiles/ALL_BUILD */,
			);
			dependencies = (
				025D0E7D0A064CDCBB0EC41C /* PBXTargetDependency */,
				957A00792ADD42D8BACB2131 /* PBXTargetDependency */,
				EA8A6184389F4C839B1E0F1D /* PBXTargetDependency */,
				CABD309431B84741986B3DA4 /* PBXTargetDependency */,
				4DA4A43291A4441698C10A02 /* PBXTargetDependency */,
			);
			name = ALL_BUILD;
			productName = ALL_BUILD;
		};
		9FC321793FA846CCA1DD349A /* install */ = {
			isa = PBXAggregateTarget;
			buildConfigurationList = 2FACF53788E946CEB9CC8545 /* Build configuration list for PBXAggregateTarget "install" */;
			buildPhases = (
				93426DA6A4AC2C2AC9CE883C /* CMake PostBuild Rules */,
			);
			dependencies = (
				FDC9D7E5999A43E78AC206AC /* PBXTargetDependency */,
			);
			name = install;
			productName = install;
		};
/* End PBXAggregateTarget section */

/* Begin PBXBuildFile section */
		30863F6799A1442DAAE90F32 /* /Users/liloualidor/Documents/IMAC/annee_2/C++/S3/Projet_prog_S3/googletest/googlemock/src/gmock-all.cc */ = {isa = PBXBuildFile; fileRef = F7C919EE9B174AFDA84F2C20 /* /Users/liloualidor/Documents/IMAC/annee_2/C++/S3/Projet_prog_S3/googletest/googlemock/src/gmock-all.cc */; };
		472B5FD3DAE24458BA4451B3 /* /Users/liloualidor/Documents/IMAC/annee_2/C++/S3/Projet_prog_S3/googletest/googlemock/CMakeLists.txt */ = {isa = PBXBuildFile; fileRef = 697F1F1571CD412A856503EB /* /Users/liloualidor/Documents/IMAC/annee_2/C++/S3/Projet_prog_S3/googletest/googlemock/CMakeLists.txt */; };
		4EF36384ADCF4164AE0DC8AC /* /Users/liloualidor/Documents/IMAC/annee_2/C++/S3/Projet_prog_S3/googletest/googlemock/src/gmock_main.cc */ = {isa = PBXBuildFile; fileRef = 231A57B68A4047FB89EE2034 /* /Users/liloualidor/Documents/IMAC/annee_2/C++/S3/Projet_prog_S3/googletest/googlemock/src/gmock_main.cc */; };
		67AAFB40E46D4090B00247CC /* /Users/liloualidor/Documents/IMAC/annee_2/C++/S3/Projet_prog_S3/googletest/googletest/src/gtest_main.cc */ = {isa = PBXBuildFile; fileRef = F401E2F8F2D6409D85C52B94 /* /Users/liloualidor/Documents/IMAC/annee_2/C++/S3/Projet_prog_S3/googletest/googletest/src/gtest_main.cc */; };
		A679C344DD1445E6917F45AE /* /Users/liloualidor/Documents/IMAC/annee_2/C++/S3/Projet_prog_S3/googletest/googletest/CMakeLists.txt */ = {isa = PBXBuildFile; fileRef = 301277A28BF04BBC9DC6C89B /* /Users/liloualidor/Documents/IMAC/annee_2/C++/S3/Projet_prog_S3/googletest/googletest/CMakeLists.txt */; };
		ABDB0707D21347A8A80C8336 /* /Users/liloualidor/Documents/IMAC/annee_2/C++/S3/Projet_prog_S3/googletest/googletest/src/gtest-all.cc */ = {isa = PBXBuildFile; fileRef = D0ED6E5046254ED7B4967CE9 /* /Users/liloualidor/Documents/IMAC/annee_2/C++/S3/Projet_prog_S3/googletest/googletest/src/gtest-all.cc */; };
		B0CE9FDE9A6045158AC2E7A5 /* /Users/liloualidor/Documents/IMAC/annee_2/C++/S3/Projet_prog_S3/googletest/googlemock/CMakeLists.txt */ = {isa = PBXBuildFile; fileRef = CD5AF66D760A4D8C91CFBE56 /* /Users/liloualidor/Documents/IMAC/annee_2/C++/S3/Projet_prog_S3/googletest/googlemock/CMakeLists.txt */; };
		B7A2805E692D4D50BCF0FACC /* /Users/liloualidor/Documents/IMAC/annee_2/C++/S3/Projet_prog_S3/googletest/googletest/CMakeLists.txt */ = {isa = PBXBuildFile; fileRef = 5707B784DB124BDFBF8C7152 /* /Users/liloualidor/Documents/IMAC/annee_2/C++/S3/Projet_prog_S3/googletest/googletest/CMakeLists.txt */; };
/* End PBXBuildFile section */

/* Begin PBXBuildStyle section */
		0BFE1C3F362041038B3DA5F8 /* Debug */ = {
			isa = PBXBuildStyle;
			buildSettings = {
				COPY_PHASE_STRIP = NO;
			};
			name = Debug;
		};
		4663B6B21AB04417AB2E2367 /* Release */ = {
			isa = PBXBuildStyle;
			buildSettings = {
				COPY_PHASE_STRIP = NO;
			};
			name = Release;
		};
		78D7E51F0DF04D3D94B5FD2B /* RelWithDebInfo */ = {
			isa = PBXBuildStyle;
			buildSettings = {
				COPY_PHASE_STRIP = NO;
			};
			name = RelWithDebInfo;
		};
		91AA4887121648B398066DF1 /* MinSizeRel */ = {
			isa = PBXBuildStyle;
			buildSettings = {
				COPY_PHASE_STRIP = NO;
			};
			name = MinSizeRel;
		};
/* End PBXBuildStyle section */

/* Begin PBXContainerItemProxy section */
		07FAD143D64F421FBF1A08E1 /* PBXContainerItemProxy */ = {
			isa = PBXContainerItemProxy;
			containerPortal = 274791A1349E43E28624E109 /* Project object */;
			proxyType = 1;
			remoteGlobalIDString = 9F909906B4F248168F3E4EB3;
			remoteInfo = ALL_BUILD;
		};
		1817D4BA05C8431CA3E55BE6 /* PBXContainerItemProxy */ = {
			isa = PBXContainerItemProxy;
			containerPortal = 274791A1349E43E28624E109 /* Project object */;
			proxyType = 1;
			remoteGlobalIDString = 5C7572E9739D4B37B4638D74;
			remoteInfo = gtest;
		};
		1DDEEB330A8C4ACCAB40CEE0 /* PBXContainerItemProxy */ = {
			isa = PBXContainerItemProxy;
			containerPortal = 274791A1349E43E28624E109 /* Project object */;
			proxyType = 1;
			remoteGlobalIDString = 5C7572E9739D4B37B4638D74;
			remoteInfo = gtest;
		};
		363D111DA2C647C49AFB64C0 /* PBXContainerItemProxy */ = {
			isa = PBXContainerItemProxy;
			containerPortal = 274791A1349E43E28624E109 /* Project object */;
			proxyType = 1;
			remoteGlobalIDString = E0B8AC7ACDB14A6CA8527128;
			remoteInfo = gtest_main;
		};
		3711E62F0FBE49F79391557E /* PBXContainerItemProxy */ = {
			isa = PBXContainerItemProxy;
			containerPortal = 274791A1349E43E28624E109 /* Project object */;
			proxyType = 1;
			remoteGlobalIDString = 0E055A9A92E44681918D9E3F;
			remoteInfo = gmock;
		};
		7077B77C684643BBA578C5B6 /* PBXContainerItemProxy */ = {
			isa = PBXContainerItemProxy;
			containerPortal = 274791A1349E43E28624E109 /* Project object */;
			proxyType = 1;
			remoteGlobalIDString = 0E055A9A92E44681918D9E3F;
			remoteInfo = gmock;
		};
		7D166269EECD49D18C115171 /* PBXContainerItemProxy */ = {
			isa = PBXContainerItemProxy;
			containerPortal = 274791A1349E43E28624E109 /* Project object */;
			proxyType = 1;
			remoteGlobalIDString = 5C7572E9739D4B37B4638D74;
			remoteInfo = gtest;
		};
		8B22F502FDA848CEA421781E /* PBXContainerItemProxy */ = {
			isa = PBXContainerItemProxy;
			containerPortal = 274791A1349E43E28624E109 /* Project object */;
			proxyType = 1;
			remoteGlobalIDString = 2673137C73CD4D65A9ACF12E;
			remoteInfo = gmock_main;
		};
		E7289813FF9C486C9653BA79 /* PBXContainerItemProxy */ = {
			isa = PBXContainerItemProxy;
			containerPortal = 274791A1349E43E28624E109 /* Project object */;
			proxyType = 1;
			remoteGlobalIDString = 5C7572E9739D4B37B4638D74;
			remoteInfo = gtest;
		};
		E78F18B663434AA59B2B0706 /* PBXContainerItemProxy */ = {
			isa = PBXContainerItemProxy;
			containerPortal = 274791A1349E43E28624E109 /* Project object */;
			proxyType = 1;
			remoteGlobalIDString = 9B467A5698C94A739C77287C;
			remoteInfo = ZERO_CHECK;
		};
/* End PBXContainerItemProxy section */

/* Begin PBXFileReference section */
		0A83E33DB9EB40DB9177EE05 /* gmock_main */ = {isa = PBXFileReference; explicitFileType = archive.ar; path = libgmock_maind.a; sourceTree = BUILT_PRODUCTS_DIR; };
		210290C367BD4D87920BBF04 /* gtest */ = {isa = PBXFileReference; explicitFileType = archive.ar; path = libgtestd.a; sourceTree = BUILT_PRODUCTS_DIR; };
		231A57B68A4047FB89EE2034 /* /Users/liloualidor/Documents/IMAC/annee_2/C++/S3/Projet_prog_S3/googletest/googlemock/src/gmock_main.cc */ = {isa = PBXFileReference; explicitFileType = sourcecode.cpp.cpp; fileEncoding = 4; name = gmock_main.cc; path = googlemock/src/gmock_main.cc; sourceTree = SOURCE_ROOT; };
		301277A28BF04BBC9DC6C89B /* /Users/liloualidor/Documents/IMAC/annee_2/C++/S3/Projet_prog_S3/googletest/googletest/CMakeLists.txt */ = {isa = PBXFileReference; explicitFileType = sourcecode.text; fileEncoding = 4; name = CMakeLists.txt; path = googletest/CMakeLists.txt; sourceTree = SOURCE_ROOT; };
		5707B784DB124BDFBF8C7152 /* /Users/liloualidor/Documents/IMAC/annee_2/C++/S3/Projet_prog_S3/googletest/googletest/CMakeLists.txt */ = {isa = PBXFileReference; explicitFileType = sourcecode.text; fileEncoding = 4; name = CMakeLists.txt; path = googletest/CMakeLists.txt; sourceTree = SOURCE_ROOT; };
		5A6911D32EAC47B9BC9CF7BE /* gtest_main */ = {isa = PBXFileReference; explicitFileType = archive.ar; path = libgtest_maind.a; sourceTree = BUILT_PRODUCTS_DIR; };
		697F1F1571CD412A856503EB /* /Users/liloualidor/Documents/IMAC/annee_2/C++/S3/Projet_prog_S3/googletest/googlemock/CMakeLists.txt */ = {isa = PBXFileReference; explicitFileType = sourcecode.text; fileEncoding = 4; name = CMakeLists.txt; path = googlemock/CMakeLists.txt; sourceTree = SOURCE_ROOT; };
		83BC2F37017143D4B3ACE529 /* /Users/liloualidor/Documents/IMAC/annee_2/C++/S3/Projet_prog_S3/googletest/CMakeLists.txt */ = {isa = PBXFileReference; explicitFileType = sourcecode.text; fileEncoding = 4; name = CMakeLists.txt; path = CMakeLists.txt; sourceTree = SOURCE_ROOT; };
		8B43FF2189684DCEA7B602BA /* gmock */ = {isa = PBXFileReference; explicitFileType = archive.ar; path = libgmockd.a; sourceTree = BUILT_PRODUCTS_DIR; };
		CD5AF66D760A4D8C91CFBE56 /* /Users/liloualidor/Documents/IMAC/annee_2/C++/S3/Projet_prog_S3/googletest/googlemock/CMakeLists.txt */ = {isa = PBXFileReference; explicitFileType = sourcecode.text; fileEncoding = 4; name = CMakeLists.txt; path = googlemock/CMakeLists.txt; sourceTree = SOURCE_ROOT; };
		D0ED6E5046254ED7B4967CE9 /* /Users/liloualidor/Documents/IMAC/annee_2/C++/S3/Projet_prog_S3/googletest/googletest/src/gtest-all.cc */ = {isa = PBXFileReference; explicitFileType = sourcecode.cpp.cpp; fileEncoding = 4; name = "gtest-all.cc"; path = "googletest/src/gtest-all.cc"; sourceTree = SOURCE_ROOT; };
		F401E2F8F2D6409D85C52B94 /* /Users/liloualidor/Documents/IMAC/annee_2/C++/S3/Projet_prog_S3/googletest/googletest/src/gtest_main.cc */ = {isa = PBXFileReference; explicitFileType = sourcecode.cpp.cpp; fileEncoding = 4; name = gtest_main.cc; path = googletest/src/gtest_main.cc; sourceTree = SOURCE_ROOT; };
		F7C919EE9B174AFDA84F2C20 /* /Users/liloualidor/Documents/IMAC/annee_2/C++/S3/Projet_prog_S3/googletest/googlemock/src/gmock-all.cc */ = {isa = PBXFileReference; explicitFileType = sourcecode.cpp.cpp; fileEncoding = 4; name = "gmock-all.cc"; path = "googlemock/src/gmock-all.cc"; sourceTree = SOURCE_ROOT; };
/* End PBXFileReference section */

/* Begin PBXFrameworksBuildPhase section */
		47BD85F9C7CD40FEB6453AE8 /* Frameworks */ = {
			isa = PBXFrameworksBuildPhase;
			buildActionMask = 2147483647;
			files = (
			);
			runOnlyForDeploymentPostprocessing = 0;
		};
		97621EDDFED844F2B4790E66 /* Frameworks */ = {
			isa = PBXFrameworksBuildPhase;
			buildActionMask = 2147483647;
			files = (
			);
			runOnlyForDeploymentPostprocessing = 0;
		};
		E6E7BC450B484572A8ADF721 /* Frameworks */ = {
			isa = PBXFrameworksBuildPhase;
			buildActionMask = 2147483647;
			files = (
			);
			runOnlyForDeploymentPostprocessing = 0;
		};
		ED4A128685924E89848F978A /* Frameworks */ = {
			isa = PBXFrameworksBuildPhase;
			buildActionMask = 2147483647;
			files = (
			);
			runOnlyForDeploymentPostprocessing = 0;
		};
/* End PBXFrameworksBuildPhase section */

/* Begin PBXGroup section */
		30701208CF9C40789922745C /* Source Files */ = {
			isa = PBXGroup;
			children = (
				D0ED6E5046254ED7B4967CE9 /* /Users/liloualidor/Documents/IMAC/annee_2/C++/S3/Projet_prog_S3/googletest/googletest/src/gtest-all.cc */,
			);
			name = "Source Files";
			sourceTree = "<group>";
		};
		476B3A126A6642239082096C /* Frameworks */ = {
			isa = PBXGroup;
			children = (
			);
			name = Frameworks;
			sourceTree = "<group>";
		};
		51999DCDA914454A9A5B980E /* gtest_main */ = {
			isa = PBXGroup;
			children = (
				B9F0077E052A4BEEB1D5C34E /* Source Files */,
				5707B784DB124BDFBF8C7152 /* /Users/liloualidor/Documents/IMAC/annee_2/C++/S3/Projet_prog_S3/googletest/googletest/CMakeLists.txt */,
			);
			name = gtest_main;
			sourceTree = "<group>";
		};
		54DE4CA8AFF147C8A2C8E478 /* Source Files */ = {
			isa = PBXGroup;
			children = (
				231A57B68A4047FB89EE2034 /* /Users/liloualidor/Documents/IMAC/annee_2/C++/S3/Projet_prog_S3/googletest/googlemock/src/gmock_main.cc */,
			);
			name = "Source Files";
			sourceTree = "<group>";
		};
		62EBC2F7F86141F29A57D4FC /* CMake Rules */ = {
			isa = PBXGroup;
			children = (
			);
			name = "CMake Rules";
			sourceTree = "<group>";
		};
		70949614FF2E499EB96EC3CA /* Source Files */ = {
			isa = PBXGroup;
			children = (
				F7C919EE9B174AFDA84F2C20 /* /Users/liloualidor/Documents/IMAC/annee_2/C++/S3/Projet_prog_S3/googletest/googlemock/src/gmock-all.cc */,
			);
			name = "Source Files";
			sourceTree = "<group>";
		};
		87ABBD8184E04381A208A40F = {
			isa = PBXGroup;
			children = (
				C94AEDF481DB4FA8B49DC296 /* ALL_BUILD */,
				8FA86024E913408BB9068298 /* gmock */,
				8CF155D44F4145908BAEA179 /* gmock_main */,
				F0A8148DBB8C4B32A63F46DA /* gtest */,
				51999DCDA914454A9A5B980E /* gtest_main */,
				A38F30117CE84F719337A1A3 /* Products */,
				476B3A126A6642239082096C /* Frameworks */,
			);
			sourceTree = "<group>";
		};
		8CF155D44F4145908BAEA179 /* gmock_main */ = {
			isa = PBXGroup;
			children = (
				54DE4CA8AFF147C8A2C8E478 /* Source Files */,
				697F1F1571CD412A856503EB /* /Users/liloualidor/Documents/IMAC/annee_2/C++/S3/Projet_prog_S3/googletest/googlemock/CMakeLists.txt */,
			);
			name = gmock_main;
			sourceTree = "<group>";
		};
		8FA86024E913408BB9068298 /* gmock */ = {
			isa = PBXGroup;
			children = (
				70949614FF2E499EB96EC3CA /* Source Files */,
				CD5AF66D760A4D8C91CFBE56 /* /Users/liloualidor/Documents/IMAC/annee_2/C++/S3/Projet_prog_S3/googletest/googlemock/CMakeLists.txt */,
			);
			name = gmock;
			sourceTree = "<group>";
		};
		A38F30117CE84F719337A1A3 /* Products */ = {
			isa = PBXGroup;
			children = (
				8B43FF2189684DCEA7B602BA /* gmock */,
				0A83E33DB9EB40DB9177EE05 /* gmock_main */,
				210290C367BD4D87920BBF04 /* gtest */,
				5A6911D32EAC47B9BC9CF7BE /* gtest_main */,
			);
			name = Products;
			sourceTree = "<group>";
		};
		B9F0077E052A4BEEB1D5C34E /* Source Files */ = {
			isa = PBXGroup;
			children = (
				F401E2F8F2D6409D85C52B94 /* /Users/liloualidor/Documents/IMAC/annee_2/C++/S3/Projet_prog_S3/googletest/googletest/src/gtest_main.cc */,
			);
			name = "Source Files";
			sourceTree = "<group>";
		};
		C94AEDF481DB4FA8B49DC296 /* ALL_BUILD */ = {
			isa = PBXGroup;
			children = (
				62EBC2F7F86141F29A57D4FC /* CMake Rules */,
				83BC2F37017143D4B3ACE529 /* /Users/liloualidor/Documents/IMAC/annee_2/C++/S3/Projet_prog_S3/googletest/CMakeLists.txt */,
			);
			name = ALL_BUILD;
			sourceTree = "<group>";
		};
		F0A8148DBB8C4B32A63F46DA /* gtest */ = {
			isa = PBXGroup;
			children = (
				30701208CF9C40789922745C /* Source Files */,
				301277A28BF04BBC9DC6C89B /* /Users/liloualidor/Documents/IMAC/annee_2/C++/S3/Projet_prog_S3/googletest/googletest/CMakeLists.txt */,
			);
			name = gtest;
			sourceTree = "<group>";
		};
/* End PBXGroup section */

/* Begin PBXNativeTarget section */
		0E055A9A92E44681918D9E3F /* gmock */ = {
			isa = PBXNativeTarget;
			buildConfigurationList = B8730954CE77414DAFF4CE71 /* Build configuration list for PBXNativeTarget "gmock" */;
			buildPhases = (
				B4E1D2B2CCB64947A3922B09 /* Sources */,
				47BD85F9C7CD40FEB6453AE8 /* Frameworks */,
			);
			buildRules = (
			);
			dependencies = (
				039F66FF62F74DAFA16B8AFA /* PBXTargetDependency */,
			);
			name = gmock;
			productName = gmock;
			productReference = 8B43FF2189684DCEA7B602BA /* gmock */;
			productType = "com.apple.product-type.library.static";
		};
		2673137C73CD4D65A9ACF12E /* gmock_main */ = {
			isa = PBXNativeTarget;
			buildConfigurationList = F3E9A83BCA3C43D19C76206F /* Build configuration list for PBXNativeTarget "gmock_main" */;
			buildPhases = (
				14477796629047869C2FF9B5 /* Sources */,
				97621EDDFED844F2B4790E66 /* Frameworks */,
			);
			buildRules = (
			);
			dependencies = (
				07DBC0EE5C5E4B3390A9440C /* PBXTargetDependency */,
				62A41B0E1AA84F1BBA4B717E /* PBXTargetDependency */,
			);
			name = gmock_main;
			productName = gmock_main;
			productReference = 0A83E33DB9EB40DB9177EE05 /* gmock_main */;
			productType = "com.apple.product-type.library.static";
		};
		5C7572E9739D4B37B4638D74 /* gtest */ = {
			isa = PBXNativeTarget;
			buildConfigurationList = 00865896B8D6426598FA0FF9 /* Build configuration list for PBXNativeTarget "gtest" */;
			buildPhases = (
				514D5C2E657A461FADDCBC40 /* Sources */,
				ED4A128685924E89848F978A /* Frameworks */,
			);
			buildRules = (
			);
			dependencies = (
			);
			name = gtest;
			productName = gtest;
			productReference = 210290C367BD4D87920BBF04 /* gtest */;
			productType = "com.apple.product-type.library.static";
		};
		E0B8AC7ACDB14A6CA8527128 /* gtest_main */ = {
			isa = PBXNativeTarget;
			buildConfigurationList = F47114223A6B4A0C97F7C15A /* Build configuration list for PBXNativeTarget "gtest_main" */;
			buildPhases = (
				7D3D52A85445443C84F7AEF7 /* Sources */,
				E6E7BC450B484572A8ADF721 /* Frameworks */,
			);
			buildRules = (
			);
			dependencies = (
				A0E6B9A0F0564BDE96A76151 /* PBXTargetDependency */,
			);
			name = gtest_main;
			productName = gtest_main;
			productReference = 5A6911D32EAC47B9BC9CF7BE /* gtest_main */;
			productType = "com.apple.product-type.library.static";
		};
/* End PBXNativeTarget section */

/* Begin PBXProject section */
		274791A1349E43E28624E109 /* Project object */ = {
			isa = PBXProject;
			attributes = {
				BuildIndependentTargetsInParallel = YES;
				LastUpgradeCheck = 1420;
			};
			buildConfigurationList = 53B9E64997844A32984B19E0 /* Build configuration list for PBXProject "googletest-distribution" */;
			buildSettings = {
			};
			buildStyles = (
				0BFE1C3F362041038B3DA5F8 /* Debug */,
				4663B6B21AB04417AB2E2367 /* Release */,
				91AA4887121648B398066DF1 /* MinSizeRel */,
				78D7E51F0DF04D3D94B5FD2B /* RelWithDebInfo */,
			);
			compatibilityVersion = "Xcode 3.2";
			hasScannedForEncodings = 0;
			mainGroup = 87ABBD8184E04381A208A40F;
			projectDirPath = "/Users/liloualidor/Documents/IMAC/annee_2/C++/S3/Projet_prog_S3/googletest";
			projectRoot = "";
			targets = (
				9F909906B4F248168F3E4EB3 /* ALL_BUILD */,
				9B467A5698C94A739C77287C /* ZERO_CHECK */,
				0E055A9A92E44681918D9E3F /* gmock */,
				2673137C73CD4D65A9ACF12E /* gmock_main */,
				5C7572E9739D4B37B4638D74 /* gtest */,
				E0B8AC7ACDB14A6CA8527128 /* gtest_main */,
				9FC321793FA846CCA1DD349A /* install */,
			);
		};
/* End PBXProject section */

/* Begin PBXShellScriptBuildPhase section */
		173D447EE40B2629C7903B2A /* Generate CMakeFiles/ALL_BUILD */ = {
			isa = PBXShellScriptBuildPhase;
			alwaysOutOfDate = 1;
			buildActionMask = 2147483647;
			files = (
			);
			inputPaths = (
			);
			name = "Generate CMakeFiles/ALL_BUILD";
			outputPaths = (
"/Users/liloualidor/Documents/IMAC/annee_2/C++/S3/Projet_prog_S3/build-Xcode/googletest/CMakeFiles/ALL_BUILD"			);
			runOnlyForDeploymentPostprocessing = 0;
			shellPath = /bin/sh;
			shellScript = "set -e
if test \"$CONFIGURATION\" = \"Debug\"; then :
  cd /Users/liloualidor/Documents/IMAC/annee_2/C++/S3/Projet_prog_S3/build-Xcode/googletest
  echo Build\\ all\\ projects
fi
if test \"$CONFIGURATION\" = \"Release\"; then :
  cd /Users/liloualidor/Documents/IMAC/annee_2/C++/S3/Projet_prog_S3/build-Xcode/googletest
  echo Build\\ all\\ projects
fi
if test \"$CONFIGURATION\" = \"MinSizeRel\"; then :
  cd /Users/liloualidor/Documents/IMAC/annee_2/C++/S3/Projet_prog_S3/build-Xcode/googletest
  echo Build\\ all\\ projects
fi
if test \"$CONFIGURATION\" = \"RelWithDebInfo\"; then :
  cd /Users/liloualidor/Documents/IMAC/annee_2/C++/S3/Projet_prog_S3/build-Xcode/googletest
  echo Build\\ all\\ projects
fi
";
			showEnvVarsInLog = 0;
		};
		3C0110FC8322DE7E50886E21 = {
			isa = PBXShellScriptBuildPhase;
			buildActionMask = 2147483647;
			files = (
			);
			inputPaths = (
			);
			outputPaths = (
			);
			runOnlyForDeploymentPostprocessing = 0;
			shellPath = /bin/sh;
			shellScript = "# shell script goes here
exit 0";
			showEnvVarsInLog = 0;
		};
		87AF4882E018677E2624B544 = {
			isa = PBXShellScriptBuildPhase;
			buildActionMask = 2147483647;
			files = (
			);
			inputPaths = (
			);
			outputPaths = (
			);
			runOnlyForDeploymentPostprocessing = 0;
			shellPath = /bin/sh;
			shellScript = "# shell script goes here
exit 0";
			showEnvVarsInLog = 0;
		};
		93426DA6A4AC2C2AC9CE883C /* CMake PostBuild Rules */ = {
			isa = PBXShellScriptBuildPhase;
			alwaysOutOfDate = 1;
			buildActionMask = 2147483647;
			files = (
			);
			name = "CMake PostBuild Rules";
			outputPaths = (
			);
			runOnlyForDeploymentPostprocessing = 0;
			shellPath = /bin/sh;
			shellScript = "set -e
if test \"$CONFIGURATION\" = \"Debug\"; then :
  cd /Users/liloualidor/Documents/IMAC/annee_2/C++/S3/Projet_prog_S3/build-Xcode/googletest
  /opt/homebrew/Cellar/cmake/3.25.0/bin/cmake -DBUILD_TYPE=$CONFIGURATION$EFFECTIVE_PLATFORM_NAME -P cmake_install.cmake
fi
if test \"$CONFIGURATION\" = \"Release\"; then :
  cd /Users/liloualidor/Documents/IMAC/annee_2/C++/S3/Projet_prog_S3/build-Xcode/googletest
  /opt/homebrew/Cellar/cmake/3.25.0/bin/cmake -DBUILD_TYPE=$CONFIGURATION$EFFECTIVE_PLATFORM_NAME -P cmake_install.cmake
fi
if test \"$CONFIGURATION\" = \"MinSizeRel\"; then :
  cd /Users/liloualidor/Documents/IMAC/annee_2/C++/S3/Projet_prog_S3/build-Xcode/googletest
  /opt/homebrew/Cellar/cmake/3.25.0/bin/cmake -DBUILD_TYPE=$CONFIGURATION$EFFECTIVE_PLATFORM_NAME -P cmake_install.cmake
fi
if test \"$CONFIGURATION\" = \"RelWithDebInfo\"; then :
  cd /Users/liloualidor/Documents/IMAC/annee_2/C++/S3/Projet_prog_S3/build-Xcode/googletest
  /opt/homebrew/Cellar/cmake/3.25.0/bin/cmake -DBUILD_TYPE=$CONFIGURATION$EFFECTIVE_PLATFORM_NAME -P cmake_install.cmake
fi
";
			showEnvVarsInLog = 0;
		};
		9B50530E35CC49C82C2FACCF = {
			isa = PBXShellScriptBuildPhase;
			buildActionMask = 2147483647;
			files = (
			);
			inputPaths = (
			);
			outputPaths = (
			);
			runOnlyForDeploymentPostprocessing = 0;
			shellPath = /bin/sh;
			shellScript = "# shell script goes here
exit 0";
			showEnvVarsInLog = 0;
		};
		9E63D4E629DA8DD7440847AC /* Generate CMakeFiles/ZERO_CHECK */ = {
			isa = PBXShellScriptBuildPhase;
			alwaysOutOfDate = 1;
			buildActionMask = 2147483647;
			files = (
			);
			inputPaths = (
			);
			name = "Generate CMakeFiles/ZERO_CHECK";
			outputPaths = (
"/Users/liloualidor/Documents/IMAC/annee_2/C++/S3/Projet_prog_S3/build-Xcode/googletest/CMakeFiles/ZERO_CHECK"			);
			runOnlyForDeploymentPostprocessing = 0;
			shellPath = /bin/sh;
			shellScript = "set -e
if test \"$CONFIGURATION\" = \"Debug\"; then :
  cd /Users/liloualidor/Documents/IMAC/annee_2/C++/S3/Projet_prog_S3/build-Xcode/googletest
  make -f /Users/liloualidor/Documents/IMAC/annee_2/C++/S3/Projet_prog_S3/build-Xcode/googletest/CMakeScripts/ReRunCMake.make
fi
if test \"$CONFIGURATION\" = \"Release\"; then :
  cd /Users/liloualidor/Documents/IMAC/annee_2/C++/S3/Projet_prog_S3/build-Xcode/googletest
  make -f /Users/liloualidor/Documents/IMAC/annee_2/C++/S3/Projet_prog_S3/build-Xcode/googletest/CMakeScripts/ReRunCMake.make
fi
if test \"$CONFIGURATION\" = \"MinSizeRel\"; then :
  cd /Users/liloualidor/Documents/IMAC/annee_2/C++/S3/Projet_prog_S3/build-Xcode/googletest
  make -f /Users/liloualidor/Documents/IMAC/annee_2/C++/S3/Projet_prog_S3/build-Xcode/googletest/CMakeScripts/ReRunCMake.make
fi
if test \"$CONFIGURATION\" = \"RelWithDebInfo\"; then :
  cd /Users/liloualidor/Documents/IMAC/annee_2/C++/S3/Projet_prog_S3/build-Xcode/googletest
  make -f /Users/liloualidor/Documents/IMAC/annee_2/C++/S3/Projet_prog_S3/build-Xcode/googletest/CMakeScripts/ReRunCMake.make
fi
";
			showEnvVarsInLog = 0;
		};
/* End PBXShellScriptBuildPhase section */

/* Begin PBXSourcesBuildPhase section */
		14477796629047869C2FF9B5 /* Sources */ = {
			isa = PBXSourcesBuildPhase;
			buildActionMask = 2147483647;
			files = (
				4EF36384ADCF4164AE0DC8AC /* /Users/liloualidor/Documents/IMAC/annee_2/C++/S3/Projet_prog_S3/googletest/googlemock/src/gmock_main.cc */,
			);
			runOnlyForDeploymentPostprocessing = 0;
		};
		514D5C2E657A461FADDCBC40 /* Sources */ = {
			isa = PBXSourcesBuildPhase;
			buildActionMask = 2147483647;
			files = (
				ABDB0707D21347A8A80C8336 /* /Users/liloualidor/Documents/IMAC/annee_2/C++/S3/Projet_prog_S3/googletest/googletest/src/gtest-all.cc */,
			);
			runOnlyForDeploymentPostprocessing = 0;
		};
		7D3D52A85445443C84F7AEF7 /* Sources */ = {
			isa = PBXSourcesBuildPhase;
			buildActionMask = 2147483647;
			files = (
				67AAFB40E46D4090B00247CC /* /Users/liloualidor/Documents/IMAC/annee_2/C++/S3/Projet_prog_S3/googletest/googletest/src/gtest_main.cc */,
			);
			runOnlyForDeploymentPostprocessing = 0;
		};
		B4E1D2B2CCB64947A3922B09 /* Sources */ = {
			isa = PBXSourcesBuildPhase;
			buildActionMask = 2147483647;
			files = (
				30863F6799A1442DAAE90F32 /* /Users/liloualidor/Documents/IMAC/annee_2/C++/S3/Projet_prog_S3/googletest/googlemock/src/gmock-all.cc */,
			);
			runOnlyForDeploymentPostprocessing = 0;
		};
/* End PBXSourcesBuildPhase section */

/* Begin PBXTargetDependency section */
		025D0E7D0A064CDCBB0EC41C /* PBXTargetDependency */ = {
			isa = PBXTargetDependency;
			target = 0E055A9A92E44681918D9E3F /* gmock */;
			targetProxy = 7077B77C684643BBA578C5B6 /* PBXContainerItemProxy */;
		};
		039F66FF62F74DAFA16B8AFA /* PBXTargetDependency */ = {
			isa = PBXTargetDependency;
			target = 5C7572E9739D4B37B4638D74 /* gtest */;
			targetProxy = 7D166269EECD49D18C115171 /* PBXContainerItemProxy */;
		};
		07DBC0EE5C5E4B3390A9440C /* PBXTargetDependency */ = {
			isa = PBXTargetDependency;
			target = 0E055A9A92E44681918D9E3F /* gmock */;
			targetProxy = 3711E62F0FBE49F79391557E /* PBXContainerItemProxy */;
		};
		4DA4A43291A4441698C10A02 /* PBXTargetDependency */ = {
			isa = PBXTargetDependency;
			target = 9B467A5698C94A739C77287C /* ZERO_CHECK */;
			targetProxy = E78F18B663434AA59B2B0706 /* PBXContainerItemProxy */;
		};
		62A41B0E1AA84F1BBA4B717E /* PBXTargetDependency */ = {
			isa = PBXTargetDependency;
			target = 5C7572E9739D4B37B4638D74 /* gtest */;
			targetProxy = 1817D4BA05C8431CA3E55BE6 /* PBXContainerItemProxy */;
		};
		957A00792ADD42D8BACB2131 /* PBXTargetDependency */ = {
			isa = PBXTargetDependency;
			target = 2673137C73CD4D65A9ACF12E /* gmock_main */;
			targetProxy = 8B22F502FDA848CEA421781E /* PBXContainerItemProxy */;
		};
		A0E6B9A0F0564BDE96A76151 /* PBXTargetDependency */ = {
			isa = PBXTargetDependency;
			target = 5C7572E9739D4B37B4638D74 /* gtest */;
			targetProxy = 1DDEEB330A8C4ACCAB40CEE0 /* PBXContainerItemProxy */;
		};
		CABD309431B84741986B3DA4 /* PBXTargetDependency */ = {
			isa = PBXTargetDependency;
			target = E0B8AC7ACDB14A6CA8527128 /* gtest_main */;
			targetProxy = 363D111DA2C647C49AFB64C0 /* PBXContainerItemProxy */;
		};
		EA8A6184389F4C839B1E0F1D /* PBXTargetDependency */ = {
			isa = PBXTargetDependency;
			target = 5C7572E9739D4B37B4638D74 /* gtest */;
			targetProxy = E7289813FF9C486C9653BA79 /* PBXContainerItemProxy */;
		};
		FDC9D7E5999A43E78AC206AC /* PBXTargetDependency */ = {
			isa = PBXTargetDependency;
			target = 9F909906B4F248168F3E4EB3 /* ALL_BUILD */;
			targetProxy = 07FAD143D64F421FBF1A08E1 /* PBXContainerItemProxy */;
		};
/* End PBXTargetDependency section */

/* Begin XCBuildConfiguration section */
		1643CA451A2E4C4CB6B44285 /* MinSizeRel */ = {
			isa = XCBuildConfiguration;
			buildSettings = {
				ARCHS = arm64;
				COMBINE_HIDPI_IMAGES = YES;
				CONFIGURATION_BUILD_DIR = "/Users/liloualidor/Documents/IMAC/annee_2/C++/S3/Projet_prog_S3/build-Xcode/lib/MinSizeRel";
				EXECUTABLE_PREFIX = lib;
				EXECUTABLE_SUFFIX = .a;
				GCC_GENERATE_DEBUGGING_SYMBOLS = NO;
				GCC_INLINES_ARE_PRIVATE_EXTERN = NO;
				GCC_OPTIMIZATION_LEVEL = s;
				GCC_PREPROCESSOR_DEFINITIONS = ("'CMAKE_INTDIR=\"$(CONFIGURATION)$(EFFECTIVE_PLATFORM_NAME)\"'","$(inherited)");
				GCC_SYMBOLS_PRIVATE_EXTERN = NO;
				HEADER_SEARCH_PATHS = ("/Users/liloualidor/Documents/IMAC/annee_2/C++/S3/Projet_prog_S3/RatioLib/src","/Users/liloualidor/Documents/IMAC/annee_2/C++/S3/Projet_prog_S3/RatioLib/include","$(inherited)");
				INSTALL_PATH = "";
				LIBRARY_STYLE = STATIC;
				ONLY_ACTIVE_ARCH = NO;
				OTHER_CPLUSPLUSFLAGS = "    -DNDEBUG  -DGTEST_HAS_PTHREAD=1   '-std=c++11' ";
				OTHER_LIBTOOLFLAGS = ("");
				OTHER_REZFLAGS = "";
				PRODUCT_NAME = gtest_main;
				SECTORDER_FLAGS = "";
				SYSTEM_HEADER_SEARCH_PATHS = ("/Users/liloualidor/Documents/IMAC/annee_2/C++/S3/Projet_prog_S3/googletest/googletest/include","/Users/liloualidor/Documents/IMAC/annee_2/C++/S3/Projet_prog_S3/googletest/googletest","$(inherited)");
				TARGET_TEMP_DIR = "/Users/liloualidor/Documents/IMAC/annee_2/C++/S3/Projet_prog_S3/build-Xcode/build/gtest_main.build/$(CONFIGURATION)$(EFFECTIVE_PLATFORM_NAME)";
				USE_HEADERMAP = NO;
				WARNING_CFLAGS = ("$(inherited)");
			};
			name = MinSizeRel;
		};
		1A510088803A485E833C1F8B /* Debug */ = {
			isa = XCBuildConfiguration;
			buildSettings = {
				ARCHS = arm64;
				COMBINE_HIDPI_IMAGES = YES;
				GCC_GENERATE_DEBUGGING_SYMBOLS = YES;
				GCC_INLINES_ARE_PRIVATE_EXTERN = NO;
				GCC_OPTIMIZATION_LEVEL = 0;
				GCC_PREPROCESSOR_DEFINITIONS = ("'CMAKE_INTDIR=\"$(CONFIGURATION)$(EFFECTIVE_PLATFORM_NAME)\"'","$(inherited)");
				GCC_SYMBOLS_PRIVATE_EXTERN = NO;
				INSTALL_PATH = "";
				ONLY_ACTIVE_ARCH = NO;
				OTHER_LDFLAGS = ("","$(inherited)");
				OTHER_REZFLAGS = "";
				PRODUCT_NAME = ALL_BUILD;
				SECTORDER_FLAGS = "";
				USE_HEADERMAP = NO;
				WARNING_CFLAGS = ("$(inherited)");
			};
			name = Debug;
		};
		218A11D49BDA414488656882 /* RelWithDebInfo */ = {
			isa = XCBuildConfiguration;
			buildSettings = {
				ARCHS = arm64;
				COMBINE_HIDPI_IMAGES = YES;
				CONFIGURATION_BUILD_DIR = "/Users/liloualidor/Documents/IMAC/annee_2/C++/S3/Projet_prog_S3/build-Xcode/lib/RelWithDebInfo";
				EXECUTABLE_PREFIX = lib;
				EXECUTABLE_SUFFIX = .a;
				GCC_GENERATE_DEBUGGING_SYMBOLS = YES;
				GCC_INLINES_ARE_PRIVATE_EXTERN = NO;
				GCC_OPTIMIZATION_LEVEL = 2;
				GCC_PREPROCESSOR_DEFINITIONS = ("'CMAKE_INTDIR=\"$(CONFIGURATION)$(EFFECTIVE_PLATFORM_NAME)\"'","$(inherited)");
				GCC_SYMBOLS_PRIVATE_EXTERN = NO;
				HEADER_SEARCH_PATHS = ("/Users/liloualidor/Documents/IMAC/annee_2/C++/S3/Projet_prog_S3/RatioLib/src","/Users/liloualidor/Documents/IMAC/annee_2/C++/S3/Projet_prog_S3/RatioLib/include","/Users/liloualidor/Documents/IMAC/annee_2/C++/S3/Projet_prog_S3/googletest/googlemock/include","/Users/liloualidor/Documents/IMAC/annee_2/C++/S3/Projet_prog_S3/googletest/googlemock","$(inherited)");
				INSTALL_PATH = "";
				LIBRARY_STYLE = STATIC;
				ONLY_ACTIVE_ARCH = NO;
				OTHER_CPLUSPLUSFLAGS = "       -DNDEBUG  -DGTEST_HAS_PTHREAD=1   '-std=c++11' ";
				OTHER_LIBTOOLFLAGS = ("");
				OTHER_REZFLAGS = "";
				PRODUCT_NAME = gmock;
				SECTORDER_FLAGS = "";
				SYSTEM_HEADER_SEARCH_PATHS = ("/Users/liloualidor/Documents/IMAC/annee_2/C++/S3/Projet_prog_S3/googletest/googletest/include","/Users/liloualidor/Documents/IMAC/annee_2/C++/S3/Projet_prog_S3/googletest/googletest","$(inherited)");
				TARGET_TEMP_DIR = "/Users/liloualidor/Documents/IMAC/annee_2/C++/S3/Projet_prog_S3/build-Xcode/build/gmock.build/$(CONFIGURATION)$(EFFECTIVE_PLATFORM_NAME)";
				USE_HEADERMAP = NO;
				WARNING_CFLAGS = ("$(inherited)");
			};
			name = RelWithDebInfo;
		};
		2F1B02CE200B4E5A91164B59 /* Debug */ = {
			isa = XCBuildConfiguration;
			buildSettings = {
				ARCHS = arm64;
				COMBINE_HIDPI_IMAGES = YES;
				CONFIGURATION_BUILD_DIR = "/Users/liloualidor/Documents/IMAC/annee_2/C++/S3/Projet_prog_S3/build-Xcode/lib/Debug";
				EXECUTABLE_PREFIX = lib;
				EXECUTABLE_SUFFIX = .a;
				GCC_GENERATE_DEBUGGING_SYMBOLS = YES;
				GCC_INLINES_ARE_PRIVATE_EXTERN = NO;
				GCC_OPTIMIZATION_LEVEL = 0;
				GCC_PREPROCESSOR_DEFINITIONS = ("'CMAKE_INTDIR=\"$(CONFIGURATION)$(EFFECTIVE_PLATFORM_NAME)\"'","$(inherited)");
				GCC_SYMBOLS_PRIVATE_EXTERN = NO;
				HEADER_SEARCH_PATHS = ("/Users/liloualidor/Documents/IMAC/annee_2/C++/S3/Projet_prog_S3/RatioLib/src","/Users/liloualidor/Documents/IMAC/annee_2/C++/S3/Projet_prog_S3/RatioLib/include","/Users/liloualidor/Documents/IMAC/annee_2/C++/S3/Projet_prog_S3/googletest/googletest/include","/Users/liloualidor/Documents/IMAC/annee_2/C++/S3/Projet_prog_S3/googletest/googletest","$(inherited)");
				INSTALL_PATH = "";
				LIBRARY_STYLE = STATIC;
				ONLY_ACTIVE_ARCH = NO;
				OTHER_CPLUSPLUSFLAGS = "    -DGTEST_HAS_PTHREAD=1   '-std=c++11' ";
				OTHER_LIBTOOLFLAGS = ("");
				OTHER_REZFLAGS = "";
				PRODUCT_NAME = gtestd;
				SECTORDER_FLAGS = "";
				TARGET_TEMP_DIR = "/Users/liloualidor/Documents/IMAC/annee_2/C++/S3/Projet_prog_S3/build-Xcode/build/gtest.build/$(CONFIGURATION)$(EFFECTIVE_PLATFORM_NAME)";
				USE_HEADERMAP = NO;
				WARNING_CFLAGS = ("$(inherited)");
			};
			name = Debug;
		};
		38162BD4E3F048A6A4F6DDF0 /* MinSizeRel */ = {
			isa = XCBuildConfiguration;
			buildSettings = {
				ARCHS = arm64;
				SDKROOT = /Applications/Xcode.app/Contents/Developer/Platforms/MacOSX.platform/Developer/SDKs/MacOSX13.1.sdk;
				SYMROOT = "/Users/liloualidor/Documents/IMAC/annee_2/C++/S3/Projet_prog_S3/build-Xcode/build";
			};
			name = MinSizeRel;
		};
		4AA99D3E28DA456DAFA733C9 /* RelWithDebInfo */ = {
			isa = XCBuildConfiguration;
			buildSettings = {
				ARCHS = arm64;
				COMBINE_HIDPI_IMAGES = YES;
				GCC_GENERATE_DEBUGGING_SYMBOLS = YES;
				GCC_INLINES_ARE_PRIVATE_EXTERN = NO;
				GCC_OPTIMIZATION_LEVEL = 0;
				GCC_PREPROCESSOR_DEFINITIONS = ("'CMAKE_INTDIR=\"$(CONFIGURATION)$(EFFECTIVE_PLATFORM_NAME)\"'","$(inherited)");
				GCC_SYMBOLS_PRIVATE_EXTERN = NO;
				INSTALL_PATH = "";
				ONLY_ACTIVE_ARCH = NO;
				OTHER_LDFLAGS = ("","$(inherited)");
				OTHER_REZFLAGS = "";
				PRODUCT_NAME = install;
				SECTORDER_FLAGS = "";
				USE_HEADERMAP = NO;
				WARNING_CFLAGS = ("$(inherited)");
			};
			name = RelWithDebInfo;
		};
		4ABA2BCFDFC7413FB5F9359E /* Debug */ = {
			isa = XCBuildConfiguration;
			buildSettings = {
				ARCHS = arm64;
				SDKROOT = /Applications/Xcode.app/Contents/Developer/Platforms/MacOSX.platform/Developer/SDKs/MacOSX13.1.sdk;
				SYMROOT = "/Users/liloualidor/Documents/IMAC/annee_2/C++/S3/Projet_prog_S3/build-Xcode/build";
			};
			name = Debug;
		};
		556B20ED0BF7474CA19BE9B0 /* MinSizeRel */ = {
			isa = XCBuildConfiguration;
			buildSettings = {
				ARCHS = arm64;
				COMBINE_HIDPI_IMAGES = YES;
				GCC_GENERATE_DEBUGGING_SYMBOLS = YES;
				GCC_INLINES_ARE_PRIVATE_EXTERN = NO;
				GCC_OPTIMIZATION_LEVEL = 0;
				GCC_PREPROCESSOR_DEFINITIONS = ("'CMAKE_INTDIR=\"$(CONFIGURATION)$(EFFECTIVE_PLATFORM_NAME)\"'","$(inherited)");
				GCC_SYMBOLS_PRIVATE_EXTERN = NO;
				INSTALL_PATH = "";
				ONLY_ACTIVE_ARCH = NO;
				OTHER_LDFLAGS = ("","$(inherited)");
				OTHER_REZFLAGS = "";
				PRODUCT_NAME = ZERO_CHECK;
				SECTORDER_FLAGS = "";
				USE_HEADERMAP = NO;
				WARNING_CFLAGS = ("$(inherited)");
			};
			name = MinSizeRel;
		};
		5949FA28627D4201A4F471FD /* MinSizeRel */ = {
			isa = XCBuildConfiguration;
			buildSettings = {
				ARCHS = arm64;
				COMBINE_HIDPI_IMAGES = YES;
				GCC_GENERATE_DEBUGGING_SYMBOLS = YES;
				GCC_INLINES_ARE_PRIVATE_EXTERN = NO;
				GCC_OPTIMIZATION_LEVEL = 0;
				GCC_PREPROCESSOR_DEFINITIONS = ("'CMAKE_INTDIR=\"$(CONFIGURATION)$(EFFECTIVE_PLATFORM_NAME)\"'","$(inherited)");
				GCC_SYMBOLS_PRIVATE_EXTERN = NO;
				INSTALL_PATH = "";
				ONLY_ACTIVE_ARCH = NO;
				OTHER_LDFLAGS = ("","$(inherited)");
				OTHER_REZFLAGS = "";
				PRODUCT_NAME = ALL_BUILD;
				SECTORDER_FLAGS = "";
				USE_HEADERMAP = NO;
				WARNING_CFLAGS = ("$(inherited)");
			};
			name = MinSizeRel;
		};
		60F2BA989A0F432F801DB3FB /* RelWithDebInfo */ = {
			isa = XCBuildConfiguration;
			buildSettings = {
				ARCHS = arm64;
				COMBINE_HIDPI_IMAGES = YES;
				GCC_GENERATE_DEBUGGING_SYMBOLS = YES;
				GCC_INLINES_ARE_PRIVATE_EXTERN = NO;
				GCC_OPTIMIZATION_LEVEL = 0;
				GCC_PREPROCESSOR_DEFINITIONS = ("'CMAKE_INTDIR=\"$(CONFIGURATION)$(EFFECTIVE_PLATFORM_NAME)\"'","$(inherited)");
				GCC_SYMBOLS_PRIVATE_EXTERN = NO;
				INSTALL_PATH = "";
				ONLY_ACTIVE_ARCH = NO;
				OTHER_LDFLAGS = ("","$(inherited)");
				OTHER_REZFLAGS = "";
				PRODUCT_NAME = ALL_BUILD;
				SECTORDER_FLAGS = "";
				USE_HEADERMAP = NO;
				WARNING_CFLAGS = ("$(inherited)");
			};
			name = RelWithDebInfo;
		};
		64593F265B114466ADE87683 /* MinSizeRel */ = {
			isa = XCBuildConfiguration;
			buildSettings = {
				ARCHS = arm64;
				COMBINE_HIDPI_IMAGES = YES;
				CONFIGURATION_BUILD_DIR = "/Users/liloualidor/Documents/IMAC/annee_2/C++/S3/Projet_prog_S3/build-Xcode/lib/MinSizeRel";
				EXECUTABLE_PREFIX = lib;
				EXECUTABLE_SUFFIX = .a;
				GCC_GENERATE_DEBUGGING_SYMBOLS = NO;
				GCC_INLINES_ARE_PRIVATE_EXTERN = NO;
				GCC_OPTIMIZATION_LEVEL = s;
				GCC_PREPROCESSOR_DEFINITIONS = ("'CMAKE_INTDIR=\"$(CONFIGURATION)$(EFFECTIVE_PLATFORM_NAME)\"'","$(inherited)");
				GCC_SYMBOLS_PRIVATE_EXTERN = NO;
				HEADER_SEARCH_PATHS = ("/Users/liloualidor/Documents/IMAC/annee_2/C++/S3/Projet_prog_S3/RatioLib/src","/Users/liloualidor/Documents/IMAC/annee_2/C++/S3/Projet_prog_S3/RatioLib/include","$(inherited)");
				INSTALL_PATH = "";
				LIBRARY_STYLE = STATIC;
				ONLY_ACTIVE_ARCH = NO;
				OTHER_CPLUSPLUSFLAGS = "    -DNDEBUG  -DGTEST_HAS_PTHREAD=1   '-std=c++11' ";
				OTHER_LIBTOOLFLAGS = ("");
				OTHER_REZFLAGS = "";
				PRODUCT_NAME = gmock_main;
				SECTORDER_FLAGS = "";
				SYSTEM_HEADER_SEARCH_PATHS = ("/Users/liloualidor/Documents/IMAC/annee_2/C++/S3/Projet_prog_S3/googletest/googlemock/include","/Users/liloualidor/Documents/IMAC/annee_2/C++/S3/Projet_prog_S3/googletest/googlemock","/Users/liloualidor/Documents/IMAC/annee_2/C++/S3/Projet_prog_S3/googletest/googletest/include","/Users/liloualidor/Documents/IMAC/annee_2/C++/S3/Projet_prog_S3/googletest/googletest","$(inherited)");
				TARGET_TEMP_DIR = "/Users/liloualidor/Documents/IMAC/annee_2/C++/S3/Projet_prog_S3/build-Xcode/build/gmock_main.build/$(CONFIGURATION)$(EFFECTIVE_PLATFORM_NAME)";
				USE_HEADERMAP = NO;
				WARNING_CFLAGS = ("$(inherited)");
			};
			name = MinSizeRel;
		};
		658C9E664FF94628943182B6 /* Release */ = {
			isa = XCBuildConfiguration;
			buildSettings = {
				ARCHS = arm64;
				COMBINE_HIDPI_IMAGES = YES;
				GCC_GENERATE_DEBUGGING_SYMBOLS = YES;
				GCC_INLINES_ARE_PRIVATE_EXTERN = NO;
				GCC_OPTIMIZATION_LEVEL = 0;
				GCC_PREPROCESSOR_DEFINITIONS = ("'CMAKE_INTDIR=\"$(CONFIGURATION)$(EFFECTIVE_PLATFORM_NAME)\"'","$(inherited)");
				GCC_SYMBOLS_PRIVATE_EXTERN = NO;
				INSTALL_PATH = "";
				ONLY_ACTIVE_ARCH = NO;
				OTHER_LDFLAGS = ("","$(inherited)");
				OTHER_REZFLAGS = "";
				PRODUCT_NAME = install;
				SECTORDER_FLAGS = "";
				USE_HEADERMAP = NO;
				WARNING_CFLAGS = ("$(inherited)");
			};
			name = Release;
		};
		66CA617E3B2648F38279EF03 /* Debug */ = {
			isa = XCBuildConfiguration;
			buildSettings = {
				ARCHS = arm64;
				COMBINE_HIDPI_IMAGES = YES;
				GCC_GENERATE_DEBUGGING_SYMBOLS = YES;
				GCC_INLINES_ARE_PRIVATE_EXTERN = NO;
				GCC_OPTIMIZATION_LEVEL = 0;
				GCC_PREPROCESSOR_DEFINITIONS = ("'CMAKE_INTDIR=\"$(CONFIGURATION)$(EFFECTIVE_PLATFORM_NAME)\"'","$(inherited)");
				GCC_SYMBOLS_PRIVATE_EXTERN = NO;
				INSTALL_PATH = "";
				ONLY_ACTIVE_ARCH = NO;
				OTHER_LDFLAGS = ("","$(inherited)");
				OTHER_REZFLAGS = "";
				PRODUCT_NAME = install;
				SECTORDER_FLAGS = "";
				USE_HEADERMAP = NO;
				WARNING_CFLAGS = ("$(inherited)");
			};
			name = Debug;
		};
		67ACA087CD494D24B707059E /* Release */ = {
			isa = XCBuildConfiguration;
			buildSettings = {
				ARCHS = arm64;
				COMBINE_HIDPI_IMAGES = YES;
				GCC_GENERATE_DEBUGGING_SYMBOLS = YES;
				GCC_INLINES_ARE_PRIVATE_EXTERN = NO;
				GCC_OPTIMIZATION_LEVEL = 0;
				GCC_PREPROCESSOR_DEFINITIONS = ("'CMAKE_INTDIR=\"$(CONFIGURATION)$(EFFECTIVE_PLATFORM_NAME)\"'","$(inherited)");
				GCC_SYMBOLS_PRIVATE_EXTERN = NO;
				INSTALL_PATH = "";
				ONLY_ACTIVE_ARCH = NO;
				OTHER_LDFLAGS = ("","$(inherited)");
				OTHER_REZFLAGS = "";
				PRODUCT_NAME = ALL_BUILD;
				SECTORDER_FLAGS = "";
				USE_HEADERMAP = NO;
				WARNING_CFLAGS = ("$(inherited)");
			};
			name = Release;
		};
		6EA89495300443BBAB42F80F /* Debug */ = {
			isa = XCBuildConfiguration;
			buildSettings = {
				ARCHS = arm64;
				COMBINE_HIDPI_IMAGES = YES;
				CONFIGURATION_BUILD_DIR = "/Users/liloualidor/Documents/IMAC/annee_2/C++/S3/Projet_prog_S3/build-Xcode/lib/Debug";
				EXECUTABLE_PREFIX = lib;
				EXECUTABLE_SUFFIX = .a;
				GCC_GENERATE_DEBUGGING_SYMBOLS = YES;
				GCC_INLINES_ARE_PRIVATE_EXTERN = NO;
				GCC_OPTIMIZATION_LEVEL = 0;
				GCC_PREPROCESSOR_DEFINITIONS = ("'CMAKE_INTDIR=\"$(CONFIGURATION)$(EFFECTIVE_PLATFORM_NAME)\"'","$(inherited)");
				GCC_SYMBOLS_PRIVATE_EXTERN = NO;
				HEADER_SEARCH_PATHS = ("/Users/liloualidor/Documents/IMAC/annee_2/C++/S3/Projet_prog_S3/RatioLib/src","/Users/liloualidor/Documents/IMAC/annee_2/C++/S3/Projet_prog_S3/RatioLib/include","/Users/liloualidor/Documents/IMAC/annee_2/C++/S3/Projet_prog_S3/googletest/googlemock/include","/Users/liloualidor/Documents/IMAC/annee_2/C++/S3/Projet_prog_S3/googletest/googlemock","$(inherited)");
				INSTALL_PATH = "";
				LIBRARY_STYLE = STATIC;
				ONLY_ACTIVE_ARCH = NO;
				OTHER_CPLUSPLUSFLAGS = "    -DGTEST_HAS_PTHREAD=1   '-std=c++11' ";
				OTHER_LIBTOOLFLAGS = ("");
				OTHER_REZFLAGS = "";
				PRODUCT_NAME = gmockd;
				SECTORDER_FLAGS = "";
				SYSTEM_HEADER_SEARCH_PATHS = ("/Users/liloualidor/Documents/IMAC/annee_2/C++/S3/Projet_prog_S3/googletest/googletest/include","/Users/liloualidor/Documents/IMAC/annee_2/C++/S3/Projet_prog_S3/googletest/googletest","$(inherited)");
				TARGET_TEMP_DIR = "/Users/liloualidor/Documents/IMAC/annee_2/C++/S3/Projet_prog_S3/build-Xcode/build/gmock.build/$(CONFIGURATION)$(EFFECTIVE_PLATFORM_NAME)";
				USE_HEADERMAP = NO;
				WARNING_CFLAGS = ("$(inherited)");
			};
			name = Debug;
		};
		6FA13D49F8E84EEABCF1DF99 /* RelWithDebInfo */ = {
			isa = XCBuildConfiguration;
			buildSettings = {
				ARCHS = arm64;
				COMBINE_HIDPI_IMAGES = YES;
				CONFIGURATION_BUILD_DIR = "/Users/liloualidor/Documents/IMAC/annee_2/C++/S3/Projet_prog_S3/build-Xcode/lib/RelWithDebInfo";
				EXECUTABLE_PREFIX = lib;
				EXECUTABLE_SUFFIX = .a;
				GCC_GENERATE_DEBUGGING_SYMBOLS = YES;
				GCC_INLINES_ARE_PRIVATE_EXTERN = NO;
				GCC_OPTIMIZATION_LEVEL = 2;
				GCC_PREPROCESSOR_DEFINITIONS = ("'CMAKE_INTDIR=\"$(CONFIGURATION)$(EFFECTIVE_PLATFORM_NAME)\"'","$(inherited)");
				GCC_SYMBOLS_PRIVATE_EXTERN = NO;
				HEADER_SEARCH_PATHS = ("/Users/liloualidor/Documents/IMAC/annee_2/C++/S3/Projet_prog_S3/RatioLib/src","/Users/liloualidor/Documents/IMAC/annee_2/C++/S3/Projet_prog_S3/RatioLib/include","/Users/liloualidor/Documents/IMAC/annee_2/C++/S3/Projet_prog_S3/googletest/googletest/include","/Users/liloualidor/Documents/IMAC/annee_2/C++/S3/Projet_prog_S3/googletest/googletest","$(inherited)");
				INSTALL_PATH = "";
				LIBRARY_STYLE = STATIC;
				ONLY_ACTIVE_ARCH = NO;
				OTHER_CPLUSPLUSFLAGS = "       -DNDEBUG  -DGTEST_HAS_PTHREAD=1   '-std=c++11' ";
				OTHER_LIBTOOLFLAGS = ("");
				OTHER_REZFLAGS = "";
				PRODUCT_NAME = gtest;
				SECTORDER_FLAGS = "";
				TARGET_TEMP_DIR = "/Users/liloualidor/Documents/IMAC/annee_2/C++/S3/Projet_prog_S3/build-Xcode/build/gtest.build/$(CONFIGURATION)$(EFFECTIVE_PLATFORM_NAME)";
				USE_HEADERMAP = NO;
				WARNING_CFLAGS = ("$(inherited)");
			};
			name = RelWithDebInfo;
		};
		70C8AEC1BBA24E81A142DE2A /* RelWithDebInfo */ = {
			isa = XCBuildConfiguration;
			buildSettings = {
				ARCHS = arm64;
				COMBINE_HIDPI_IMAGES = YES;
				GCC_GENERATE_DEBUGGING_SYMBOLS = YES;
				GCC_INLINES_ARE_PRIVATE_EXTERN = NO;
				GCC_OPTIMIZATION_LEVEL = 0;
				GCC_PREPROCESSOR_DEFINITIONS = ("'CMAKE_INTDIR=\"$(CONFIGURATION)$(EFFECTIVE_PLATFORM_NAME)\"'","$(inherited)");
				GCC_SYMBOLS_PRIVATE_EXTERN = NO;
				INSTALL_PATH = "";
				ONLY_ACTIVE_ARCH = NO;
				OTHER_LDFLAGS = ("","$(inherited)");
				OTHER_REZFLAGS = "";
				PRODUCT_NAME = ZERO_CHECK;
				SECTORDER_FLAGS = "";
				USE_HEADERMAP = NO;
				WARNING_CFLAGS = ("$(inherited)");
			};
			name = RelWithDebInfo;
		};
		7B99C0EAFF2C49079AD103FD /* MinSizeRel */ = {
			isa = XCBuildConfiguration;
			buildSettings = {
				ARCHS = arm64;
				COMBINE_HIDPI_IMAGES = YES;
				CONFIGURATION_BUILD_DIR = "/Users/liloualidor/Documents/IMAC/annee_2/C++/S3/Projet_prog_S3/build-Xcode/lib/MinSizeRel";
				EXECUTABLE_PREFIX = lib;
				EXECUTABLE_SUFFIX = .a;
				GCC_GENERATE_DEBUGGING_SYMBOLS = NO;
				GCC_INLINES_ARE_PRIVATE_EXTERN = NO;
				GCC_OPTIMIZATION_LEVEL = s;
				GCC_PREPROCESSOR_DEFINITIONS = ("'CMAKE_INTDIR=\"$(CONFIGURATION)$(EFFECTIVE_PLATFORM_NAME)\"'","$(inherited)");
				GCC_SYMBOLS_PRIVATE_EXTERN = NO;
				HEADER_SEARCH_PATHS = ("/Users/liloualidor/Documents/IMAC/annee_2/C++/S3/Projet_prog_S3/RatioLib/src","/Users/liloualidor/Documents/IMAC/annee_2/C++/S3/Projet_prog_S3/RatioLib/include","/Users/liloualidor/Documents/IMAC/annee_2/C++/S3/Projet_prog_S3/googletest/googletest/include","/Users/liloualidor/Documents/IMAC/annee_2/C++/S3/Projet_prog_S3/googletest/googletest","$(inherited)");
				INSTALL_PATH = "";
				LIBRARY_STYLE = STATIC;
				ONLY_ACTIVE_ARCH = NO;
				OTHER_CPLUSPLUSFLAGS = "    -DNDEBUG  -DGTEST_HAS_PTHREAD=1   '-std=c++11' ";
				OTHER_LIBTOOLFLAGS = ("");
				OTHER_REZFLAGS = "";
				PRODUCT_NAME = gtest;
				SECTORDER_FLAGS = "";
				TARGET_TEMP_DIR = "/Users/liloualidor/Documents/IMAC/annee_2/C++/S3/Projet_prog_S3/build-Xcode/build/gtest.build/$(CONFIGURATION)$(EFFECTIVE_PLATFORM_NAME)";
				USE_HEADERMAP = NO;
				WARNING_CFLAGS = ("$(inherited)");
			};
			name = MinSizeRel;
		};
		90235DE12D0D4294A8EF8C11 /* RelWithDebInfo */ = {
			isa = XCBuildConfiguration;
			buildSettings = {
				ARCHS = arm64;
				COMBINE_HIDPI_IMAGES = YES;
				CONFIGURATION_BUILD_DIR = "/Users/liloualidor/Documents/IMAC/annee_2/C++/S3/Projet_prog_S3/build-Xcode/lib/RelWithDebInfo";
				EXECUTABLE_PREFIX = lib;
				EXECUTABLE_SUFFIX = .a;
				GCC_GENERATE_DEBUGGING_SYMBOLS = YES;
				GCC_INLINES_ARE_PRIVATE_EXTERN = NO;
				GCC_OPTIMIZATION_LEVEL = 2;
				GCC_PREPROCESSOR_DEFINITIONS = ("'CMAKE_INTDIR=\"$(CONFIGURATION)$(EFFECTIVE_PLATFORM_NAME)\"'","$(inherited)");
				GCC_SYMBOLS_PRIVATE_EXTERN = NO;
				HEADER_SEARCH_PATHS = ("/Users/liloualidor/Documents/IMAC/annee_2/C++/S3/Projet_prog_S3/RatioLib/src","/Users/liloualidor/Documents/IMAC/annee_2/C++/S3/Projet_prog_S3/RatioLib/include","$(inherited)");
				INSTALL_PATH = "";
				LIBRARY_STYLE = STATIC;
				ONLY_ACTIVE_ARCH = NO;
				OTHER_CPLUSPLUSFLAGS = "       -DNDEBUG  -DGTEST_HAS_PTHREAD=1   '-std=c++11' ";
				OTHER_LIBTOOLFLAGS = ("");
				OTHER_REZFLAGS = "";
				PRODUCT_NAME = gtest_main;
				SECTORDER_FLAGS = "";
				SYSTEM_HEADER_SEARCH_PATHS = ("/Users/liloualidor/Documents/IMAC/annee_2/C++/S3/Projet_prog_S3/googletest/googletest/include","/Users/liloualidor/Documents/IMAC/annee_2/C++/S3/Projet_prog_S3/googletest/googletest","$(inherited)");
				TARGET_TEMP_DIR = "/Users/liloualidor/Documents/IMAC/annee_2/C++/S3/Projet_prog_S3/build-Xcode/build/gtest_main.build/$(CONFIGURATION)$(EFFECTIVE_PLATFORM_NAME)";
				USE_HEADERMAP = NO;
				WARNING_CFLAGS = ("$(inherited)");
			};
			name = RelWithDebInfo;
		};
		987714998DBA4839A5209F67 /* RelWithDebInfo */ = {
			isa = XCBuildConfiguration;
			buildSettings = {
				ARCHS = arm64;
				COMBINE_HIDPI_IMAGES = YES;
				CONFIGURATION_BUILD_DIR = "/Users/liloualidor/Documents/IMAC/annee_2/C++/S3/Projet_prog_S3/build-Xcode/lib/RelWithDebInfo";
				EXECUTABLE_PREFIX = lib;
				EXECUTABLE_SUFFIX = .a;
				GCC_GENERATE_DEBUGGING_SYMBOLS = YES;
				GCC_INLINES_ARE_PRIVATE_EXTERN = NO;
				GCC_OPTIMIZATION_LEVEL = 2;
				GCC_PREPROCESSOR_DEFINITIONS = ("'CMAKE_INTDIR=\"$(CONFIGURATION)$(EFFECTIVE_PLATFORM_NAME)\"'","$(inherited)");
				GCC_SYMBOLS_PRIVATE_EXTERN = NO;
				HEADER_SEARCH_PATHS = ("/Users/liloualidor/Documents/IMAC/annee_2/C++/S3/Projet_prog_S3/RatioLib/src","/Users/liloualidor/Documents/IMAC/annee_2/C++/S3/Projet_prog_S3/RatioLib/include","$(inherited)");
				INSTALL_PATH = "";
				LIBRARY_STYLE = STATIC;
				ONLY_ACTIVE_ARCH = NO;
				OTHER_CPLUSPLUSFLAGS = "       -DNDEBUG  -DGTEST_HAS_PTHREAD=1   '-std=c++11' ";
				OTHER_LIBTOOLFLAGS = ("");
				OTHER_REZFLAGS = "";
				PRODUCT_NAME = gmock_main;
				SECTORDER_FLAGS = "";
				SYSTEM_HEADER_SEARCH_PATHS = ("/Users/liloualidor/Documents/IMAC/annee_2/C++/S3/Projet_prog_S3/googletest/googlemock/include","/Users/liloualidor/Documents/IMAC/annee_2/C++/S3/Projet_prog_S3/googletest/googlemock","/Users/liloualidor/Documents/IMAC/annee_2/C++/S3/Projet_prog_S3/googletest/googletest/include","/Users/liloualidor/Documents/IMAC/annee_2/C++/S3/Projet_prog_S3/googletest/googletest","$(inherited)");
				TARGET_TEMP_DIR = "/Users/liloualidor/Documents/IMAC/annee_2/C++/S3/Projet_prog_S3/build-Xcode/build/gmock_main.build/$(CONFIGURATION)$(EFFECTIVE_PLATFORM_NAME)";
				USE_HEADERMAP = NO;
				WARNING_CFLAGS = ("$(inherited)");
			};
			name = RelWithDebInfo;
		};
		9B0673A8CABC4344842F1D20 /* Debug */ = {
			isa = XCBuildConfiguration;
			buildSettings = {
				ARCHS = arm64;
				COMBINE_HIDPI_IMAGES = YES;
				CONFIGURATION_BUILD_DIR = "/Users/liloualidor/Documents/IMAC/annee_2/C++/S3/Projet_prog_S3/build-Xcode/lib/Debug";
				EXECUTABLE_PREFIX = lib;
				EXECUTABLE_SUFFIX = .a;
				GCC_GENERATE_DEBUGGING_SYMBOLS = YES;
				GCC_INLINES_ARE_PRIVATE_EXTERN = NO;
				GCC_OPTIMIZATION_LEVEL = 0;
				GCC_PREPROCESSOR_DEFINITIONS = ("'CMAKE_INTDIR=\"$(CONFIGURATION)$(EFFECTIVE_PLATFORM_NAME)\"'","$(inherited)");
				GCC_SYMBOLS_PRIVATE_EXTERN = NO;
				HEADER_SEARCH_PATHS = ("/Users/liloualidor/Documents/IMAC/annee_2/C++/S3/Projet_prog_S3/RatioLib/src","/Users/liloualidor/Documents/IMAC/annee_2/C++/S3/Projet_prog_S3/RatioLib/include","$(inherited)");
				INSTALL_PATH = "";
				LIBRARY_STYLE = STATIC;
				ONLY_ACTIVE_ARCH = NO;
				OTHER_CPLUSPLUSFLAGS = "    -DGTEST_HAS_PTHREAD=1   '-std=c++11' ";
				OTHER_LIBTOOLFLAGS = ("");
				OTHER_REZFLAGS = "";
				PRODUCT_NAME = gmock_maind;
				SECTORDER_FLAGS = "";
				SYSTEM_HEADER_SEARCH_PATHS = ("/Users/liloualidor/Documents/IMAC/annee_2/C++/S3/Projet_prog_S3/googletest/googlemock/include","/Users/liloualidor/Documents/IMAC/annee_2/C++/S3/Projet_prog_S3/googletest/googlemock","/Users/liloualidor/Documents/IMAC/annee_2/C++/S3/Projet_prog_S3/googletest/googletest/include","/Users/liloualidor/Documents/IMAC/annee_2/C++/S3/Projet_prog_S3/googletest/googletest","$(inherited)");
				TARGET_TEMP_DIR = "/Users/liloualidor/Documents/IMAC/annee_2/C++/S3/Projet_prog_S3/build-Xcode/build/gmock_main.build/$(CONFIGURATION)$(EFFECTIVE_PLATFORM_NAME)";
				USE_HEADERMAP = NO;
				WARNING_CFLAGS = ("$(inherited)");
			};
			name = Debug;
		};
		A3C7F6D919744A63A159FBBA /* Release */ = {
			isa = XCBuildConfiguration;
			buildSettings = {
				ARCHS = arm64;
				COMBINE_HIDPI_IMAGES = YES;
				CONFIGURATION_BUILD_DIR = "/Users/liloualidor/Documents/IMAC/annee_2/C++/S3/Projet_prog_S3/build-Xcode/lib/Release";
				EXECUTABLE_PREFIX = lib;
				EXECUTABLE_SUFFIX = .a;
				GCC_GENERATE_DEBUGGING_SYMBOLS = NO;
				GCC_INLINES_ARE_PRIVATE_EXTERN = NO;
				GCC_OPTIMIZATION_LEVEL = 3;
				GCC_PREPROCESSOR_DEFINITIONS = ("'CMAKE_INTDIR=\"$(CONFIGURATION)$(EFFECTIVE_PLATFORM_NAME)\"'","$(inherited)");
				GCC_SYMBOLS_PRIVATE_EXTERN = NO;
				HEADER_SEARCH_PATHS = ("/Users/liloualidor/Documents/IMAC/annee_2/C++/S3/Projet_prog_S3/RatioLib/src","/Users/liloualidor/Documents/IMAC/annee_2/C++/S3/Projet_prog_S3/RatioLib/include","$(inherited)");
				INSTALL_PATH = "";
				LIBRARY_STYLE = STATIC;
				ONLY_ACTIVE_ARCH = NO;
				OTHER_CPLUSPLUSFLAGS = "    -DNDEBUG  -DGTEST_HAS_PTHREAD=1   '-std=c++11' ";
				OTHER_LIBTOOLFLAGS = ("");
				OTHER_REZFLAGS = "";
				PRODUCT_NAME = gmock_main;
				SECTORDER_FLAGS = "";
				SYSTEM_HEADER_SEARCH_PATHS = ("/Users/liloualidor/Documents/IMAC/annee_2/C++/S3/Projet_prog_S3/googletest/googlemock/include","/Users/liloualidor/Documents/IMAC/annee_2/C++/S3/Projet_prog_S3/googletest/googlemock","/Users/liloualidor/Documents/IMAC/annee_2/C++/S3/Projet_prog_S3/googletest/googletest/include","/Users/liloualidor/Documents/IMAC/annee_2/C++/S3/Projet_prog_S3/googletest/googletest","$(inherited)");
				TARGET_TEMP_DIR = "/Users/liloualidor/Documents/IMAC/annee_2/C++/S3/Projet_prog_S3/build-Xcode/build/gmock_main.build/$(CONFIGURATION)$(EFFECTIVE_PLATFORM_NAME)";
				USE_HEADERMAP = NO;
				WARNING_CFLAGS = ("$(inherited)");
			};
			name = Release;
		};
		A773CCC251F74933A212810B /* MinSizeRel */ = {
			isa = XCBuildConfiguration;
			buildSettings = {
				ARCHS = arm64;
				COMBINE_HIDPI_IMAGES = YES;
				CONFIGURATION_BUILD_DIR = "/Users/liloualidor/Documents/IMAC/annee_2/C++/S3/Projet_prog_S3/build-Xcode/lib/MinSizeRel";
				EXECUTABLE_PREFIX = lib;
				EXECUTABLE_SUFFIX = .a;
				GCC_GENERATE_DEBUGGING_SYMBOLS = NO;
				GCC_INLINES_ARE_PRIVATE_EXTERN = NO;
				GCC_OPTIMIZATION_LEVEL = s;
				GCC_PREPROCESSOR_DEFINITIONS = ("'CMAKE_INTDIR=\"$(CONFIGURATION)$(EFFECTIVE_PLATFORM_NAME)\"'","$(inherited)");
				GCC_SYMBOLS_PRIVATE_EXTERN = NO;
				HEADER_SEARCH_PATHS = ("/Users/liloualidor/Documents/IMAC/annee_2/C++/S3/Projet_prog_S3/RatioLib/src","/Users/liloualidor/Documents/IMAC/annee_2/C++/S3/Projet_prog_S3/RatioLib/include","/Users/liloualidor/Documents/IMAC/annee_2/C++/S3/Projet_prog_S3/googletest/googlemock/include","/Users/liloualidor/Documents/IMAC/annee_2/C++/S3/Projet_prog_S3/googletest/googlemock","$(inherited)");
				INSTALL_PATH = "";
				LIBRARY_STYLE = STATIC;
				ONLY_ACTIVE_ARCH = NO;
				OTHER_CPLUSPLUSFLAGS = "    -DNDEBUG  -DGTEST_HAS_PTHREAD=1   '-std=c++11' ";
				OTHER_LIBTOOLFLAGS = ("");
				OTHER_REZFLAGS = "";
				PRODUCT_NAME = gmock;
				SECTORDER_FLAGS = "";
				SYSTEM_HEADER_SEARCH_PATHS = ("/Users/liloualidor/Documents/IMAC/annee_2/C++/S3/Projet_prog_S3/googletest/googletest/include","/Users/liloualidor/Documents/IMAC/annee_2/C++/S3/Projet_prog_S3/googletest/googletest","$(inherited)");
				TARGET_TEMP_DIR = "/Users/liloualidor/Documents/IMAC/annee_2/C++/S3/Projet_prog_S3/build-Xcode/build/gmock.build/$(CONFIGURATION)$(EFFECTIVE_PLATFORM_NAME)";
				USE_HEADERMAP = NO;
				WARNING_CFLAGS = ("$(inherited)");
			};
			name = MinSizeRel;
		};
		AFF37EDB925646CEB37F17D7 /* MinSizeRel */ = {
			isa = XCBuildConfiguration;
			buildSettings = {
				ARCHS = arm64;
				COMBINE_HIDPI_IMAGES = YES;
				GCC_GENERATE_DEBUGGING_SYMBOLS = YES;
				GCC_INLINES_ARE_PRIVATE_EXTERN = NO;
				GCC_OPTIMIZATION_LEVEL = 0;
				GCC_PREPROCESSOR_DEFINITIONS = ("'CMAKE_INTDIR=\"$(CONFIGURATION)$(EFFECTIVE_PLATFORM_NAME)\"'","$(inherited)");
				GCC_SYMBOLS_PRIVATE_EXTERN = NO;
				INSTALL_PATH = "";
				ONLY_ACTIVE_ARCH = NO;
				OTHER_LDFLAGS = ("","$(inherited)");
				OTHER_REZFLAGS = "";
				PRODUCT_NAME = install;
				SECTORDER_FLAGS = "";
				USE_HEADERMAP = NO;
				WARNING_CFLAGS = ("$(inherited)");
			};
			name = MinSizeRel;
		};
		BA00C6BED2384990B77055C3 /* Release */ = {
			isa = XCBuildConfiguration;
			buildSettings = {
				ARCHS = arm64;
				COMBINE_HIDPI_IMAGES = YES;
				CONFIGURATION_BUILD_DIR = "/Users/liloualidor/Documents/IMAC/annee_2/C++/S3/Projet_prog_S3/build-Xcode/lib/Release";
				EXECUTABLE_PREFIX = lib;
				EXECUTABLE_SUFFIX = .a;
				GCC_GENERATE_DEBUGGING_SYMBOLS = NO;
				GCC_INLINES_ARE_PRIVATE_EXTERN = NO;
				GCC_OPTIMIZATION_LEVEL = 3;
				GCC_PREPROCESSOR_DEFINITIONS = ("'CMAKE_INTDIR=\"$(CONFIGURATION)$(EFFECTIVE_PLATFORM_NAME)\"'","$(inherited)");
				GCC_SYMBOLS_PRIVATE_EXTERN = NO;
				HEADER_SEARCH_PATHS = ("/Users/liloualidor/Documents/IMAC/annee_2/C++/S3/Projet_prog_S3/RatioLib/src","/Users/liloualidor/Documents/IMAC/annee_2/C++/S3/Projet_prog_S3/RatioLib/include","/Users/liloualidor/Documents/IMAC/annee_2/C++/S3/Projet_prog_S3/googletest/googlemock/include","/Users/liloualidor/Documents/IMAC/annee_2/C++/S3/Projet_prog_S3/googletest/googlemock","$(inherited)");
				INSTALL_PATH = "";
				LIBRARY_STYLE = STATIC;
				ONLY_ACTIVE_ARCH = NO;
				OTHER_CPLUSPLUSFLAGS = "    -DNDEBUG  -DGTEST_HAS_PTHREAD=1   '-std=c++11' ";
				OTHER_LIBTOOLFLAGS = ("");
				OTHER_REZFLAGS = "";
				PRODUCT_NAME = gmock;
				SECTORDER_FLAGS = "";
				SYSTEM_HEADER_SEARCH_PATHS = ("/Users/liloualidor/Documents/IMAC/annee_2/C++/S3/Projet_prog_S3/googletest/googletest/include","/Users/liloualidor/Documents/IMAC/annee_2/C++/S3/Projet_prog_S3/googletest/googletest","$(inherited)");
				TARGET_TEMP_DIR = "/Users/liloualidor/Documents/IMAC/annee_2/C++/S3/Projet_prog_S3/build-Xcode/build/gmock.build/$(CONFIGURATION)$(EFFECTIVE_PLATFORM_NAME)";
				USE_HEADERMAP = NO;
				WARNING_CFLAGS = ("$(inherited)");
			};
			name = Release;
		};
		C401CE74C8784CEB953FEA34 /* Release */ = {
			isa = XCBuildConfiguration;
			buildSettings = {
				ARCHS = arm64;
				COMBINE_HIDPI_IMAGES = YES;
				GCC_GENERATE_DEBUGGING_SYMBOLS = YES;
				GCC_INLINES_ARE_PRIVATE_EXTERN = NO;
				GCC_OPTIMIZATION_LEVEL = 0;
				GCC_PREPROCESSOR_DEFINITIONS = ("'CMAKE_INTDIR=\"$(CONFIGURATION)$(EFFECTIVE_PLATFORM_NAME)\"'","$(inherited)");
				GCC_SYMBOLS_PRIVATE_EXTERN = NO;
				INSTALL_PATH = "";
				ONLY_ACTIVE_ARCH = NO;
				OTHER_LDFLAGS = ("","$(inherited)");
				OTHER_REZFLAGS = "";
				PRODUCT_NAME = ZERO_CHECK;
				SECTORDER_FLAGS = "";
				USE_HEADERMAP = NO;
				WARNING_CFLAGS = ("$(inherited)");
			};
			name = Release;
		};
		C9E2360468684E2B832B0DC0 /* RelWithDebInfo */ = {
			isa = XCBuildConfiguration;
			buildSettings = {
				ARCHS = arm64;
				SDKROOT = /Applications/Xcode.app/Contents/Developer/Platforms/MacOSX.platform/Developer/SDKs/MacOSX13.1.sdk;
				SYMROOT = "/Users/liloualidor/Documents/IMAC/annee_2/C++/S3/Projet_prog_S3/build-Xcode/build";
			};
			name = RelWithDebInfo;
		};
		DBA659B4ABC7466FB2E216C6 /* Release */ = {
			isa = XCBuildConfiguration;
			buildSettings = {
				ARCHS = arm64;
				SDKROOT = /Applications/Xcode.app/Contents/Developer/Platforms/MacOSX.platform/Developer/SDKs/MacOSX13.1.sdk;
				SYMROOT = "/Users/liloualidor/Documents/IMAC/annee_2/C++/S3/Projet_prog_S3/build-Xcode/build";
			};
			name = Release;
		};
		E35632DC9D984F0984EC289F /* Debug */ = {
			isa = XCBuildConfiguration;
			buildSettings = {
				ARCHS = arm64;
				COMBINE_HIDPI_IMAGES = YES;
				CONFIGURATION_BUILD_DIR = "/Users/liloualidor/Documents/IMAC/annee_2/C++/S3/Projet_prog_S3/build-Xcode/lib/Debug";
				EXECUTABLE_PREFIX = lib;
				EXECUTABLE_SUFFIX = .a;
				GCC_GENERATE_DEBUGGING_SYMBOLS = YES;
				GCC_INLINES_ARE_PRIVATE_EXTERN = NO;
				GCC_OPTIMIZATION_LEVEL = 0;
				GCC_PREPROCESSOR_DEFINITIONS = ("'CMAKE_INTDIR=\"$(CONFIGURATION)$(EFFECTIVE_PLATFORM_NAME)\"'","$(inherited)");
				GCC_SYMBOLS_PRIVATE_EXTERN = NO;
				HEADER_SEARCH_PATHS = ("/Users/liloualidor/Documents/IMAC/annee_2/C++/S3/Projet_prog_S3/RatioLib/src","/Users/liloualidor/Documents/IMAC/annee_2/C++/S3/Projet_prog_S3/RatioLib/include","$(inherited)");
				INSTALL_PATH = "";
				LIBRARY_STYLE = STATIC;
				ONLY_ACTIVE_ARCH = NO;
				OTHER_CPLUSPLUSFLAGS = "    -DGTEST_HAS_PTHREAD=1   '-std=c++11' ";
				OTHER_LIBTOOLFLAGS = ("");
				OTHER_REZFLAGS = "";
				PRODUCT_NAME = gtest_maind;
				SECTORDER_FLAGS = "";
				SYSTEM_HEADER_SEARCH_PATHS = ("/Users/liloualidor/Documents/IMAC/annee_2/C++/S3/Projet_prog_S3/googletest/googletest/include","/Users/liloualidor/Documents/IMAC/annee_2/C++/S3/Projet_prog_S3/googletest/googletest","$(inherited)");
				TARGET_TEMP_DIR = "/Users/liloualidor/Documents/IMAC/annee_2/C++/S3/Projet_prog_S3/build-Xcode/build/gtest_main.build/$(CONFIGURATION)$(EFFECTIVE_PLATFORM_NAME)";
				USE_HEADERMAP = NO;
				WARNING_CFLAGS = ("$(inherited)");
			};
			name = Debug;
		};
		EF46C504E5214E6D9B40BED6 /* Release */ = {
			isa = XCBuildConfiguration;
			buildSettings = {
				ARCHS = arm64;
				COMBINE_HIDPI_IMAGES = YES;
				CONFIGURATION_BUILD_DIR = "/Users/liloualidor/Documents/IMAC/annee_2/C++/S3/Projet_prog_S3/build-Xcode/lib/Release";
				EXECUTABLE_PREFIX = lib;
				EXECUTABLE_SUFFIX = .a;
				GCC_GENERATE_DEBUGGING_SYMBOLS = NO;
				GCC_INLINES_ARE_PRIVATE_EXTERN = NO;
				GCC_OPTIMIZATION_LEVEL = 3;
				GCC_PREPROCESSOR_DEFINITIONS = ("'CMAKE_INTDIR=\"$(CONFIGURATION)$(EFFECTIVE_PLATFORM_NAME)\"'","$(inherited)");
				GCC_SYMBOLS_PRIVATE_EXTERN = NO;
				HEADER_SEARCH_PATHS = ("/Users/liloualidor/Documents/IMAC/annee_2/C++/S3/Projet_prog_S3/RatioLib/src","/Users/liloualidor/Documents/IMAC/annee_2/C++/S3/Projet_prog_S3/RatioLib/include","$(inherited)");
				INSTALL_PATH = "";
				LIBRARY_STYLE = STATIC;
				ONLY_ACTIVE_ARCH = NO;
				OTHER_CPLUSPLUSFLAGS = "    -DNDEBUG  -DGTEST_HAS_PTHREAD=1   '-std=c++11' ";
				OTHER_LIBTOOLFLAGS = ("");
				OTHER_REZFLAGS = "";
				PRODUCT_NAME = gtest_main;
				SECTORDER_FLAGS = "";
				SYSTEM_HEADER_SEARCH_PATHS = ("/Users/liloualidor/Documents/IMAC/annee_2/C++/S3/Projet_prog_S3/googletest/googletest/include","/Users/liloualidor/Documents/IMAC/annee_2/C++/S3/Projet_prog_S3/googletest/googletest","$(inherited)");
				TARGET_TEMP_DIR = "/Users/liloualidor/Documents/IMAC/annee_2/C++/S3/Projet_prog_S3/build-Xcode/build/gtest_main.build/$(CONFIGURATION)$(EFFECTIVE_PLATFORM_NAME)";
				USE_HEADERMAP = NO;
				WARNING_CFLAGS = ("$(inherited)");
			};
			name = Release;
		};
		F1C2E12B10864BC0A660F016 /* Release */ = {
			isa = XCBuildConfiguration;
			buildSettings = {
				ARCHS = arm64;
				COMBINE_HIDPI_IMAGES = YES;
				CONFIGURATION_BUILD_DIR = "/Users/liloualidor/Documents/IMAC/annee_2/C++/S3/Projet_prog_S3/build-Xcode/lib/Release";
				EXECUTABLE_PREFIX = lib;
				EXECUTABLE_SUFFIX = .a;
				GCC_GENERATE_DEBUGGING_SYMBOLS = NO;
				GCC_INLINES_ARE_PRIVATE_EXTERN = NO;
				GCC_OPTIMIZATION_LEVEL = 3;
				GCC_PREPROCESSOR_DEFINITIONS = ("'CMAKE_INTDIR=\"$(CONFIGURATION)$(EFFECTIVE_PLATFORM_NAME)\"'","$(inherited)");
				GCC_SYMBOLS_PRIVATE_EXTERN = NO;
				HEADER_SEARCH_PATHS = ("/Users/liloualidor/Documents/IMAC/annee_2/C++/S3/Projet_prog_S3/RatioLib/src","/Users/liloualidor/Documents/IMAC/annee_2/C++/S3/Projet_prog_S3/RatioLib/include","/Users/liloualidor/Documents/IMAC/annee_2/C++/S3/Projet_prog_S3/googletest/googletest/include","/Users/liloualidor/Documents/IMAC/annee_2/C++/S3/Projet_prog_S3/googletest/googletest","$(inherited)");
				INSTALL_PATH = "";
				LIBRARY_STYLE = STATIC;
				ONLY_ACTIVE_ARCH = NO;
				OTHER_CPLUSPLUSFLAGS = "    -DNDEBUG  -DGTEST_HAS_PTHREAD=1   '-std=c++11' ";
				OTHER_LIBTOOLFLAGS = ("");
				OTHER_REZFLAGS = "";
				PRODUCT_NAME = gtest;
				SECTORDER_FLAGS = "";
				TARGET_TEMP_DIR = "/Users/liloualidor/Documents/IMAC/annee_2/C++/S3/Projet_prog_S3/build-Xcode/build/gtest.build/$(CONFIGURATION)$(EFFECTIVE_PLATFORM_NAME)";
				USE_HEADERMAP = NO;
				WARNING_CFLAGS = ("$(inherited)");
			};
			name = Release;
		};
		F405B5B5AFBC4767A9FB2476 /* Debug */ = {
			isa = XCBuildConfiguration;
			buildSettings = {
				ARCHS = arm64;
				COMBINE_HIDPI_IMAGES = YES;
				GCC_GENERATE_DEBUGGING_SYMBOLS = YES;
				GCC_INLINES_ARE_PRIVATE_EXTERN = NO;
				GCC_OPTIMIZATION_LEVEL = 0;
				GCC_PREPROCESSOR_DEFINITIONS = ("'CMAKE_INTDIR=\"$(CONFIGURATION)$(EFFECTIVE_PLATFORM_NAME)\"'","$(inherited)");
				GCC_SYMBOLS_PRIVATE_EXTERN = NO;
				INSTALL_PATH = "";
				ONLY_ACTIVE_ARCH = NO;
				OTHER_LDFLAGS = ("","$(inherited)");
				OTHER_REZFLAGS = "";
				PRODUCT_NAME = ZERO_CHECK;
				SECTORDER_FLAGS = "";
				USE_HEADERMAP = NO;
				WARNING_CFLAGS = ("$(inherited)");
			};
			name = Debug;
		};
/* End XCBuildConfiguration section */

/* Begin XCConfigurationList section */
		00865896B8D6426598FA0FF9 /* Build configuration list for PBXNativeTarget "gtest" */ = {
			isa = XCConfigurationList;
			buildConfigurations = (
				2F1B02CE200B4E5A91164B59 /* Debug */,
				F1C2E12B10864BC0A660F016 /* Release */,
				7B99C0EAFF2C49079AD103FD /* MinSizeRel */,
				6FA13D49F8E84EEABCF1DF99 /* RelWithDebInfo */,
			);
			defaultConfigurationIsVisible = 0;
			defaultConfigurationName = Debug;
		};
		2FACF53788E946CEB9CC8545 /* Build configuration list for PBXAggregateTarget "install" */ = {
			isa = XCConfigurationList;
			buildConfigurations = (
				66CA617E3B2648F38279EF03 /* Debug */,
				658C9E664FF94628943182B6 /* Release */,
				AFF37EDB925646CEB37F17D7 /* MinSizeRel */,
				4AA99D3E28DA456DAFA733C9 /* RelWithDebInfo */,
			);
			defaultConfigurationIsVisible = 0;
			defaultConfigurationName = Debug;
		};
		53B9E64997844A32984B19E0 /* Build configuration list for PBXProject "googletest-distribution" */ = {
			isa = XCConfigurationList;
			buildConfigurations = (
				4ABA2BCFDFC7413FB5F9359E /* Debug */,
				DBA659B4ABC7466FB2E216C6 /* Release */,
				38162BD4E3F048A6A4F6DDF0 /* MinSizeRel */,
				C9E2360468684E2B832B0DC0 /* RelWithDebInfo */,
			);
			defaultConfigurationIsVisible = 0;
			defaultConfigurationName = Debug;
		};
		74B89AB7C9E1478BA3FABD00 /* Build configuration list for PBXAggregateTarget "ALL_BUILD" */ = {
			isa = XCConfigurationList;
			buildConfigurations = (
				1A510088803A485E833C1F8B /* Debug */,
				67ACA087CD494D24B707059E /* Release */,
				5949FA28627D4201A4F471FD /* MinSizeRel */,
				60F2BA989A0F432F801DB3FB /* RelWithDebInfo */,
			);
			defaultConfigurationIsVisible = 0;
			defaultConfigurationName = Debug;
		};
		809A7A2D632249DA88A4690F /* Build configuration list for PBXAggregateTarget "ZERO_CHECK" */ = {
			isa = XCConfigurationList;
			buildConfigurations = (
				F405B5B5AFBC4767A9FB2476 /* Debug */,
				C401CE74C8784CEB953FEA34 /* Release */,
				556B20ED0BF7474CA19BE9B0 /* MinSizeRel */,
				70C8AEC1BBA24E81A142DE2A /* RelWithDebInfo */,
			);
			defaultConfigurationIsVisible = 0;
			defaultConfigurationName = Debug;
		};
		B8730954CE77414DAFF4CE71 /* Build configuration list for PBXNativeTarget "gmock" */ = {
			isa = XCConfigurationList;
			buildConfigurations = (
				6EA89495300443BBAB42F80F /* Debug */,
				BA00C6BED2384990B77055C3 /* Release */,
				A773CCC251F74933A212810B /* MinSizeRel */,
				218A11D49BDA414488656882 /* RelWithDebInfo */,
			);
			defaultConfigurationIsVisible = 0;
			defaultConfigurationName = Debug;
		};
		F3E9A83BCA3C43D19C76206F /* Build configuration list for PBXNativeTarget "gmock_main" */ = {
			isa = XCConfigurationList;
			buildConfigurations = (
				9B0673A8CABC4344842F1D20 /* Debug */,
				A3C7F6D919744A63A159FBBA /* Release */,
				64593F265B114466ADE87683 /* MinSizeRel */,
				987714998DBA4839A5209F67 /* RelWithDebInfo */,
			);
			defaultConfigurationIsVisible = 0;
			defaultConfigurationName = Debug;
		};
		F47114223A6B4A0C97F7C15A /* Build configuration list for PBXNativeTarget "gtest_main" */ = {
			isa = XCConfigurationList;
			buildConfigurations = (
				E35632DC9D984F0984EC289F /* Debug */,
				EF46C504E5214E6D9B40BED6 /* Release */,
				1643CA451A2E4C4CB6B44285 /* MinSizeRel */,
				90235DE12D0D4294A8EF8C11 /* RelWithDebInfo */,
			);
			defaultConfigurationIsVisible = 0;
			defaultConfigurationName = Debug;
		};
/* End XCConfigurationList section */
	};
	rootObject = 274791A1349E43E28624E109 /* Project object */;
}
